
Microsoft Visual Studio Solution File, Format Version 12.00
# Visual Studio 14
VisualStudioVersion = 14.0.25420.1
MinimumVisualStudioVersion = 10.0.40219.1
Project("{FAE04EC0-301F-11D3-BF4B-00C04F79EFBC}") = "XFNaviBarColor", "XFNaviBarColor\XFNaviBarColor\XFNaviBarColor.csproj", "{8E10BAAF-AB75-41FB-BA71-ECE691246DCD}"
EndProject
Project("{FAE04EC0-301F-11D3-BF4B-00C04F79EFBC}") = "XFNaviBarColor.Droid", "XFNaviBarColor\XFNaviBarColor.Droid\XFNaviBarColor.Droid.csproj", "{4F5CD334-AEFF-47DF-954F-063BDA4CB627}"
EndProject
Project("{FAE04EC0-301F-11D3-BF4B-00C04F79EFBC}") = "XFNaviBarColor.iOS", "XFNaviBarColor\XFNaviBarColor.iOS\XFNaviBarColor.iOS.csproj", "{EEE02083-F900-4254-BC06-DCC060BA8216}"
EndProject
Project("{FAE04EC0-301F-11D3-BF4B-00C04F79EFBC}") = "XFNaviBarColor.UWP", "XFNaviBarColor\XFNaviBarColor.UWP\XFNaviBarColor.UWP.csproj", "{7F8721D9-8051-4385-83A7-A55F896E6ECE}"
EndProject
Global
	GlobalSection(SolutionConfigurationPlatforms) = preSolution
		Ad-Hoc|Any CPU = Ad-Hoc|Any CPU
		Ad-Hoc|ARM = Ad-Hoc|ARM
		Ad-Hoc|iPhone = Ad-Hoc|iPhone
		Ad-Hoc|iPhoneSimulator = Ad-Hoc|iPhoneSimulator
		Ad-Hoc|x64 = Ad-Hoc|x64
		Ad-Hoc|x86 = Ad-Hoc|x86
		AppStore|Any CPU = AppStore|Any CPU
		AppStore|ARM = AppStore|ARM
		AppStore|iPhone = AppStore|iPhone
		AppStore|iPhoneSimulator = AppStore|iPhoneSimulator
		AppStore|x64 = AppStore|x64
		AppStore|x86 = AppStore|x86
		Debug|Any CPU = Debug|Any CPU
		Debug|ARM = Debug|ARM
		Debug|iPhone = Debug|iPhone
		Debug|iPhoneSimulator = Debug|iPhoneSimulator
		Debug|x64 = Debug|x64
		Debug|x86 = Debug|x86
		Release|Any CPU = Release|Any CPU
		Release|ARM = Release|ARM
		Release|iPhone = Release|iPhone
		Release|iPhoneSimulator = Release|iPhoneSimulator
		Release|x64 = Release|x64
		Release|x86 = Release|x86
	EndGlobalSection
	GlobalSection(ProjectConfigurationPlatforms) = postSolution
		{8E10BAAF-AB75-41FB-BA71-ECE691246DCD}.Ad-Hoc|Any CPU.ActiveCfg = Release|Any CPU
		{8E10BAAF-AB75-41FB-BA71-ECE691246DCD}.Ad-Hoc|Any CPU.Build.0 = Release|Any CPU
		{8E10BAAF-AB75-41FB-BA71-ECE691246DCD}.Ad-Hoc|ARM.ActiveCfg = Release|Any CPU
		{8E10BAAF-AB75-41FB-BA71-ECE691246DCD}.Ad-Hoc|ARM.Build.0 = Release|Any CPU
		{8E10BAAF-AB75-41FB-BA71-ECE691246DCD}.Ad-Hoc|iPhone.ActiveCfg = Release|Any CPU
		{8E10BAAF-AB75-41FB-BA71-ECE691246DCD}.Ad-Hoc|iPhone.Build.0 = Release|Any CPU
		{8E10BAAF-AB75-41FB-BA71-ECE691246DCD}.Ad-Hoc|iPhoneSimulator.ActiveCfg = Release|Any CPU
		{8E10BAAF-AB75-41FB-BA71-ECE691246DCD}.Ad-Hoc|iPhoneSimulator.Build.0 = Release|Any CPU
		{8E10BAAF-AB75-41FB-BA71-ECE691246DCD}.Ad-Hoc|x64.ActiveCfg = Release|Any CPU
		{8E10BAAF-AB75-41FB-BA71-ECE691246DCD}.Ad-Hoc|x64.Build.0 = Release|Any CPU
		{8E10BAAF-AB75-41FB-BA71-ECE691246DCD}.Ad-Hoc|x86.ActiveCfg = Release|Any CPU
		{8E10BAAF-AB75-41FB-BA71-ECE691246DCD}.Ad-Hoc|x86.Build.0 = Release|Any CPU
		{8E10BAAF-AB75-41FB-BA71-ECE691246DCD}.AppStore|Any CPU.ActiveCfg = Release|Any CPU
		{8E10BAAF-AB75-41FB-BA71-ECE691246DCD}.AppStore|Any CPU.Build.0 = Release|Any CPU
		{8E10BAAF-AB75-41FB-BA71-ECE691246DCD}.AppStore|ARM.ActiveCfg = Release|Any CPU
		{8E10BAAF-AB75-41FB-BA71-ECE691246DCD}.AppStore|ARM.Build.0 = Release|Any CPU
		{8E10BAAF-AB75-41FB-BA71-ECE691246DCD}.AppStore|iPhone.ActiveCfg = Release|Any CPU
		{8E10BAAF-AB75-41FB-BA71-ECE691246DCD}.AppStore|iPhone.Build.0 = Release|Any CPU
		{8E10BAAF-AB75-41FB-BA71-ECE691246DCD}.AppStore|iPhoneSimulator.ActiveCfg = Release|Any CPU
		{8E10BAAF-AB75-41FB-BA71-ECE691246DCD}.AppStore|iPhoneSimulator.Build.0 = Release|Any CPU
		{8E10BAAF-AB75-41FB-BA71-ECE691246DCD}.AppStore|x64.ActiveCfg = Release|Any CPU
		{8E10BAAF-AB75-41FB-BA71-ECE691246DCD}.AppStore|x64.Build.0 = Release|Any CPU
		{8E10BAAF-AB75-41FB-BA71-ECE691246DCD}.AppStore|x86.ActiveCfg = Release|Any CPU
		{8E10BAAF-AB75-41FB-BA71-ECE691246DCD}.AppStore|x86.Build.0 = Release|Any CPU
		{8E10BAAF-AB75-41FB-BA71-ECE691246DCD}.Debug|Any CPU.ActiveCfg = Debug|Any CPU
		{8E10BAAF-AB75-41FB-BA71-ECE691246DCD}.Debug|Any CPU.Build.0 = Debug|Any CPU
		{8E10BAAF-AB75-41FB-BA71-ECE691246DCD}.Debug|ARM.ActiveCfg = Debug|Any CPU
		{8E10BAAF-AB75-41FB-BA71-ECE691246DCD}.Debug|ARM.Build.0 = Debug|Any CPU
		{8E10BAAF-AB75-41FB-BA71-ECE691246DCD}.Debug|iPhone.ActiveCfg = Debug|Any CPU
		{8E10BAAF-AB75-41FB-BA71-ECE691246DCD}.Debug|iPhone.Build.0 = Debug|Any CPU
		{8E10BAAF-AB75-41FB-BA71-ECE691246DCD}.Debug|iPhoneSimulator.ActiveCfg = Debug|Any CPU
		{8E10BAAF-AB75-41FB-BA71-ECE691246DCD}.Debug|iPhoneSimulator.Build.0 = Debug|Any CPU
		{8E10BAAF-AB75-41FB-BA71-ECE691246DCD}.Debug|x64.ActiveCfg = Debug|Any CPU
		{8E10BAAF-AB75-41FB-BA71-ECE691246DCD}.Debug|x64.Build.0 = Debug|Any CPU
		{8E10BAAF-AB75-41FB-BA71-ECE691246DCD}.Debug|x86.ActiveCfg = Debug|Any CPU
		{8E10BAAF-AB75-41FB-BA71-ECE691246DCD}.Debug|x86.Build.0 = Debug|Any CPU
		{8E10BAAF-AB75-41FB-BA71-ECE691246DCD}.Release|Any CPU.ActiveCfg = Release|Any CPU
		{8E10BAAF-AB75-41FB-BA71-ECE691246DCD}.Release|Any CPU.Build.0 = Release|Any CPU
		{8E10BAAF-AB75-41FB-BA71-ECE691246DCD}.Release|ARM.ActiveCfg = Release|Any CPU
		{8E10BAAF-AB75-41FB-BA71-ECE691246DCD}.Release|ARM.Build.0 = Release|Any CPU
		{8E10BAAF-AB75-41FB-BA71-ECE691246DCD}.Release|iPhone.ActiveCfg = Release|Any CPU
		{8E10BAAF-AB75-41FB-BA71-ECE691246DCD}.Release|iPhone.Build.0 = Release|Any CPU
		{8E10BAAF-AB75-41FB-BA71-ECE691246DCD}.Release|iPhoneSimulator.ActiveCfg = Release|Any CPU
		{8E10BAAF-AB75-41FB-BA71-ECE691246DCD}.Release|iPhoneSimulator.Build.0 = Release|Any CPU
		{8E10BAAF-AB75-41FB-BA71-ECE691246DCD}.Release|x64.ActiveCfg = Release|Any CPU
		{8E10BAAF-AB75-41FB-BA71-ECE691246DCD}.Release|x64.Build.0 = Release|Any CPU
		{8E10BAAF-AB75-41FB-BA71-ECE691246DCD}.Release|x86.ActiveCfg = Release|Any CPU
		{8E10BAAF-AB75-41FB-BA71-ECE691246DCD}.Release|x86.Build.0 = Release|Any CPU
		{4F5CD334-AEFF-47DF-954F-063BDA4CB627}.Ad-Hoc|Any CPU.ActiveCfg = Release|Any CPU
		{4F5CD334-AEFF-47DF-954F-063BDA4CB627}.Ad-Hoc|Any CPU.Build.0 = Release|Any CPU
		{4F5CD334-AEFF-47DF-954F-063BDA4CB627}.Ad-Hoc|Any CPU.Deploy.0 = Release|Any CPU
		{4F5CD334-AEFF-47DF-954F-063BDA4CB627}.Ad-Hoc|ARM.ActiveCfg = Release|Any CPU
		{4F5CD334-AEFF-47DF-954F-063BDA4CB627}.Ad-Hoc|ARM.Build.0 = Release|Any CPU
		{4F5CD334-AEFF-47DF-954F-063BDA4CB627}.Ad-Hoc|ARM.Deploy.0 = Release|Any CPU
		{4F5CD334-AEFF-47DF-954F-063BDA4CB627}.Ad-Hoc|iPhone.ActiveCfg = Release|Any CPU
		{4F5CD334-AEFF-47DF-954F-063BDA4CB627}.Ad-Hoc|iPhone.Build.0 = Release|Any CPU
		{4F5CD334-AEFF-47DF-954F-063BDA4CB627}.Ad-Hoc|iPhone.Deploy.0 = Release|Any CPU
		{4F5CD334-AEFF-47DF-954F-063BDA4CB627}.Ad-Hoc|iPhoneSimulator.ActiveCfg = Release|Any CPU
		{4F5CD334-AEFF-47DF-954F-063BDA4CB627}.Ad-Hoc|iPhoneSimulator.Build.0 = Release|Any CPU
		{4F5CD334-AEFF-47DF-954F-063BDA4CB627}.Ad-Hoc|iPhoneSimulator.Deploy.0 = Release|Any CPU
		{4F5CD334-AEFF-47DF-954F-063BDA4CB627}.Ad-Hoc|x64.ActiveCfg = Release|Any CPU
		{4F5CD334-AEFF-47DF-954F-063BDA4CB627}.Ad-Hoc|x64.Build.0 = Release|Any CPU
		{4F5CD334-AEFF-47DF-954F-063BDA4CB627}.Ad-Hoc|x64.Deploy.0 = Release|Any CPU
		{4F5CD334-AEFF-47DF-954F-063BDA4CB627}.Ad-Hoc|x86.ActiveCfg = Release|Any CPU
		{4F5CD334-AEFF-47DF-954F-063BDA4CB627}.Ad-Hoc|x86.Build.0 = Release|Any CPU
		{4F5CD334-AEFF-47DF-954F-063BDA4CB627}.Ad-Hoc|x86.Deploy.0 = Release|Any CPU
		{4F5CD334-AEFF-47DF-954F-063BDA4CB627}.AppStore|Any CPU.ActiveCfg = Release|Any CPU
		{4F5CD334-AEFF-47DF-954F-063BDA4CB627}.AppStore|Any CPU.Build.0 = Release|Any CPU
		{4F5CD334-AEFF-47DF-954F-063BDA4CB627}.AppStore|Any CPU.Deploy.0 = Release|Any CPU
		{4F5CD334-AEFF-47DF-954F-063BDA4CB627}.AppStore|ARM.ActiveCfg = Release|Any CPU
		{4F5CD334-AEFF-47DF-954F-063BDA4CB627}.AppStore|ARM.Build.0 = Release|Any CPU
		{4F5CD334-AEFF-47DF-954F-063BDA4CB627}.AppStore|ARM.Deploy.0 = Release|Any CPU
		{4F5CD334-AEFF-47DF-954F-063BDA4CB627}.AppStore|iPhone.ActiveCfg = Release|Any CPU
		{4F5CD334-AEFF-47DF-954F-063BDA4CB627}.AppStore|iPhone.Build.0 = Release|Any CPU
		{4F5CD334-AEFF-47DF-954F-063BDA4CB627}.AppStore|iPhone.Deploy.0 = Release|Any CPU
		{4F5CD334-AEFF-47DF-954F-063BDA4CB627}.AppStore|iPhoneSimulator.ActiveCfg = Release|Any CPU
		{4F5CD334-AEFF-47DF-954F-063BDA4CB627}.AppStore|iPhoneSimulator.Build.0 = Release|Any CPU
		{4F5CD334-AEFF-47DF-954F-063BDA4CB627}.AppStore|iPhoneSimulator.Deploy.0 = Release|Any CPU
		{4F5CD334-AEFF-47DF-954F-063BDA4CB627}.AppStore|x64.ActiveCfg = Release|Any CPU
		{4F5CD334-AEFF-47DF-954F-063BDA4CB627}.AppStore|x64.Build.0 = Release|Any CPU
		{4F5CD334-AEFF-47DF-954F-063BDA4CB627}.AppStore|x64.Deploy.0 = Release|Any CPU
		{4F5CD334-AEFF-47DF-954F-063BDA4CB627}.AppStore|x86.ActiveCfg = Release|Any CPU
		{4F5CD334-AEFF-47DF-954F-063BDA4CB627}.AppStore|x86.Build.0 = Release|Any CPU
		{4F5CD334-AEFF-47DF-954F-063BDA4CB627}.AppStore|x86.Deploy.0 = Release|Any CPU
		{4F5CD334-AEFF-47DF-954F-063BDA4CB627}.Debug|Any CPU.ActiveCfg = Debug|Any CPU
		{4F5CD334-AEFF-47DF-954F-063BDA4CB627}.Debug|Any CPU.Build.0 = Debug|Any CPU
		{4F5CD334-AEFF-47DF-954F-063BDA4CB627}.Debug|Any CPU.Deploy.0 = Debug|Any CPU
		{4F5CD334-AEFF-47DF-954F-063BDA4CB627}.Debug|ARM.ActiveCfg = Debug|Any CPU
		{4F5CD334-AEFF-47DF-954F-063BDA4CB627}.Debug|ARM.Build.0 = Debug|Any CPU
		{4F5CD334-AEFF-47DF-954F-063BDA4CB627}.Debug|ARM.Deploy.0 = Debug|Any CPU
		{4F5CD334-AEFF-47DF-954F-063BDA4CB627}.Debug|iPhone.ActiveCfg = Debug|Any CPU
		{4F5CD334-AEFF-47DF-954F-063BDA4CB627}.Debug|iPhone.Build.0 = Debug|Any CPU
		{4F5CD334-AEFF-47DF-954F-063BDA4CB627}.Debug|iPhone.Deploy.0 = Debug|Any CPU
		{4F5CD334-AEFF-47DF-954F-063BDA4CB627}.Debug|iPhoneSimulator.ActiveCfg = Debug|Any CPU
		{4F5CD334-AEFF-47DF-954F-063BDA4CB627}.Debug|iPhoneSimulator.Build.0 = Debug|Any CPU
		{4F5CD334-AEFF-47DF-954F-063BDA4CB627}.Debug|iPhoneSimulator.Deploy.0 = Debug|Any CPU
		{4F5CD334-AEFF-47DF-954F-063BDA4CB627}.Debug|x64.ActiveCfg = Debug|Any CPU
		{4F5CD334-AEFF-47DF-954F-063BDA4CB627}.Debug|x64.Build.0 = Debug|Any CPU
		{4F5CD334-AEFF-47DF-954F-063BDA4CB627}.Debug|x64.Deploy.0 = Debug|Any CPU
		{4F5CD334-AEFF-47DF-954F-063BDA4CB627}.Debug|x86.ActiveCfg = Debug|Any CPU
		{4F5CD334-AEFF-47DF-954F-063BDA4CB627}.Debug|x86.Build.0 = Debug|Any CPU
		{4F5CD334-AEFF-47DF-954F-063BDA4CB627}.Debug|x86.Deploy.0 = Debug|Any CPU
		{4F5CD334-AEFF-47DF-954F-063BDA4CB627}.Release|Any CPU.ActiveCfg = Release|Any CPU
		{4F5CD334-AEFF-47DF-954F-063BDA4CB627}.Release|Any CPU.Build.0 = Release|Any CPU
		{4F5CD334-AEFF-47DF-954F-063BDA4CB627}.Release|Any CPU.Deploy.0 = Release|Any CPU
		{4F5CD334-AEFF-47DF-954F-063BDA4CB627}.Release|ARM.ActiveCfg = Release|Any CPU
		{4F5CD334-AEFF-47DF-954F-063BDA4CB627}.Release|ARM.Build.0 = Release|Any CPU
		{4F5CD334-AEFF-47DF-954F-063BDA4CB627}.Release|ARM.Deploy.0 = Release|Any CPU
		{4F5CD334-AEFF-47DF-954F-063BDA4CB627}.Release|iPhone.ActiveCfg = Release|Any CPU
		{4F5CD334-AEFF-47DF-954F-063BDA4CB627}.Release|iPhone.Build.0 = Release|Any CPU
		{4F5CD334-AEFF-47DF-954F-063BDA4CB627}.Release|iPhone.Deploy.0 = Release|Any CPU
		{4F5CD334-AEFF-47DF-954F-063BDA4CB627}.Release|iPhoneSimulator.ActiveCfg = Release|Any CPU
		{4F5CD334-AEFF-47DF-954F-063BDA4CB627}.Release|iPhoneSimulator.Build.0 = Release|Any CPU
		{4F5CD334-AEFF-47DF-954F-063BDA4CB627}.Release|iPhoneSimulator.Deploy.0 = Release|Any CPU
		{4F5CD334-AEFF-47DF-954F-063BDA4CB627}.Release|x64.ActiveCfg = Release|Any CPU
		{4F5CD334-AEFF-47DF-954F-063BDA4CB627}.Release|x64.Build.0 = Release|Any CPU
		{4F5CD334-AEFF-47DF-954F-063BDA4CB627}.Release|x64.Deploy.0 = Release|Any CPU
		{4F5CD334-AEFF-47DF-954F-063BDA4CB627}.Release|x86.ActiveCfg = Release|Any CPU
		{4F5CD334-AEFF-47DF-954F-063BDA4CB627}.Release|x86.Build.0 = Release|Any CPU
		{4F5CD334-AEFF-47DF-954F-063BDA4CB627}.Release|x86.Deploy.0 = Release|Any CPU
		{EEE02083-F900-4254-BC06-DCC060BA8216}.Ad-Hoc|Any CPU.ActiveCfg = Ad-Hoc|iPhone
		{EEE02083-F900-4254-BC06-DCC060BA8216}.Ad-Hoc|ARM.ActiveCfg = Ad-Hoc|iPhone
		{EEE02083-F900-4254-BC06-DCC060BA8216}.Ad-Hoc|iPhone.ActiveCfg = Ad-Hoc|iPhone
		{EEE02083-F900-4254-BC06-DCC060BA8216}.Ad-Hoc|iPhone.Build.0 = Ad-Hoc|iPhone
		{EEE02083-F900-4254-BC06-DCC060BA8216}.Ad-Hoc|iPhoneSimulator.ActiveCfg = Ad-Hoc|iPhoneSimulator
		{EEE02083-F900-4254-BC06-DCC060BA8216}.Ad-Hoc|iPhoneSimulator.Build.0 = Ad-Hoc|iPhoneSimulator
		{EEE02083-F900-4254-BC06-DCC060BA8216}.Ad-Hoc|x64.ActiveCfg = Ad-Hoc|iPhone
		{EEE02083-F900-4254-BC06-DCC060BA8216}.Ad-Hoc|x86.ActiveCfg = Ad-Hoc|iPhone
		{EEE02083-F900-4254-BC06-DCC060BA8216}.AppStore|Any CPU.ActiveCfg = AppStore|iPhone
		{EEE02083-F900-4254-BC06-DCC060BA8216}.AppStore|ARM.ActiveCfg = AppStore|iPhone
		{EEE02083-F900-4254-BC06-DCC060BA8216}.AppStore|iPhone.ActiveCfg = AppStore|iPhone
		{EEE02083-F900-4254-BC06-DCC060BA8216}.AppStore|iPhone.Build.0 = AppStore|iPhone
		{EEE02083-F900-4254-BC06-DCC060BA8216}.AppStore|iPhoneSimulator.ActiveCfg = AppStore|iPhoneSimulator
		{EEE02083-F900-4254-BC06-DCC060BA8216}.AppStore|iPhoneSimulator.Build.0 = AppStore|iPhoneSimulator
		{EEE02083-F900-4254-BC06-DCC060BA8216}.AppStore|x64.ActiveCfg = AppStore|iPhone
		{EEE02083-F900-4254-BC06-DCC060BA8216}.AppStore|x86.ActiveCfg = AppStore|iPhone
		{EEE02083-F900-4254-BC06-DCC060BA8216}.Debug|Any CPU.ActiveCfg = Debug|iPhone
		{EEE02083-F900-4254-BC06-DCC060BA8216}.Debug|ARM.ActiveCfg = Debug|iPhone
		{EEE02083-F900-4254-BC06-DCC060BA8216}.Debug|iPhone.ActiveCfg = Debug|iPhone
		{EEE02083-F900-4254-BC06-DCC060BA8216}.Debug|iPhone.Build.0 = Debug|iPhone
		{EEE02083-F900-4254-BC06-DCC060BA8216}.Debug|iPhoneSimulator.ActiveCfg = Debug|iPhoneSimulator
		{EEE02083-F900-4254-BC06-DCC060BA8216}.Debug|iPhoneSimulator.Build.0 = Debug|iPhoneSimulator
		{EEE02083-F900-4254-BC06-DCC060BA8216}.Debug|x64.ActiveCfg = Debug|iPhone
		{EEE02083-F900-4254-BC06-DCC060BA8216}.Debug|x86.ActiveCfg = Debug|iPhone
		{EEE02083-F900-4254-BC06-DCC060BA8216}.Release|Any CPU.ActiveCfg = Release|iPhone
		{EEE02083-F900-4254-BC06-DCC060BA8216}.Release|ARM.ActiveCfg = Release|iPhone
		{EEE02083-F900-4254-BC06-DCC060BA8216}.Release|iPhone.ActiveCfg = Release|iPhone
		{EEE02083-F900-4254-BC06-DCC060BA8216}.Release|iPhone.Build.0 = Release|iPhone
		{EEE02083-F900-4254-BC06-DCC060BA8216}.Release|iPhoneSimulator.ActiveCfg = Release|iPhoneSimulator
		{EEE02083-F900-4254-BC06-DCC060BA8216}.Release|iPhoneSimulator.Build.0 = Release|iPhoneSimulator
		{EEE02083-F900-4254-BC06-DCC060BA8216}.Release|x64.ActiveCfg = Release|iPhone
		{EEE02083-F900-4254-BC06-DCC060BA8216}.Release|x86.ActiveCfg = Release|iPhone
		{7F8721D9-8051-4385-83A7-A55F896E6ECE}.Ad-Hoc|Any CPU.ActiveCfg = Release|x86
		{7F8721D9-8051-4385-83A7-A55F896E6ECE}.Ad-Hoc|Any CPU.Build.0 = Release|x86
		{7F8721D9-8051-4385-83A7-A55F896E6ECE}.Ad-Hoc|Any CPU.Deploy.0 = Release|x86
		{7F8721D9-8051-4385-83A7-A55F896E6ECE}.Ad-Hoc|ARM.ActiveCfg = Release|ARM
		{7F8721D9-8051-4385-83A7-A55F896E6ECE}.Ad-Hoc|ARM.Build.0 = Release|ARM
		{7F8721D9-8051-4385-83A7-A55F896E6ECE}.Ad-Hoc|ARM.Deploy.0 = Release|ARM
		{7F8721D9-8051-4385-83A7-A55F896E6ECE}.Ad-Hoc|iPhone.ActiveCfg = Release|x86
		{7F8721D9-8051-4385-83A7-A55F896E6ECE}.Ad-Hoc|iPhone.Build.0 = Release|x86
		{7F8721D9-8051-4385-83A7-A55F896E6ECE}.Ad-Hoc|iPhone.Deploy.0 = Release|x86
		{7F8721D9-8051-4385-83A7-A55F896E6ECE}.Ad-Hoc|iPhoneSimulator.ActiveCfg = Release|x86
		{7F8721D9-8051-4385-83A7-A55F896E6ECE}.Ad-Hoc|iPhoneSimulator.Build.0 = Release|x86
		{7F8721D9-8051-4385-83A7-A55F896E6ECE}.Ad-Hoc|iPhoneSimulator.Deploy.0 = Release|x86
		{7F8721D9-8051-4385-83A7-A55F896E6ECE}.Ad-Hoc|x64.ActiveCfg = Release|x64
		{7F8721D9-8051-4385-83A7-A55F896E6ECE}.Ad-Hoc|x64.Build.0 = Release|x64
		{7F8721D9-8051-4385-83A7-A55F896E6ECE}.Ad-Hoc|x64.Deploy.0 = Release|x64
		{7F8721D9-8051-4385-83A7-A55F896E6ECE}.Ad-Hoc|x86.ActiveCfg = Release|x86
		{7F8721D9-8051-4385-83A7-A55F896E6ECE}.Ad-Hoc|x86.Build.0 = Release|x86
		{7F8721D9-8051-4385-83A7-A55F896E6ECE}.Ad-Hoc|x86.Deploy.0 = Release|x86
		{7F8721D9-8051-4385-83A7-A55F896E6ECE}.AppStore|Any CPU.ActiveCfg = Release|x86
		{7F8721D9-8051-4385-83A7-A55F896E6ECE}.AppStore|Any CPU.Build.0 = Release|x86
		{7F8721D9-8051-4385-83A7-A55F896E6ECE}.AppStore|Any CPU.Deploy.0 = Release|x86
		{7F8721D9-8051-4385-83A7-A55F896E6ECE}.AppStore|ARM.ActiveCfg = Release|ARM
		{7F8721D9-8051-4385-83A7-A55F896E6ECE}.AppStore|ARM.Build.0 = Release|ARM
		{7F8721D9-8051-4385-83A7-A55F896E6ECE}.AppStore|ARM.Deploy.0 = Release|ARM
		{7F8721D9-8051-4385-83A7-A55F896E6ECE}.AppStore|iPhone.ActiveCfg = Release|x86
		{7F8721D9-8051-4385-83A7-A55F896E6ECE}.AppStore|iPhone.Build.0 = Release|x86
		{7F8721D9-8051-4385-83A7-A55F896E6ECE}.AppStore|iPhone.Deploy.0 = Release|x86
		{7F8721D9-8051-4385-83A7-A55F896E6ECE}.AppStore|iPhoneSimulator.ActiveCfg = Release|x86
		{7F8721D9-8051-4385-83A7-A55F896E6ECE}.AppStore|iPhoneSimulator.Build.0 = Release|x86
		{7F8721D9-8051-4385-83A7-A55F896E6ECE}.AppStore|iPhoneSimulator.Deploy.0 = Release|x86
		{7F8721D9-8051-4385-83A7-A55F896E6ECE}.AppStore|x64.ActiveCfg = Release|x64
		{7F8721D9-8051-4385-83A7-A55F896E6ECE}.AppStore|x64.Build.0 = Release|x64
		{7F8721D9-8051-4385-83A7-A55F896E6ECE}.AppStore|x64.Deploy.0 = Release|x64
		{7F8721D9-8051-4385-83A7-A55F896E6ECE}.AppStore|x86.ActiveCfg = Release|x86
		{7F8721D9-8051-4385-83A7-A55F896E6ECE}.AppStore|x86.Build.0 = Release|x86
		{7F8721D9-8051-4385-83A7-A55F896E6ECE}.AppStore|x86.Deploy.0 = Release|x86
		{7F8721D9-8051-4385-83A7-A55F896E6ECE}.Debug|Any CPU.ActiveCfg = Debug|x86
		{7F8721D9-8051-4385-83A7-A55F896E6ECE}.Debug|ARM.ActiveCfg = Debug|ARM
		{7F8721D9-8051-4385-83A7-A55F896E6ECE}.Debug|ARM.Build.0 = Debug|ARM
		{7F8721D9-8051-4385-83A7-A55F896E6ECE}.Debug|ARM.Deploy.0 = Debug|ARM
		{7F8721D9-8051-4385-83A7-A55F896E6ECE}.Debug|iPhone.ActiveCfg = Debug|x86
		{7F8721D9-8051-4385-83A7-A55F896E6ECE}.Debug|iPhoneSimulator.ActiveCfg = Debug|x86
		{7F8721D9-8051-4385-83A7-A55F896E6ECE}.Debug|x64.ActiveCfg = Debug|x64
		{7F8721D9-8051-4385-83A7-A55F896E6ECE}.Debug|x64.Build.0 = Debug|x64
		{7F8721D9-8051-4385-83A7-A55F896E6ECE}.Debug|x64.Deploy.0 = Debug|x64
		{7F8721D9-8051-4385-83A7-A55F896E6ECE}.Debug|x86.ActiveCfg = Debug|x86
		{7F8721D9-8051-4385-83A7-A55F896E6ECE}.Debug|x86.Build.0 = Debug|x86
		{7F8721D9-8051-4385-83A7-A55F896E6ECE}.Debug|x86.Deploy.0 = Debug|x86
		{7F8721D9-8051-4385-83A7-A55F896E6ECE}.Release|Any CPU.ActiveCfg = Release|x86
		{7F8721D9-8051-4385-83A7-A55F896E6ECE}.Release|ARM.ActiveCfg = Release|ARM
		{7F8721D9-8051-4385-83A7-A55F896E6ECE}.Release|ARM.Build.0 = Release|ARM
		{7F8721D9-8051-4385-83A7-A55F896E6ECE}.Release|ARM.Deploy.0 = Release|ARM
		{7F8721D9-8051-4385-83A7-A55F896E6ECE}.Release|iPhone.ActiveCfg = Release|x86
		{7F8721D9-8051-4385-83A7-A55F896E6ECE}.Release|iPhoneSimulator.ActiveCfg = Release|x86
		{7F8721D9-8051-4385-83A7-A55F896E6ECE}.Release|x64.ActiveCfg = Release|x64
		{7F8721D9-8051-4385-83A7-A55F896E6ECE}.Release|x64.Build.0 = Release|x64
		{7F8721D9-8051-4385-83A7-A55F896E6ECE}.Release|x64.Deploy.0 = Release|x64
		{7F8721D9-8051-4385-83A7-A55F896E6ECE}.Release|x86.ActiveCfg = Release|x86
		{7F8721D9-8051-4385-83A7-A55F896E6ECE}.Release|x86.Build.0 = Release|x86
		{7F8721D9-8051-4385-83A7-A55F896E6ECE}.Release|x86.Deploy.0 = Release|x86
	EndGlobalSection
	GlobalSection(SolutionProperties) = preSolution
		HideSolutionNode = FALSE
	EndGlobalSection
EndGlobal
