
Microsoft Visual Studio Solution File, Format Version 12.00
# Visual Studio 14
VisualStudioVersion = 14.0.25420.1
MinimumVisualStudioVersion = 10.0.40219.1
Project("{FAE04EC0-301F-11D3-BF4B-00C04F79EFBC}") = "XFGesturePan", "XFGesturePan\XFGesturePan\XFGesturePan.csproj", "{BC27A12B-26C5-4936-9A31-348F1094DDF0}"
EndProject
Project("{FAE04EC0-301F-11D3-BF4B-00C04F79EFBC}") = "XFGesturePan.Droid", "XFGesturePan\XFGesturePan.Droid\XFGesturePan.Droid.csproj", "{F2F4FDE0-E545-490F-B762-87CD5EA34A54}"
EndProject
Project("{FAE04EC0-301F-11D3-BF4B-00C04F79EFBC}") = "XFGesturePan.iOS", "XFGesturePan\XFGesturePan.iOS\XFGesturePan.iOS.csproj", "{FDE86FF2-461F-410D-BF89-9629C1E4A54D}"
EndProject
Project("{FAE04EC0-301F-11D3-BF4B-00C04F79EFBC}") = "XFGesturePan.UWP", "XFGesturePan\XFGesturePan.UWP\XFGesturePan.UWP.csproj", "{2A431EB3-5FC9-42D5-B8ED-BCB368F7CBEB}"
EndProject
Global
	GlobalSection(SolutionConfigurationPlatforms) = preSolution
		Ad-Hoc|Any CPU = Ad-Hoc|Any CPU
		Ad-Hoc|ARM = Ad-Hoc|ARM
		Ad-Hoc|iPhone = Ad-Hoc|iPhone
		Ad-Hoc|iPhoneSimulator = Ad-Hoc|iPhoneSimulator
		Ad-Hoc|x64 = Ad-Hoc|x64
		Ad-Hoc|x86 = Ad-Hoc|x86
		AppStore|Any CPU = AppStore|Any CPU
		AppStore|ARM = AppStore|ARM
		AppStore|iPhone = AppStore|iPhone
		AppStore|iPhoneSimulator = AppStore|iPhoneSimulator
		AppStore|x64 = AppStore|x64
		AppStore|x86 = AppStore|x86
		Debug|Any CPU = Debug|Any CPU
		Debug|ARM = Debug|ARM
		Debug|iPhone = Debug|iPhone
		Debug|iPhoneSimulator = Debug|iPhoneSimulator
		Debug|x64 = Debug|x64
		Debug|x86 = Debug|x86
		Release|Any CPU = Release|Any CPU
		Release|ARM = Release|ARM
		Release|iPhone = Release|iPhone
		Release|iPhoneSimulator = Release|iPhoneSimulator
		Release|x64 = Release|x64
		Release|x86 = Release|x86
	EndGlobalSection
	GlobalSection(ProjectConfigurationPlatforms) = postSolution
		{BC27A12B-26C5-4936-9A31-348F1094DDF0}.Ad-Hoc|Any CPU.ActiveCfg = Release|Any CPU
		{BC27A12B-26C5-4936-9A31-348F1094DDF0}.Ad-Hoc|Any CPU.Build.0 = Release|Any CPU
		{BC27A12B-26C5-4936-9A31-348F1094DDF0}.Ad-Hoc|ARM.ActiveCfg = Release|Any CPU
		{BC27A12B-26C5-4936-9A31-348F1094DDF0}.Ad-Hoc|ARM.Build.0 = Release|Any CPU
		{BC27A12B-26C5-4936-9A31-348F1094DDF0}.Ad-Hoc|iPhone.ActiveCfg = Release|Any CPU
		{BC27A12B-26C5-4936-9A31-348F1094DDF0}.Ad-Hoc|iPhone.Build.0 = Release|Any CPU
		{BC27A12B-26C5-4936-9A31-348F1094DDF0}.Ad-Hoc|iPhoneSimulator.ActiveCfg = Release|Any CPU
		{BC27A12B-26C5-4936-9A31-348F1094DDF0}.Ad-Hoc|iPhoneSimulator.Build.0 = Release|Any CPU
		{BC27A12B-26C5-4936-9A31-348F1094DDF0}.Ad-Hoc|x64.ActiveCfg = Release|Any CPU
		{BC27A12B-26C5-4936-9A31-348F1094DDF0}.Ad-Hoc|x64.Build.0 = Release|Any CPU
		{BC27A12B-26C5-4936-9A31-348F1094DDF0}.Ad-Hoc|x86.ActiveCfg = Release|Any CPU
		{BC27A12B-26C5-4936-9A31-348F1094DDF0}.Ad-Hoc|x86.Build.0 = Release|Any CPU
		{BC27A12B-26C5-4936-9A31-348F1094DDF0}.AppStore|Any CPU.ActiveCfg = Release|Any CPU
		{BC27A12B-26C5-4936-9A31-348F1094DDF0}.AppStore|Any CPU.Build.0 = Release|Any CPU
		{BC27A12B-26C5-4936-9A31-348F1094DDF0}.AppStore|ARM.ActiveCfg = Release|Any CPU
		{BC27A12B-26C5-4936-9A31-348F1094DDF0}.AppStore|ARM.Build.0 = Release|Any CPU
		{BC27A12B-26C5-4936-9A31-348F1094DDF0}.AppStore|iPhone.ActiveCfg = Release|Any CPU
		{BC27A12B-26C5-4936-9A31-348F1094DDF0}.AppStore|iPhone.Build.0 = Release|Any CPU
		{BC27A12B-26C5-4936-9A31-348F1094DDF0}.AppStore|iPhoneSimulator.ActiveCfg = Release|Any CPU
		{BC27A12B-26C5-4936-9A31-348F1094DDF0}.AppStore|iPhoneSimulator.Build.0 = Release|Any CPU
		{BC27A12B-26C5-4936-9A31-348F1094DDF0}.AppStore|x64.ActiveCfg = Release|Any CPU
		{BC27A12B-26C5-4936-9A31-348F1094DDF0}.AppStore|x64.Build.0 = Release|Any CPU
		{BC27A12B-26C5-4936-9A31-348F1094DDF0}.AppStore|x86.ActiveCfg = Release|Any CPU
		{BC27A12B-26C5-4936-9A31-348F1094DDF0}.AppStore|x86.Build.0 = Release|Any CPU
		{BC27A12B-26C5-4936-9A31-348F1094DDF0}.Debug|Any CPU.ActiveCfg = Debug|Any CPU
		{BC27A12B-26C5-4936-9A31-348F1094DDF0}.Debug|Any CPU.Build.0 = Debug|Any CPU
		{BC27A12B-26C5-4936-9A31-348F1094DDF0}.Debug|ARM.ActiveCfg = Debug|Any CPU
		{BC27A12B-26C5-4936-9A31-348F1094DDF0}.Debug|ARM.Build.0 = Debug|Any CPU
		{BC27A12B-26C5-4936-9A31-348F1094DDF0}.Debug|iPhone.ActiveCfg = Debug|Any CPU
		{BC27A12B-26C5-4936-9A31-348F1094DDF0}.Debug|iPhone.Build.0 = Debug|Any CPU
		{BC27A12B-26C5-4936-9A31-348F1094DDF0}.Debug|iPhoneSimulator.ActiveCfg = Debug|Any CPU
		{BC27A12B-26C5-4936-9A31-348F1094DDF0}.Debug|iPhoneSimulator.Build.0 = Debug|Any CPU
		{BC27A12B-26C5-4936-9A31-348F1094DDF0}.Debug|x64.ActiveCfg = Debug|Any CPU
		{BC27A12B-26C5-4936-9A31-348F1094DDF0}.Debug|x64.Build.0 = Debug|Any CPU
		{BC27A12B-26C5-4936-9A31-348F1094DDF0}.Debug|x86.ActiveCfg = Debug|Any CPU
		{BC27A12B-26C5-4936-9A31-348F1094DDF0}.Debug|x86.Build.0 = Debug|Any CPU
		{BC27A12B-26C5-4936-9A31-348F1094DDF0}.Release|Any CPU.ActiveCfg = Release|Any CPU
		{BC27A12B-26C5-4936-9A31-348F1094DDF0}.Release|Any CPU.Build.0 = Release|Any CPU
		{BC27A12B-26C5-4936-9A31-348F1094DDF0}.Release|ARM.ActiveCfg = Release|Any CPU
		{BC27A12B-26C5-4936-9A31-348F1094DDF0}.Release|ARM.Build.0 = Release|Any CPU
		{BC27A12B-26C5-4936-9A31-348F1094DDF0}.Release|iPhone.ActiveCfg = Release|Any CPU
		{BC27A12B-26C5-4936-9A31-348F1094DDF0}.Release|iPhone.Build.0 = Release|Any CPU
		{BC27A12B-26C5-4936-9A31-348F1094DDF0}.Release|iPhoneSimulator.ActiveCfg = Release|Any CPU
		{BC27A12B-26C5-4936-9A31-348F1094DDF0}.Release|iPhoneSimulator.Build.0 = Release|Any CPU
		{BC27A12B-26C5-4936-9A31-348F1094DDF0}.Release|x64.ActiveCfg = Release|Any CPU
		{BC27A12B-26C5-4936-9A31-348F1094DDF0}.Release|x64.Build.0 = Release|Any CPU
		{BC27A12B-26C5-4936-9A31-348F1094DDF0}.Release|x86.ActiveCfg = Release|Any CPU
		{BC27A12B-26C5-4936-9A31-348F1094DDF0}.Release|x86.Build.0 = Release|Any CPU
		{F2F4FDE0-E545-490F-B762-87CD5EA34A54}.Ad-Hoc|Any CPU.ActiveCfg = Release|Any CPU
		{F2F4FDE0-E545-490F-B762-87CD5EA34A54}.Ad-Hoc|Any CPU.Build.0 = Release|Any CPU
		{F2F4FDE0-E545-490F-B762-87CD5EA34A54}.Ad-Hoc|Any CPU.Deploy.0 = Release|Any CPU
		{F2F4FDE0-E545-490F-B762-87CD5EA34A54}.Ad-Hoc|ARM.ActiveCfg = Release|Any CPU
		{F2F4FDE0-E545-490F-B762-87CD5EA34A54}.Ad-Hoc|ARM.Build.0 = Release|Any CPU
		{F2F4FDE0-E545-490F-B762-87CD5EA34A54}.Ad-Hoc|ARM.Deploy.0 = Release|Any CPU
		{F2F4FDE0-E545-490F-B762-87CD5EA34A54}.Ad-Hoc|iPhone.ActiveCfg = Release|Any CPU
		{F2F4FDE0-E545-490F-B762-87CD5EA34A54}.Ad-Hoc|iPhone.Build.0 = Release|Any CPU
		{F2F4FDE0-E545-490F-B762-87CD5EA34A54}.Ad-Hoc|iPhone.Deploy.0 = Release|Any CPU
		{F2F4FDE0-E545-490F-B762-87CD5EA34A54}.Ad-Hoc|iPhoneSimulator.ActiveCfg = Release|Any CPU
		{F2F4FDE0-E545-490F-B762-87CD5EA34A54}.Ad-Hoc|iPhoneSimulator.Build.0 = Release|Any CPU
		{F2F4FDE0-E545-490F-B762-87CD5EA34A54}.Ad-Hoc|iPhoneSimulator.Deploy.0 = Release|Any CPU
		{F2F4FDE0-E545-490F-B762-87CD5EA34A54}.Ad-Hoc|x64.ActiveCfg = Release|Any CPU
		{F2F4FDE0-E545-490F-B762-87CD5EA34A54}.Ad-Hoc|x64.Build.0 = Release|Any CPU
		{F2F4FDE0-E545-490F-B762-87CD5EA34A54}.Ad-Hoc|x64.Deploy.0 = Release|Any CPU
		{F2F4FDE0-E545-490F-B762-87CD5EA34A54}.Ad-Hoc|x86.ActiveCfg = Release|Any CPU
		{F2F4FDE0-E545-490F-B762-87CD5EA34A54}.Ad-Hoc|x86.Build.0 = Release|Any CPU
		{F2F4FDE0-E545-490F-B762-87CD5EA34A54}.Ad-Hoc|x86.Deploy.0 = Release|Any CPU
		{F2F4FDE0-E545-490F-B762-87CD5EA34A54}.AppStore|Any CPU.ActiveCfg = Release|Any CPU
		{F2F4FDE0-E545-490F-B762-87CD5EA34A54}.AppStore|Any CPU.Build.0 = Release|Any CPU
		{F2F4FDE0-E545-490F-B762-87CD5EA34A54}.AppStore|Any CPU.Deploy.0 = Release|Any CPU
		{F2F4FDE0-E545-490F-B762-87CD5EA34A54}.AppStore|ARM.ActiveCfg = Release|Any CPU
		{F2F4FDE0-E545-490F-B762-87CD5EA34A54}.AppStore|ARM.Build.0 = Release|Any CPU
		{F2F4FDE0-E545-490F-B762-87CD5EA34A54}.AppStore|ARM.Deploy.0 = Release|Any CPU
		{F2F4FDE0-E545-490F-B762-87CD5EA34A54}.AppStore|iPhone.ActiveCfg = Release|Any CPU
		{F2F4FDE0-E545-490F-B762-87CD5EA34A54}.AppStore|iPhone.Build.0 = Release|Any CPU
		{F2F4FDE0-E545-490F-B762-87CD5EA34A54}.AppStore|iPhone.Deploy.0 = Release|Any CPU
		{F2F4FDE0-E545-490F-B762-87CD5EA34A54}.AppStore|iPhoneSimulator.ActiveCfg = Release|Any CPU
		{F2F4FDE0-E545-490F-B762-87CD5EA34A54}.AppStore|iPhoneSimulator.Build.0 = Release|Any CPU
		{F2F4FDE0-E545-490F-B762-87CD5EA34A54}.AppStore|iPhoneSimulator.Deploy.0 = Release|Any CPU
		{F2F4FDE0-E545-490F-B762-87CD5EA34A54}.AppStore|x64.ActiveCfg = Release|Any CPU
		{F2F4FDE0-E545-490F-B762-87CD5EA34A54}.AppStore|x64.Build.0 = Release|Any CPU
		{F2F4FDE0-E545-490F-B762-87CD5EA34A54}.AppStore|x64.Deploy.0 = Release|Any CPU
		{F2F4FDE0-E545-490F-B762-87CD5EA34A54}.AppStore|x86.ActiveCfg = Release|Any CPU
		{F2F4FDE0-E545-490F-B762-87CD5EA34A54}.AppStore|x86.Build.0 = Release|Any CPU
		{F2F4FDE0-E545-490F-B762-87CD5EA34A54}.AppStore|x86.Deploy.0 = Release|Any CPU
		{F2F4FDE0-E545-490F-B762-87CD5EA34A54}.Debug|Any CPU.ActiveCfg = Debug|Any CPU
		{F2F4FDE0-E545-490F-B762-87CD5EA34A54}.Debug|Any CPU.Build.0 = Debug|Any CPU
		{F2F4FDE0-E545-490F-B762-87CD5EA34A54}.Debug|Any CPU.Deploy.0 = Debug|Any CPU
		{F2F4FDE0-E545-490F-B762-87CD5EA34A54}.Debug|ARM.ActiveCfg = Debug|Any CPU
		{F2F4FDE0-E545-490F-B762-87CD5EA34A54}.Debug|ARM.Build.0 = Debug|Any CPU
		{F2F4FDE0-E545-490F-B762-87CD5EA34A54}.Debug|ARM.Deploy.0 = Debug|Any CPU
		{F2F4FDE0-E545-490F-B762-87CD5EA34A54}.Debug|iPhone.ActiveCfg = Debug|Any CPU
		{F2F4FDE0-E545-490F-B762-87CD5EA34A54}.Debug|iPhone.Build.0 = Debug|Any CPU
		{F2F4FDE0-E545-490F-B762-87CD5EA34A54}.Debug|iPhone.Deploy.0 = Debug|Any CPU
		{F2F4FDE0-E545-490F-B762-87CD5EA34A54}.Debug|iPhoneSimulator.ActiveCfg = Debug|Any CPU
		{F2F4FDE0-E545-490F-B762-87CD5EA34A54}.Debug|iPhoneSimulator.Build.0 = Debug|Any CPU
		{F2F4FDE0-E545-490F-B762-87CD5EA34A54}.Debug|iPhoneSimulator.Deploy.0 = Debug|Any CPU
		{F2F4FDE0-E545-490F-B762-87CD5EA34A54}.Debug|x64.ActiveCfg = Debug|Any CPU
		{F2F4FDE0-E545-490F-B762-87CD5EA34A54}.Debug|x64.Build.0 = Debug|Any CPU
		{F2F4FDE0-E545-490F-B762-87CD5EA34A54}.Debug|x64.Deploy.0 = Debug|Any CPU
		{F2F4FDE0-E545-490F-B762-87CD5EA34A54}.Debug|x86.ActiveCfg = Debug|Any CPU
		{F2F4FDE0-E545-490F-B762-87CD5EA34A54}.Debug|x86.Build.0 = Debug|Any CPU
		{F2F4FDE0-E545-490F-B762-87CD5EA34A54}.Debug|x86.Deploy.0 = Debug|Any CPU
		{F2F4FDE0-E545-490F-B762-87CD5EA34A54}.Release|Any CPU.ActiveCfg = Release|Any CPU
		{F2F4FDE0-E545-490F-B762-87CD5EA34A54}.Release|Any CPU.Build.0 = Release|Any CPU
		{F2F4FDE0-E545-490F-B762-87CD5EA34A54}.Release|Any CPU.Deploy.0 = Release|Any CPU
		{F2F4FDE0-E545-490F-B762-87CD5EA34A54}.Release|ARM.ActiveCfg = Release|Any CPU
		{F2F4FDE0-E545-490F-B762-87CD5EA34A54}.Release|ARM.Build.0 = Release|Any CPU
		{F2F4FDE0-E545-490F-B762-87CD5EA34A54}.Release|ARM.Deploy.0 = Release|Any CPU
		{F2F4FDE0-E545-490F-B762-87CD5EA34A54}.Release|iPhone.ActiveCfg = Release|Any CPU
		{F2F4FDE0-E545-490F-B762-87CD5EA34A54}.Release|iPhone.Build.0 = Release|Any CPU
		{F2F4FDE0-E545-490F-B762-87CD5EA34A54}.Release|iPhone.Deploy.0 = Release|Any CPU
		{F2F4FDE0-E545-490F-B762-87CD5EA34A54}.Release|iPhoneSimulator.ActiveCfg = Release|Any CPU
		{F2F4FDE0-E545-490F-B762-87CD5EA34A54}.Release|iPhoneSimulator.Build.0 = Release|Any CPU
		{F2F4FDE0-E545-490F-B762-87CD5EA34A54}.Release|iPhoneSimulator.Deploy.0 = Release|Any CPU
		{F2F4FDE0-E545-490F-B762-87CD5EA34A54}.Release|x64.ActiveCfg = Release|Any CPU
		{F2F4FDE0-E545-490F-B762-87CD5EA34A54}.Release|x64.Build.0 = Release|Any CPU
		{F2F4FDE0-E545-490F-B762-87CD5EA34A54}.Release|x64.Deploy.0 = Release|Any CPU
		{F2F4FDE0-E545-490F-B762-87CD5EA34A54}.Release|x86.ActiveCfg = Release|Any CPU
		{F2F4FDE0-E545-490F-B762-87CD5EA34A54}.Release|x86.Build.0 = Release|Any CPU
		{F2F4FDE0-E545-490F-B762-87CD5EA34A54}.Release|x86.Deploy.0 = Release|Any CPU
		{FDE86FF2-461F-410D-BF89-9629C1E4A54D}.Ad-Hoc|Any CPU.ActiveCfg = Ad-Hoc|iPhone
		{FDE86FF2-461F-410D-BF89-9629C1E4A54D}.Ad-Hoc|ARM.ActiveCfg = Ad-Hoc|iPhone
		{FDE86FF2-461F-410D-BF89-9629C1E4A54D}.Ad-Hoc|iPhone.ActiveCfg = Ad-Hoc|iPhone
		{FDE86FF2-461F-410D-BF89-9629C1E4A54D}.Ad-Hoc|iPhone.Build.0 = Ad-Hoc|iPhone
		{FDE86FF2-461F-410D-BF89-9629C1E4A54D}.Ad-Hoc|iPhoneSimulator.ActiveCfg = Ad-Hoc|iPhoneSimulator
		{FDE86FF2-461F-410D-BF89-9629C1E4A54D}.Ad-Hoc|iPhoneSimulator.Build.0 = Ad-Hoc|iPhoneSimulator
		{FDE86FF2-461F-410D-BF89-9629C1E4A54D}.Ad-Hoc|x64.ActiveCfg = Ad-Hoc|iPhone
		{FDE86FF2-461F-410D-BF89-9629C1E4A54D}.Ad-Hoc|x86.ActiveCfg = Ad-Hoc|iPhone
		{FDE86FF2-461F-410D-BF89-9629C1E4A54D}.AppStore|Any CPU.ActiveCfg = AppStore|iPhone
		{FDE86FF2-461F-410D-BF89-9629C1E4A54D}.AppStore|ARM.ActiveCfg = AppStore|iPhone
		{FDE86FF2-461F-410D-BF89-9629C1E4A54D}.AppStore|iPhone.ActiveCfg = AppStore|iPhone
		{FDE86FF2-461F-410D-BF89-9629C1E4A54D}.AppStore|iPhone.Build.0 = AppStore|iPhone
		{FDE86FF2-461F-410D-BF89-9629C1E4A54D}.AppStore|iPhoneSimulator.ActiveCfg = AppStore|iPhoneSimulator
		{FDE86FF2-461F-410D-BF89-9629C1E4A54D}.AppStore|iPhoneSimulator.Build.0 = AppStore|iPhoneSimulator
		{FDE86FF2-461F-410D-BF89-9629C1E4A54D}.AppStore|x64.ActiveCfg = AppStore|iPhone
		{FDE86FF2-461F-410D-BF89-9629C1E4A54D}.AppStore|x86.ActiveCfg = AppStore|iPhone
		{FDE86FF2-461F-410D-BF89-9629C1E4A54D}.Debug|Any CPU.ActiveCfg = Debug|iPhone
		{FDE86FF2-461F-410D-BF89-9629C1E4A54D}.Debug|ARM.ActiveCfg = Debug|iPhone
		{FDE86FF2-461F-410D-BF89-9629C1E4A54D}.Debug|iPhone.ActiveCfg = Debug|iPhone
		{FDE86FF2-461F-410D-BF89-9629C1E4A54D}.Debug|iPhone.Build.0 = Debug|iPhone
		{FDE86FF2-461F-410D-BF89-9629C1E4A54D}.Debug|iPhoneSimulator.ActiveCfg = Debug|iPhoneSimulator
		{FDE86FF2-461F-410D-BF89-9629C1E4A54D}.Debug|iPhoneSimulator.Build.0 = Debug|iPhoneSimulator
		{FDE86FF2-461F-410D-BF89-9629C1E4A54D}.Debug|x64.ActiveCfg = Debug|iPhone
		{FDE86FF2-461F-410D-BF89-9629C1E4A54D}.Debug|x86.ActiveCfg = Debug|iPhone
		{FDE86FF2-461F-410D-BF89-9629C1E4A54D}.Release|Any CPU.ActiveCfg = Release|iPhone
		{FDE86FF2-461F-410D-BF89-9629C1E4A54D}.Release|ARM.ActiveCfg = Release|iPhone
		{FDE86FF2-461F-410D-BF89-9629C1E4A54D}.Release|iPhone.ActiveCfg = Release|iPhone
		{FDE86FF2-461F-410D-BF89-9629C1E4A54D}.Release|iPhone.Build.0 = Release|iPhone
		{FDE86FF2-461F-410D-BF89-9629C1E4A54D}.Release|iPhoneSimulator.ActiveCfg = Release|iPhoneSimulator
		{FDE86FF2-461F-410D-BF89-9629C1E4A54D}.Release|iPhoneSimulator.Build.0 = Release|iPhoneSimulator
		{FDE86FF2-461F-410D-BF89-9629C1E4A54D}.Release|x64.ActiveCfg = Release|iPhone
		{FDE86FF2-461F-410D-BF89-9629C1E4A54D}.Release|x86.ActiveCfg = Release|iPhone
		{2A431EB3-5FC9-42D5-B8ED-BCB368F7CBEB}.Ad-Hoc|Any CPU.ActiveCfg = Release|x86
		{2A431EB3-5FC9-42D5-B8ED-BCB368F7CBEB}.Ad-Hoc|Any CPU.Build.0 = Release|x86
		{2A431EB3-5FC9-42D5-B8ED-BCB368F7CBEB}.Ad-Hoc|Any CPU.Deploy.0 = Release|x86
		{2A431EB3-5FC9-42D5-B8ED-BCB368F7CBEB}.Ad-Hoc|ARM.ActiveCfg = Release|ARM
		{2A431EB3-5FC9-42D5-B8ED-BCB368F7CBEB}.Ad-Hoc|ARM.Build.0 = Release|ARM
		{2A431EB3-5FC9-42D5-B8ED-BCB368F7CBEB}.Ad-Hoc|ARM.Deploy.0 = Release|ARM
		{2A431EB3-5FC9-42D5-B8ED-BCB368F7CBEB}.Ad-Hoc|iPhone.ActiveCfg = Release|x86
		{2A431EB3-5FC9-42D5-B8ED-BCB368F7CBEB}.Ad-Hoc|iPhone.Build.0 = Release|x86
		{2A431EB3-5FC9-42D5-B8ED-BCB368F7CBEB}.Ad-Hoc|iPhone.Deploy.0 = Release|x86
		{2A431EB3-5FC9-42D5-B8ED-BCB368F7CBEB}.Ad-Hoc|iPhoneSimulator.ActiveCfg = Release|x86
		{2A431EB3-5FC9-42D5-B8ED-BCB368F7CBEB}.Ad-Hoc|iPhoneSimulator.Build.0 = Release|x86
		{2A431EB3-5FC9-42D5-B8ED-BCB368F7CBEB}.Ad-Hoc|iPhoneSimulator.Deploy.0 = Release|x86
		{2A431EB3-5FC9-42D5-B8ED-BCB368F7CBEB}.Ad-Hoc|x64.ActiveCfg = Release|x64
		{2A431EB3-5FC9-42D5-B8ED-BCB368F7CBEB}.Ad-Hoc|x64.Build.0 = Release|x64
		{2A431EB3-5FC9-42D5-B8ED-BCB368F7CBEB}.Ad-Hoc|x64.Deploy.0 = Release|x64
		{2A431EB3-5FC9-42D5-B8ED-BCB368F7CBEB}.Ad-Hoc|x86.ActiveCfg = Release|x86
		{2A431EB3-5FC9-42D5-B8ED-BCB368F7CBEB}.Ad-Hoc|x86.Build.0 = Release|x86
		{2A431EB3-5FC9-42D5-B8ED-BCB368F7CBEB}.Ad-Hoc|x86.Deploy.0 = Release|x86
		{2A431EB3-5FC9-42D5-B8ED-BCB368F7CBEB}.AppStore|Any CPU.ActiveCfg = Release|x86
		{2A431EB3-5FC9-42D5-B8ED-BCB368F7CBEB}.AppStore|Any CPU.Build.0 = Release|x86
		{2A431EB3-5FC9-42D5-B8ED-BCB368F7CBEB}.AppStore|Any CPU.Deploy.0 = Release|x86
		{2A431EB3-5FC9-42D5-B8ED-BCB368F7CBEB}.AppStore|ARM.ActiveCfg = Release|ARM
		{2A431EB3-5FC9-42D5-B8ED-BCB368F7CBEB}.AppStore|ARM.Build.0 = Release|ARM
		{2A431EB3-5FC9-42D5-B8ED-BCB368F7CBEB}.AppStore|ARM.Deploy.0 = Release|ARM
		{2A431EB3-5FC9-42D5-B8ED-BCB368F7CBEB}.AppStore|iPhone.ActiveCfg = Release|x86
		{2A431EB3-5FC9-42D5-B8ED-BCB368F7CBEB}.AppStore|iPhone.Build.0 = Release|x86
		{2A431EB3-5FC9-42D5-B8ED-BCB368F7CBEB}.AppStore|iPhone.Deploy.0 = Release|x86
		{2A431EB3-5FC9-42D5-B8ED-BCB368F7CBEB}.AppStore|iPhoneSimulator.ActiveCfg = Release|x86
		{2A431EB3-5FC9-42D5-B8ED-BCB368F7CBEB}.AppStore|iPhoneSimulator.Build.0 = Release|x86
		{2A431EB3-5FC9-42D5-B8ED-BCB368F7CBEB}.AppStore|iPhoneSimulator.Deploy.0 = Release|x86
		{2A431EB3-5FC9-42D5-B8ED-BCB368F7CBEB}.AppStore|x64.ActiveCfg = Release|x64
		{2A431EB3-5FC9-42D5-B8ED-BCB368F7CBEB}.AppStore|x64.Build.0 = Release|x64
		{2A431EB3-5FC9-42D5-B8ED-BCB368F7CBEB}.AppStore|x64.Deploy.0 = Release|x64
		{2A431EB3-5FC9-42D5-B8ED-BCB368F7CBEB}.AppStore|x86.ActiveCfg = Release|x86
		{2A431EB3-5FC9-42D5-B8ED-BCB368F7CBEB}.AppStore|x86.Build.0 = Release|x86
		{2A431EB3-5FC9-42D5-B8ED-BCB368F7CBEB}.AppStore|x86.Deploy.0 = Release|x86
		{2A431EB3-5FC9-42D5-B8ED-BCB368F7CBEB}.Debug|Any CPU.ActiveCfg = Debug|x86
		{2A431EB3-5FC9-42D5-B8ED-BCB368F7CBEB}.Debug|ARM.ActiveCfg = Debug|ARM
		{2A431EB3-5FC9-42D5-B8ED-BCB368F7CBEB}.Debug|ARM.Build.0 = Debug|ARM
		{2A431EB3-5FC9-42D5-B8ED-BCB368F7CBEB}.Debug|ARM.Deploy.0 = Debug|ARM
		{2A431EB3-5FC9-42D5-B8ED-BCB368F7CBEB}.Debug|iPhone.ActiveCfg = Debug|x86
		{2A431EB3-5FC9-42D5-B8ED-BCB368F7CBEB}.Debug|iPhoneSimulator.ActiveCfg = Debug|x86
		{2A431EB3-5FC9-42D5-B8ED-BCB368F7CBEB}.Debug|x64.ActiveCfg = Debug|x64
		{2A431EB3-5FC9-42D5-B8ED-BCB368F7CBEB}.Debug|x64.Build.0 = Debug|x64
		{2A431EB3-5FC9-42D5-B8ED-BCB368F7CBEB}.Debug|x64.Deploy.0 = Debug|x64
		{2A431EB3-5FC9-42D5-B8ED-BCB368F7CBEB}.Debug|x86.ActiveCfg = Debug|x86
		{2A431EB3-5FC9-42D5-B8ED-BCB368F7CBEB}.Debug|x86.Build.0 = Debug|x86
		{2A431EB3-5FC9-42D5-B8ED-BCB368F7CBEB}.Debug|x86.Deploy.0 = Debug|x86
		{2A431EB3-5FC9-42D5-B8ED-BCB368F7CBEB}.Release|Any CPU.ActiveCfg = Release|x86
		{2A431EB3-5FC9-42D5-B8ED-BCB368F7CBEB}.Release|ARM.ActiveCfg = Release|ARM
		{2A431EB3-5FC9-42D5-B8ED-BCB368F7CBEB}.Release|ARM.Build.0 = Release|ARM
		{2A431EB3-5FC9-42D5-B8ED-BCB368F7CBEB}.Release|ARM.Deploy.0 = Release|ARM
		{2A431EB3-5FC9-42D5-B8ED-BCB368F7CBEB}.Release|iPhone.ActiveCfg = Release|x86
		{2A431EB3-5FC9-42D5-B8ED-BCB368F7CBEB}.Release|iPhoneSimulator.ActiveCfg = Release|x86
		{2A431EB3-5FC9-42D5-B8ED-BCB368F7CBEB}.Release|x64.ActiveCfg = Release|x64
		{2A431EB3-5FC9-42D5-B8ED-BCB368F7CBEB}.Release|x64.Build.0 = Release|x64
		{2A431EB3-5FC9-42D5-B8ED-BCB368F7CBEB}.Release|x64.Deploy.0 = Release|x64
		{2A431EB3-5FC9-42D5-B8ED-BCB368F7CBEB}.Release|x86.ActiveCfg = Release|x86
		{2A431EB3-5FC9-42D5-B8ED-BCB368F7CBEB}.Release|x86.Build.0 = Release|x86
		{2A431EB3-5FC9-42D5-B8ED-BCB368F7CBEB}.Release|x86.Deploy.0 = Release|x86
	EndGlobalSection
	GlobalSection(SolutionProperties) = preSolution
		HideSolutionNode = FALSE
	EndGlobalSection
EndGlobal
