
Microsoft Visual Studio Solution File, Format Version 12.00
# Visual Studio 14
VisualStudioVersion = 14.0.25420.1
MinimumVisualStudioVersion = 10.0.40219.1
Project("{FAE04EC0-301F-11D3-BF4B-00C04F79EFBC}") = "XFEllipseView", "XFEllipseView\XFEllipseView\XFEllipseView.csproj", "{746CF7F5-15E1-4896-AE36-3AB9D09DD9DC}"
EndProject
Project("{FAE04EC0-301F-11D3-BF4B-00C04F79EFBC}") = "XFEllipseView.Droid", "XFEllipseView\XFEllipseView.Droid\XFEllipseView.Droid.csproj", "{1AE16E5F-B0AF-4CFD-A108-D9EBE05D2A16}"
EndProject
Project("{FAE04EC0-301F-11D3-BF4B-00C04F79EFBC}") = "XFEllipseView.iOS", "XFEllipseView\XFEllipseView.iOS\XFEllipseView.iOS.csproj", "{DDFB4514-E513-41B4-A8E9-8C9B6C6FFB3A}"
EndProject
Project("{FAE04EC0-301F-11D3-BF4B-00C04F79EFBC}") = "XFEllipseView.UWP", "XFEllipseView\XFEllipseView.UWP\XFEllipseView.UWP.csproj", "{4DA33642-99C9-4F66-82F9-945C1D98EB06}"
EndProject
Global
	GlobalSection(SolutionConfigurationPlatforms) = preSolution
		Ad-Hoc|Any CPU = Ad-Hoc|Any CPU
		Ad-Hoc|ARM = Ad-Hoc|ARM
		Ad-Hoc|iPhone = Ad-Hoc|iPhone
		Ad-Hoc|iPhoneSimulator = Ad-Hoc|iPhoneSimulator
		Ad-Hoc|x64 = Ad-Hoc|x64
		Ad-Hoc|x86 = Ad-Hoc|x86
		AppStore|Any CPU = AppStore|Any CPU
		AppStore|ARM = AppStore|ARM
		AppStore|iPhone = AppStore|iPhone
		AppStore|iPhoneSimulator = AppStore|iPhoneSimulator
		AppStore|x64 = AppStore|x64
		AppStore|x86 = AppStore|x86
		Debug|Any CPU = Debug|Any CPU
		Debug|ARM = Debug|ARM
		Debug|iPhone = Debug|iPhone
		Debug|iPhoneSimulator = Debug|iPhoneSimulator
		Debug|x64 = Debug|x64
		Debug|x86 = Debug|x86
		Release|Any CPU = Release|Any CPU
		Release|ARM = Release|ARM
		Release|iPhone = Release|iPhone
		Release|iPhoneSimulator = Release|iPhoneSimulator
		Release|x64 = Release|x64
		Release|x86 = Release|x86
	EndGlobalSection
	GlobalSection(ProjectConfigurationPlatforms) = postSolution
		{746CF7F5-15E1-4896-AE36-3AB9D09DD9DC}.Ad-Hoc|Any CPU.ActiveCfg = Release|Any CPU
		{746CF7F5-15E1-4896-AE36-3AB9D09DD9DC}.Ad-Hoc|Any CPU.Build.0 = Release|Any CPU
		{746CF7F5-15E1-4896-AE36-3AB9D09DD9DC}.Ad-Hoc|ARM.ActiveCfg = Release|Any CPU
		{746CF7F5-15E1-4896-AE36-3AB9D09DD9DC}.Ad-Hoc|ARM.Build.0 = Release|Any CPU
		{746CF7F5-15E1-4896-AE36-3AB9D09DD9DC}.Ad-Hoc|iPhone.ActiveCfg = Release|Any CPU
		{746CF7F5-15E1-4896-AE36-3AB9D09DD9DC}.Ad-Hoc|iPhone.Build.0 = Release|Any CPU
		{746CF7F5-15E1-4896-AE36-3AB9D09DD9DC}.Ad-Hoc|iPhoneSimulator.ActiveCfg = Release|Any CPU
		{746CF7F5-15E1-4896-AE36-3AB9D09DD9DC}.Ad-Hoc|iPhoneSimulator.Build.0 = Release|Any CPU
		{746CF7F5-15E1-4896-AE36-3AB9D09DD9DC}.Ad-Hoc|x64.ActiveCfg = Release|Any CPU
		{746CF7F5-15E1-4896-AE36-3AB9D09DD9DC}.Ad-Hoc|x64.Build.0 = Release|Any CPU
		{746CF7F5-15E1-4896-AE36-3AB9D09DD9DC}.Ad-Hoc|x86.ActiveCfg = Release|Any CPU
		{746CF7F5-15E1-4896-AE36-3AB9D09DD9DC}.Ad-Hoc|x86.Build.0 = Release|Any CPU
		{746CF7F5-15E1-4896-AE36-3AB9D09DD9DC}.AppStore|Any CPU.ActiveCfg = Release|Any CPU
		{746CF7F5-15E1-4896-AE36-3AB9D09DD9DC}.AppStore|Any CPU.Build.0 = Release|Any CPU
		{746CF7F5-15E1-4896-AE36-3AB9D09DD9DC}.AppStore|ARM.ActiveCfg = Release|Any CPU
		{746CF7F5-15E1-4896-AE36-3AB9D09DD9DC}.AppStore|ARM.Build.0 = Release|Any CPU
		{746CF7F5-15E1-4896-AE36-3AB9D09DD9DC}.AppStore|iPhone.ActiveCfg = Release|Any CPU
		{746CF7F5-15E1-4896-AE36-3AB9D09DD9DC}.AppStore|iPhone.Build.0 = Release|Any CPU
		{746CF7F5-15E1-4896-AE36-3AB9D09DD9DC}.AppStore|iPhoneSimulator.ActiveCfg = Release|Any CPU
		{746CF7F5-15E1-4896-AE36-3AB9D09DD9DC}.AppStore|iPhoneSimulator.Build.0 = Release|Any CPU
		{746CF7F5-15E1-4896-AE36-3AB9D09DD9DC}.AppStore|x64.ActiveCfg = Release|Any CPU
		{746CF7F5-15E1-4896-AE36-3AB9D09DD9DC}.AppStore|x64.Build.0 = Release|Any CPU
		{746CF7F5-15E1-4896-AE36-3AB9D09DD9DC}.AppStore|x86.ActiveCfg = Release|Any CPU
		{746CF7F5-15E1-4896-AE36-3AB9D09DD9DC}.AppStore|x86.Build.0 = Release|Any CPU
		{746CF7F5-15E1-4896-AE36-3AB9D09DD9DC}.Debug|Any CPU.ActiveCfg = Debug|Any CPU
		{746CF7F5-15E1-4896-AE36-3AB9D09DD9DC}.Debug|Any CPU.Build.0 = Debug|Any CPU
		{746CF7F5-15E1-4896-AE36-3AB9D09DD9DC}.Debug|ARM.ActiveCfg = Debug|Any CPU
		{746CF7F5-15E1-4896-AE36-3AB9D09DD9DC}.Debug|ARM.Build.0 = Debug|Any CPU
		{746CF7F5-15E1-4896-AE36-3AB9D09DD9DC}.Debug|iPhone.ActiveCfg = Debug|Any CPU
		{746CF7F5-15E1-4896-AE36-3AB9D09DD9DC}.Debug|iPhone.Build.0 = Debug|Any CPU
		{746CF7F5-15E1-4896-AE36-3AB9D09DD9DC}.Debug|iPhoneSimulator.ActiveCfg = Debug|Any CPU
		{746CF7F5-15E1-4896-AE36-3AB9D09DD9DC}.Debug|iPhoneSimulator.Build.0 = Debug|Any CPU
		{746CF7F5-15E1-4896-AE36-3AB9D09DD9DC}.Debug|x64.ActiveCfg = Debug|Any CPU
		{746CF7F5-15E1-4896-AE36-3AB9D09DD9DC}.Debug|x64.Build.0 = Debug|Any CPU
		{746CF7F5-15E1-4896-AE36-3AB9D09DD9DC}.Debug|x86.ActiveCfg = Debug|Any CPU
		{746CF7F5-15E1-4896-AE36-3AB9D09DD9DC}.Debug|x86.Build.0 = Debug|Any CPU
		{746CF7F5-15E1-4896-AE36-3AB9D09DD9DC}.Release|Any CPU.ActiveCfg = Release|Any CPU
		{746CF7F5-15E1-4896-AE36-3AB9D09DD9DC}.Release|Any CPU.Build.0 = Release|Any CPU
		{746CF7F5-15E1-4896-AE36-3AB9D09DD9DC}.Release|ARM.ActiveCfg = Release|Any CPU
		{746CF7F5-15E1-4896-AE36-3AB9D09DD9DC}.Release|ARM.Build.0 = Release|Any CPU
		{746CF7F5-15E1-4896-AE36-3AB9D09DD9DC}.Release|iPhone.ActiveCfg = Release|Any CPU
		{746CF7F5-15E1-4896-AE36-3AB9D09DD9DC}.Release|iPhone.Build.0 = Release|Any CPU
		{746CF7F5-15E1-4896-AE36-3AB9D09DD9DC}.Release|iPhoneSimulator.ActiveCfg = Release|Any CPU
		{746CF7F5-15E1-4896-AE36-3AB9D09DD9DC}.Release|iPhoneSimulator.Build.0 = Release|Any CPU
		{746CF7F5-15E1-4896-AE36-3AB9D09DD9DC}.Release|x64.ActiveCfg = Release|Any CPU
		{746CF7F5-15E1-4896-AE36-3AB9D09DD9DC}.Release|x64.Build.0 = Release|Any CPU
		{746CF7F5-15E1-4896-AE36-3AB9D09DD9DC}.Release|x86.ActiveCfg = Release|Any CPU
		{746CF7F5-15E1-4896-AE36-3AB9D09DD9DC}.Release|x86.Build.0 = Release|Any CPU
		{1AE16E5F-B0AF-4CFD-A108-D9EBE05D2A16}.Ad-Hoc|Any CPU.ActiveCfg = Release|Any CPU
		{1AE16E5F-B0AF-4CFD-A108-D9EBE05D2A16}.Ad-Hoc|Any CPU.Build.0 = Release|Any CPU
		{1AE16E5F-B0AF-4CFD-A108-D9EBE05D2A16}.Ad-Hoc|Any CPU.Deploy.0 = Release|Any CPU
		{1AE16E5F-B0AF-4CFD-A108-D9EBE05D2A16}.Ad-Hoc|ARM.ActiveCfg = Release|Any CPU
		{1AE16E5F-B0AF-4CFD-A108-D9EBE05D2A16}.Ad-Hoc|ARM.Build.0 = Release|Any CPU
		{1AE16E5F-B0AF-4CFD-A108-D9EBE05D2A16}.Ad-Hoc|ARM.Deploy.0 = Release|Any CPU
		{1AE16E5F-B0AF-4CFD-A108-D9EBE05D2A16}.Ad-Hoc|iPhone.ActiveCfg = Release|Any CPU
		{1AE16E5F-B0AF-4CFD-A108-D9EBE05D2A16}.Ad-Hoc|iPhone.Build.0 = Release|Any CPU
		{1AE16E5F-B0AF-4CFD-A108-D9EBE05D2A16}.Ad-Hoc|iPhone.Deploy.0 = Release|Any CPU
		{1AE16E5F-B0AF-4CFD-A108-D9EBE05D2A16}.Ad-Hoc|iPhoneSimulator.ActiveCfg = Release|Any CPU
		{1AE16E5F-B0AF-4CFD-A108-D9EBE05D2A16}.Ad-Hoc|iPhoneSimulator.Build.0 = Release|Any CPU
		{1AE16E5F-B0AF-4CFD-A108-D9EBE05D2A16}.Ad-Hoc|iPhoneSimulator.Deploy.0 = Release|Any CPU
		{1AE16E5F-B0AF-4CFD-A108-D9EBE05D2A16}.Ad-Hoc|x64.ActiveCfg = Release|Any CPU
		{1AE16E5F-B0AF-4CFD-A108-D9EBE05D2A16}.Ad-Hoc|x64.Build.0 = Release|Any CPU
		{1AE16E5F-B0AF-4CFD-A108-D9EBE05D2A16}.Ad-Hoc|x64.Deploy.0 = Release|Any CPU
		{1AE16E5F-B0AF-4CFD-A108-D9EBE05D2A16}.Ad-Hoc|x86.ActiveCfg = Release|Any CPU
		{1AE16E5F-B0AF-4CFD-A108-D9EBE05D2A16}.Ad-Hoc|x86.Build.0 = Release|Any CPU
		{1AE16E5F-B0AF-4CFD-A108-D9EBE05D2A16}.Ad-Hoc|x86.Deploy.0 = Release|Any CPU
		{1AE16E5F-B0AF-4CFD-A108-D9EBE05D2A16}.AppStore|Any CPU.ActiveCfg = Release|Any CPU
		{1AE16E5F-B0AF-4CFD-A108-D9EBE05D2A16}.AppStore|Any CPU.Build.0 = Release|Any CPU
		{1AE16E5F-B0AF-4CFD-A108-D9EBE05D2A16}.AppStore|Any CPU.Deploy.0 = Release|Any CPU
		{1AE16E5F-B0AF-4CFD-A108-D9EBE05D2A16}.AppStore|ARM.ActiveCfg = Release|Any CPU
		{1AE16E5F-B0AF-4CFD-A108-D9EBE05D2A16}.AppStore|ARM.Build.0 = Release|Any CPU
		{1AE16E5F-B0AF-4CFD-A108-D9EBE05D2A16}.AppStore|ARM.Deploy.0 = Release|Any CPU
		{1AE16E5F-B0AF-4CFD-A108-D9EBE05D2A16}.AppStore|iPhone.ActiveCfg = Release|Any CPU
		{1AE16E5F-B0AF-4CFD-A108-D9EBE05D2A16}.AppStore|iPhone.Build.0 = Release|Any CPU
		{1AE16E5F-B0AF-4CFD-A108-D9EBE05D2A16}.AppStore|iPhone.Deploy.0 = Release|Any CPU
		{1AE16E5F-B0AF-4CFD-A108-D9EBE05D2A16}.AppStore|iPhoneSimulator.ActiveCfg = Release|Any CPU
		{1AE16E5F-B0AF-4CFD-A108-D9EBE05D2A16}.AppStore|iPhoneSimulator.Build.0 = Release|Any CPU
		{1AE16E5F-B0AF-4CFD-A108-D9EBE05D2A16}.AppStore|iPhoneSimulator.Deploy.0 = Release|Any CPU
		{1AE16E5F-B0AF-4CFD-A108-D9EBE05D2A16}.AppStore|x64.ActiveCfg = Release|Any CPU
		{1AE16E5F-B0AF-4CFD-A108-D9EBE05D2A16}.AppStore|x64.Build.0 = Release|Any CPU
		{1AE16E5F-B0AF-4CFD-A108-D9EBE05D2A16}.AppStore|x64.Deploy.0 = Release|Any CPU
		{1AE16E5F-B0AF-4CFD-A108-D9EBE05D2A16}.AppStore|x86.ActiveCfg = Release|Any CPU
		{1AE16E5F-B0AF-4CFD-A108-D9EBE05D2A16}.AppStore|x86.Build.0 = Release|Any CPU
		{1AE16E5F-B0AF-4CFD-A108-D9EBE05D2A16}.AppStore|x86.Deploy.0 = Release|Any CPU
		{1AE16E5F-B0AF-4CFD-A108-D9EBE05D2A16}.Debug|Any CPU.ActiveCfg = Debug|Any CPU
		{1AE16E5F-B0AF-4CFD-A108-D9EBE05D2A16}.Debug|Any CPU.Build.0 = Debug|Any CPU
		{1AE16E5F-B0AF-4CFD-A108-D9EBE05D2A16}.Debug|Any CPU.Deploy.0 = Debug|Any CPU
		{1AE16E5F-B0AF-4CFD-A108-D9EBE05D2A16}.Debug|ARM.ActiveCfg = Debug|Any CPU
		{1AE16E5F-B0AF-4CFD-A108-D9EBE05D2A16}.Debug|ARM.Build.0 = Debug|Any CPU
		{1AE16E5F-B0AF-4CFD-A108-D9EBE05D2A16}.Debug|ARM.Deploy.0 = Debug|Any CPU
		{1AE16E5F-B0AF-4CFD-A108-D9EBE05D2A16}.Debug|iPhone.ActiveCfg = Debug|Any CPU
		{1AE16E5F-B0AF-4CFD-A108-D9EBE05D2A16}.Debug|iPhone.Build.0 = Debug|Any CPU
		{1AE16E5F-B0AF-4CFD-A108-D9EBE05D2A16}.Debug|iPhone.Deploy.0 = Debug|Any CPU
		{1AE16E5F-B0AF-4CFD-A108-D9EBE05D2A16}.Debug|iPhoneSimulator.ActiveCfg = Debug|Any CPU
		{1AE16E5F-B0AF-4CFD-A108-D9EBE05D2A16}.Debug|iPhoneSimulator.Build.0 = Debug|Any CPU
		{1AE16E5F-B0AF-4CFD-A108-D9EBE05D2A16}.Debug|iPhoneSimulator.Deploy.0 = Debug|Any CPU
		{1AE16E5F-B0AF-4CFD-A108-D9EBE05D2A16}.Debug|x64.ActiveCfg = Debug|Any CPU
		{1AE16E5F-B0AF-4CFD-A108-D9EBE05D2A16}.Debug|x64.Build.0 = Debug|Any CPU
		{1AE16E5F-B0AF-4CFD-A108-D9EBE05D2A16}.Debug|x64.Deploy.0 = Debug|Any CPU
		{1AE16E5F-B0AF-4CFD-A108-D9EBE05D2A16}.Debug|x86.ActiveCfg = Debug|Any CPU
		{1AE16E5F-B0AF-4CFD-A108-D9EBE05D2A16}.Debug|x86.Build.0 = Debug|Any CPU
		{1AE16E5F-B0AF-4CFD-A108-D9EBE05D2A16}.Debug|x86.Deploy.0 = Debug|Any CPU
		{1AE16E5F-B0AF-4CFD-A108-D9EBE05D2A16}.Release|Any CPU.ActiveCfg = Release|Any CPU
		{1AE16E5F-B0AF-4CFD-A108-D9EBE05D2A16}.Release|Any CPU.Build.0 = Release|Any CPU
		{1AE16E5F-B0AF-4CFD-A108-D9EBE05D2A16}.Release|Any CPU.Deploy.0 = Release|Any CPU
		{1AE16E5F-B0AF-4CFD-A108-D9EBE05D2A16}.Release|ARM.ActiveCfg = Release|Any CPU
		{1AE16E5F-B0AF-4CFD-A108-D9EBE05D2A16}.Release|ARM.Build.0 = Release|Any CPU
		{1AE16E5F-B0AF-4CFD-A108-D9EBE05D2A16}.Release|ARM.Deploy.0 = Release|Any CPU
		{1AE16E5F-B0AF-4CFD-A108-D9EBE05D2A16}.Release|iPhone.ActiveCfg = Release|Any CPU
		{1AE16E5F-B0AF-4CFD-A108-D9EBE05D2A16}.Release|iPhone.Build.0 = Release|Any CPU
		{1AE16E5F-B0AF-4CFD-A108-D9EBE05D2A16}.Release|iPhone.Deploy.0 = Release|Any CPU
		{1AE16E5F-B0AF-4CFD-A108-D9EBE05D2A16}.Release|iPhoneSimulator.ActiveCfg = Release|Any CPU
		{1AE16E5F-B0AF-4CFD-A108-D9EBE05D2A16}.Release|iPhoneSimulator.Build.0 = Release|Any CPU
		{1AE16E5F-B0AF-4CFD-A108-D9EBE05D2A16}.Release|iPhoneSimulator.Deploy.0 = Release|Any CPU
		{1AE16E5F-B0AF-4CFD-A108-D9EBE05D2A16}.Release|x64.ActiveCfg = Release|Any CPU
		{1AE16E5F-B0AF-4CFD-A108-D9EBE05D2A16}.Release|x64.Build.0 = Release|Any CPU
		{1AE16E5F-B0AF-4CFD-A108-D9EBE05D2A16}.Release|x64.Deploy.0 = Release|Any CPU
		{1AE16E5F-B0AF-4CFD-A108-D9EBE05D2A16}.Release|x86.ActiveCfg = Release|Any CPU
		{1AE16E5F-B0AF-4CFD-A108-D9EBE05D2A16}.Release|x86.Build.0 = Release|Any CPU
		{1AE16E5F-B0AF-4CFD-A108-D9EBE05D2A16}.Release|x86.Deploy.0 = Release|Any CPU
		{DDFB4514-E513-41B4-A8E9-8C9B6C6FFB3A}.Ad-Hoc|Any CPU.ActiveCfg = Ad-Hoc|iPhone
		{DDFB4514-E513-41B4-A8E9-8C9B6C6FFB3A}.Ad-Hoc|ARM.ActiveCfg = Ad-Hoc|iPhone
		{DDFB4514-E513-41B4-A8E9-8C9B6C6FFB3A}.Ad-Hoc|iPhone.ActiveCfg = Ad-Hoc|iPhone
		{DDFB4514-E513-41B4-A8E9-8C9B6C6FFB3A}.Ad-Hoc|iPhone.Build.0 = Ad-Hoc|iPhone
		{DDFB4514-E513-41B4-A8E9-8C9B6C6FFB3A}.Ad-Hoc|iPhoneSimulator.ActiveCfg = Ad-Hoc|iPhoneSimulator
		{DDFB4514-E513-41B4-A8E9-8C9B6C6FFB3A}.Ad-Hoc|iPhoneSimulator.Build.0 = Ad-Hoc|iPhoneSimulator
		{DDFB4514-E513-41B4-A8E9-8C9B6C6FFB3A}.Ad-Hoc|x64.ActiveCfg = Ad-Hoc|iPhone
		{DDFB4514-E513-41B4-A8E9-8C9B6C6FFB3A}.Ad-Hoc|x86.ActiveCfg = Ad-Hoc|iPhone
		{DDFB4514-E513-41B4-A8E9-8C9B6C6FFB3A}.AppStore|Any CPU.ActiveCfg = AppStore|iPhone
		{DDFB4514-E513-41B4-A8E9-8C9B6C6FFB3A}.AppStore|ARM.ActiveCfg = AppStore|iPhone
		{DDFB4514-E513-41B4-A8E9-8C9B6C6FFB3A}.AppStore|iPhone.ActiveCfg = AppStore|iPhone
		{DDFB4514-E513-41B4-A8E9-8C9B6C6FFB3A}.AppStore|iPhone.Build.0 = AppStore|iPhone
		{DDFB4514-E513-41B4-A8E9-8C9B6C6FFB3A}.AppStore|iPhoneSimulator.ActiveCfg = AppStore|iPhoneSimulator
		{DDFB4514-E513-41B4-A8E9-8C9B6C6FFB3A}.AppStore|iPhoneSimulator.Build.0 = AppStore|iPhoneSimulator
		{DDFB4514-E513-41B4-A8E9-8C9B6C6FFB3A}.AppStore|x64.ActiveCfg = AppStore|iPhone
		{DDFB4514-E513-41B4-A8E9-8C9B6C6FFB3A}.AppStore|x86.ActiveCfg = AppStore|iPhone
		{DDFB4514-E513-41B4-A8E9-8C9B6C6FFB3A}.Debug|Any CPU.ActiveCfg = Debug|iPhone
		{DDFB4514-E513-41B4-A8E9-8C9B6C6FFB3A}.Debug|Any CPU.Build.0 = Debug|iPhone
		{DDFB4514-E513-41B4-A8E9-8C9B6C6FFB3A}.Debug|ARM.ActiveCfg = Debug|iPhone
		{DDFB4514-E513-41B4-A8E9-8C9B6C6FFB3A}.Debug|iPhone.ActiveCfg = Debug|iPhone
		{DDFB4514-E513-41B4-A8E9-8C9B6C6FFB3A}.Debug|iPhone.Build.0 = Debug|iPhone
		{DDFB4514-E513-41B4-A8E9-8C9B6C6FFB3A}.Debug|iPhoneSimulator.ActiveCfg = Debug|iPhoneSimulator
		{DDFB4514-E513-41B4-A8E9-8C9B6C6FFB3A}.Debug|iPhoneSimulator.Build.0 = Debug|iPhoneSimulator
		{DDFB4514-E513-41B4-A8E9-8C9B6C6FFB3A}.Debug|x64.ActiveCfg = Debug|iPhone
		{DDFB4514-E513-41B4-A8E9-8C9B6C6FFB3A}.Debug|x86.ActiveCfg = Debug|iPhone
		{DDFB4514-E513-41B4-A8E9-8C9B6C6FFB3A}.Release|Any CPU.ActiveCfg = Release|iPhone
		{DDFB4514-E513-41B4-A8E9-8C9B6C6FFB3A}.Release|ARM.ActiveCfg = Release|iPhone
		{DDFB4514-E513-41B4-A8E9-8C9B6C6FFB3A}.Release|iPhone.ActiveCfg = Release|iPhone
		{DDFB4514-E513-41B4-A8E9-8C9B6C6FFB3A}.Release|iPhone.Build.0 = Release|iPhone
		{DDFB4514-E513-41B4-A8E9-8C9B6C6FFB3A}.Release|iPhoneSimulator.ActiveCfg = Release|iPhoneSimulator
		{DDFB4514-E513-41B4-A8E9-8C9B6C6FFB3A}.Release|iPhoneSimulator.Build.0 = Release|iPhoneSimulator
		{DDFB4514-E513-41B4-A8E9-8C9B6C6FFB3A}.Release|x64.ActiveCfg = Release|iPhone
		{DDFB4514-E513-41B4-A8E9-8C9B6C6FFB3A}.Release|x86.ActiveCfg = Release|iPhone
		{4DA33642-99C9-4F66-82F9-945C1D98EB06}.Ad-Hoc|Any CPU.ActiveCfg = Release|x86
		{4DA33642-99C9-4F66-82F9-945C1D98EB06}.Ad-Hoc|Any CPU.Build.0 = Release|x86
		{4DA33642-99C9-4F66-82F9-945C1D98EB06}.Ad-Hoc|Any CPU.Deploy.0 = Release|x86
		{4DA33642-99C9-4F66-82F9-945C1D98EB06}.Ad-Hoc|ARM.ActiveCfg = Release|ARM
		{4DA33642-99C9-4F66-82F9-945C1D98EB06}.Ad-Hoc|ARM.Build.0 = Release|ARM
		{4DA33642-99C9-4F66-82F9-945C1D98EB06}.Ad-Hoc|ARM.Deploy.0 = Release|ARM
		{4DA33642-99C9-4F66-82F9-945C1D98EB06}.Ad-Hoc|iPhone.ActiveCfg = Release|x86
		{4DA33642-99C9-4F66-82F9-945C1D98EB06}.Ad-Hoc|iPhone.Build.0 = Release|x86
		{4DA33642-99C9-4F66-82F9-945C1D98EB06}.Ad-Hoc|iPhone.Deploy.0 = Release|x86
		{4DA33642-99C9-4F66-82F9-945C1D98EB06}.Ad-Hoc|iPhoneSimulator.ActiveCfg = Release|x86
		{4DA33642-99C9-4F66-82F9-945C1D98EB06}.Ad-Hoc|iPhoneSimulator.Build.0 = Release|x86
		{4DA33642-99C9-4F66-82F9-945C1D98EB06}.Ad-Hoc|iPhoneSimulator.Deploy.0 = Release|x86
		{4DA33642-99C9-4F66-82F9-945C1D98EB06}.Ad-Hoc|x64.ActiveCfg = Release|x64
		{4DA33642-99C9-4F66-82F9-945C1D98EB06}.Ad-Hoc|x64.Build.0 = Release|x64
		{4DA33642-99C9-4F66-82F9-945C1D98EB06}.Ad-Hoc|x64.Deploy.0 = Release|x64
		{4DA33642-99C9-4F66-82F9-945C1D98EB06}.Ad-Hoc|x86.ActiveCfg = Release|x86
		{4DA33642-99C9-4F66-82F9-945C1D98EB06}.Ad-Hoc|x86.Build.0 = Release|x86
		{4DA33642-99C9-4F66-82F9-945C1D98EB06}.Ad-Hoc|x86.Deploy.0 = Release|x86
		{4DA33642-99C9-4F66-82F9-945C1D98EB06}.AppStore|Any CPU.ActiveCfg = Release|x86
		{4DA33642-99C9-4F66-82F9-945C1D98EB06}.AppStore|Any CPU.Build.0 = Release|x86
		{4DA33642-99C9-4F66-82F9-945C1D98EB06}.AppStore|Any CPU.Deploy.0 = Release|x86
		{4DA33642-99C9-4F66-82F9-945C1D98EB06}.AppStore|ARM.ActiveCfg = Release|ARM
		{4DA33642-99C9-4F66-82F9-945C1D98EB06}.AppStore|ARM.Build.0 = Release|ARM
		{4DA33642-99C9-4F66-82F9-945C1D98EB06}.AppStore|ARM.Deploy.0 = Release|ARM
		{4DA33642-99C9-4F66-82F9-945C1D98EB06}.AppStore|iPhone.ActiveCfg = Release|x86
		{4DA33642-99C9-4F66-82F9-945C1D98EB06}.AppStore|iPhone.Build.0 = Release|x86
		{4DA33642-99C9-4F66-82F9-945C1D98EB06}.AppStore|iPhone.Deploy.0 = Release|x86
		{4DA33642-99C9-4F66-82F9-945C1D98EB06}.AppStore|iPhoneSimulator.ActiveCfg = Release|x86
		{4DA33642-99C9-4F66-82F9-945C1D98EB06}.AppStore|iPhoneSimulator.Build.0 = Release|x86
		{4DA33642-99C9-4F66-82F9-945C1D98EB06}.AppStore|iPhoneSimulator.Deploy.0 = Release|x86
		{4DA33642-99C9-4F66-82F9-945C1D98EB06}.AppStore|x64.ActiveCfg = Release|x64
		{4DA33642-99C9-4F66-82F9-945C1D98EB06}.AppStore|x64.Build.0 = Release|x64
		{4DA33642-99C9-4F66-82F9-945C1D98EB06}.AppStore|x64.Deploy.0 = Release|x64
		{4DA33642-99C9-4F66-82F9-945C1D98EB06}.AppStore|x86.ActiveCfg = Release|x86
		{4DA33642-99C9-4F66-82F9-945C1D98EB06}.AppStore|x86.Build.0 = Release|x86
		{4DA33642-99C9-4F66-82F9-945C1D98EB06}.AppStore|x86.Deploy.0 = Release|x86
		{4DA33642-99C9-4F66-82F9-945C1D98EB06}.Debug|Any CPU.ActiveCfg = Debug|x86
		{4DA33642-99C9-4F66-82F9-945C1D98EB06}.Debug|Any CPU.Build.0 = Debug|x86
		{4DA33642-99C9-4F66-82F9-945C1D98EB06}.Debug|Any CPU.Deploy.0 = Debug|x86
		{4DA33642-99C9-4F66-82F9-945C1D98EB06}.Debug|ARM.ActiveCfg = Debug|ARM
		{4DA33642-99C9-4F66-82F9-945C1D98EB06}.Debug|ARM.Build.0 = Debug|ARM
		{4DA33642-99C9-4F66-82F9-945C1D98EB06}.Debug|ARM.Deploy.0 = Debug|ARM
		{4DA33642-99C9-4F66-82F9-945C1D98EB06}.Debug|iPhone.ActiveCfg = Debug|x86
		{4DA33642-99C9-4F66-82F9-945C1D98EB06}.Debug|iPhoneSimulator.ActiveCfg = Debug|x86
		{4DA33642-99C9-4F66-82F9-945C1D98EB06}.Debug|x64.ActiveCfg = Debug|x64
		{4DA33642-99C9-4F66-82F9-945C1D98EB06}.Debug|x64.Build.0 = Debug|x64
		{4DA33642-99C9-4F66-82F9-945C1D98EB06}.Debug|x64.Deploy.0 = Debug|x64
		{4DA33642-99C9-4F66-82F9-945C1D98EB06}.Debug|x86.ActiveCfg = Debug|x86
		{4DA33642-99C9-4F66-82F9-945C1D98EB06}.Debug|x86.Build.0 = Debug|x86
		{4DA33642-99C9-4F66-82F9-945C1D98EB06}.Debug|x86.Deploy.0 = Debug|x86
		{4DA33642-99C9-4F66-82F9-945C1D98EB06}.Release|Any CPU.ActiveCfg = Release|x86
		{4DA33642-99C9-4F66-82F9-945C1D98EB06}.Release|ARM.ActiveCfg = Release|ARM
		{4DA33642-99C9-4F66-82F9-945C1D98EB06}.Release|ARM.Build.0 = Release|ARM
		{4DA33642-99C9-4F66-82F9-945C1D98EB06}.Release|ARM.Deploy.0 = Release|ARM
		{4DA33642-99C9-4F66-82F9-945C1D98EB06}.Release|iPhone.ActiveCfg = Release|x86
		{4DA33642-99C9-4F66-82F9-945C1D98EB06}.Release|iPhoneSimulator.ActiveCfg = Release|x86
		{4DA33642-99C9-4F66-82F9-945C1D98EB06}.Release|x64.ActiveCfg = Release|x64
		{4DA33642-99C9-4F66-82F9-945C1D98EB06}.Release|x64.Build.0 = Release|x64
		{4DA33642-99C9-4F66-82F9-945C1D98EB06}.Release|x64.Deploy.0 = Release|x64
		{4DA33642-99C9-4F66-82F9-945C1D98EB06}.Release|x86.ActiveCfg = Release|x86
		{4DA33642-99C9-4F66-82F9-945C1D98EB06}.Release|x86.Build.0 = Release|x86
		{4DA33642-99C9-4F66-82F9-945C1D98EB06}.Release|x86.Deploy.0 = Release|x86
	EndGlobalSection
	GlobalSection(SolutionProperties) = preSolution
		HideSolutionNode = FALSE
	EndGlobalSection
EndGlobal
