
Microsoft Visual Studio Solution File, Format Version 12.00
# Visual Studio 14
VisualStudioVersion = 14.0.25420.1
MinimumVisualStudioVersion = 10.0.40219.1
Project("{FAE04EC0-301F-11D3-BF4B-00C04F79EFBC}") = "XFListViewRefresh", "XFListViewRefresh\XFListViewRefresh\XFListViewRefresh.csproj", "{6EA7419C-9308-45A0-AEFE-367E3C1C9C26}"
EndProject
Project("{FAE04EC0-301F-11D3-BF4B-00C04F79EFBC}") = "XFListViewRefresh.Droid", "XFListViewRefresh\XFListViewRefresh.Droid\XFListViewRefresh.Droid.csproj", "{4CA0F075-D308-4D6D-8AC9-3623AEE21487}"
EndProject
Project("{FAE04EC0-301F-11D3-BF4B-00C04F79EFBC}") = "XFListViewRefresh.iOS", "XFListViewRefresh\XFListViewRefresh.iOS\XFListViewRefresh.iOS.csproj", "{CDA16E1E-E1CC-46AF-8A92-3D1236DC9451}"
EndProject
Project("{FAE04EC0-301F-11D3-BF4B-00C04F79EFBC}") = "XFListViewRefresh.UWP", "XFListViewRefresh\XFListViewRefresh.UWP\XFListViewRefresh.UWP.csproj", "{3A55379B-E9EE-401F-83A7-1F75B8565958}"
EndProject
Global
	GlobalSection(SolutionConfigurationPlatforms) = preSolution
		Ad-Hoc|Any CPU = Ad-Hoc|Any CPU
		Ad-Hoc|ARM = Ad-Hoc|ARM
		Ad-Hoc|iPhone = Ad-Hoc|iPhone
		Ad-Hoc|iPhoneSimulator = Ad-Hoc|iPhoneSimulator
		Ad-Hoc|x64 = Ad-Hoc|x64
		Ad-Hoc|x86 = Ad-Hoc|x86
		AppStore|Any CPU = AppStore|Any CPU
		AppStore|ARM = AppStore|ARM
		AppStore|iPhone = AppStore|iPhone
		AppStore|iPhoneSimulator = AppStore|iPhoneSimulator
		AppStore|x64 = AppStore|x64
		AppStore|x86 = AppStore|x86
		Debug|Any CPU = Debug|Any CPU
		Debug|ARM = Debug|ARM
		Debug|iPhone = Debug|iPhone
		Debug|iPhoneSimulator = Debug|iPhoneSimulator
		Debug|x64 = Debug|x64
		Debug|x86 = Debug|x86
		Release|Any CPU = Release|Any CPU
		Release|ARM = Release|ARM
		Release|iPhone = Release|iPhone
		Release|iPhoneSimulator = Release|iPhoneSimulator
		Release|x64 = Release|x64
		Release|x86 = Release|x86
	EndGlobalSection
	GlobalSection(ProjectConfigurationPlatforms) = postSolution
		{6EA7419C-9308-45A0-AEFE-367E3C1C9C26}.Ad-Hoc|Any CPU.ActiveCfg = Release|Any CPU
		{6EA7419C-9308-45A0-AEFE-367E3C1C9C26}.Ad-Hoc|Any CPU.Build.0 = Release|Any CPU
		{6EA7419C-9308-45A0-AEFE-367E3C1C9C26}.Ad-Hoc|ARM.ActiveCfg = Release|Any CPU
		{6EA7419C-9308-45A0-AEFE-367E3C1C9C26}.Ad-Hoc|ARM.Build.0 = Release|Any CPU
		{6EA7419C-9308-45A0-AEFE-367E3C1C9C26}.Ad-Hoc|iPhone.ActiveCfg = Release|Any CPU
		{6EA7419C-9308-45A0-AEFE-367E3C1C9C26}.Ad-Hoc|iPhone.Build.0 = Release|Any CPU
		{6EA7419C-9308-45A0-AEFE-367E3C1C9C26}.Ad-Hoc|iPhoneSimulator.ActiveCfg = Release|Any CPU
		{6EA7419C-9308-45A0-AEFE-367E3C1C9C26}.Ad-Hoc|iPhoneSimulator.Build.0 = Release|Any CPU
		{6EA7419C-9308-45A0-AEFE-367E3C1C9C26}.Ad-Hoc|x64.ActiveCfg = Release|Any CPU
		{6EA7419C-9308-45A0-AEFE-367E3C1C9C26}.Ad-Hoc|x64.Build.0 = Release|Any CPU
		{6EA7419C-9308-45A0-AEFE-367E3C1C9C26}.Ad-Hoc|x86.ActiveCfg = Release|Any CPU
		{6EA7419C-9308-45A0-AEFE-367E3C1C9C26}.Ad-Hoc|x86.Build.0 = Release|Any CPU
		{6EA7419C-9308-45A0-AEFE-367E3C1C9C26}.AppStore|Any CPU.ActiveCfg = Release|Any CPU
		{6EA7419C-9308-45A0-AEFE-367E3C1C9C26}.AppStore|Any CPU.Build.0 = Release|Any CPU
		{6EA7419C-9308-45A0-AEFE-367E3C1C9C26}.AppStore|ARM.ActiveCfg = Release|Any CPU
		{6EA7419C-9308-45A0-AEFE-367E3C1C9C26}.AppStore|ARM.Build.0 = Release|Any CPU
		{6EA7419C-9308-45A0-AEFE-367E3C1C9C26}.AppStore|iPhone.ActiveCfg = Release|Any CPU
		{6EA7419C-9308-45A0-AEFE-367E3C1C9C26}.AppStore|iPhone.Build.0 = Release|Any CPU
		{6EA7419C-9308-45A0-AEFE-367E3C1C9C26}.AppStore|iPhoneSimulator.ActiveCfg = Release|Any CPU
		{6EA7419C-9308-45A0-AEFE-367E3C1C9C26}.AppStore|iPhoneSimulator.Build.0 = Release|Any CPU
		{6EA7419C-9308-45A0-AEFE-367E3C1C9C26}.AppStore|x64.ActiveCfg = Release|Any CPU
		{6EA7419C-9308-45A0-AEFE-367E3C1C9C26}.AppStore|x64.Build.0 = Release|Any CPU
		{6EA7419C-9308-45A0-AEFE-367E3C1C9C26}.AppStore|x86.ActiveCfg = Release|Any CPU
		{6EA7419C-9308-45A0-AEFE-367E3C1C9C26}.AppStore|x86.Build.0 = Release|Any CPU
		{6EA7419C-9308-45A0-AEFE-367E3C1C9C26}.Debug|Any CPU.ActiveCfg = Debug|Any CPU
		{6EA7419C-9308-45A0-AEFE-367E3C1C9C26}.Debug|Any CPU.Build.0 = Debug|Any CPU
		{6EA7419C-9308-45A0-AEFE-367E3C1C9C26}.Debug|ARM.ActiveCfg = Debug|Any CPU
		{6EA7419C-9308-45A0-AEFE-367E3C1C9C26}.Debug|ARM.Build.0 = Debug|Any CPU
		{6EA7419C-9308-45A0-AEFE-367E3C1C9C26}.Debug|iPhone.ActiveCfg = Debug|Any CPU
		{6EA7419C-9308-45A0-AEFE-367E3C1C9C26}.Debug|iPhone.Build.0 = Debug|Any CPU
		{6EA7419C-9308-45A0-AEFE-367E3C1C9C26}.Debug|iPhoneSimulator.ActiveCfg = Debug|Any CPU
		{6EA7419C-9308-45A0-AEFE-367E3C1C9C26}.Debug|iPhoneSimulator.Build.0 = Debug|Any CPU
		{6EA7419C-9308-45A0-AEFE-367E3C1C9C26}.Debug|x64.ActiveCfg = Debug|Any CPU
		{6EA7419C-9308-45A0-AEFE-367E3C1C9C26}.Debug|x64.Build.0 = Debug|Any CPU
		{6EA7419C-9308-45A0-AEFE-367E3C1C9C26}.Debug|x86.ActiveCfg = Debug|Any CPU
		{6EA7419C-9308-45A0-AEFE-367E3C1C9C26}.Debug|x86.Build.0 = Debug|Any CPU
		{6EA7419C-9308-45A0-AEFE-367E3C1C9C26}.Release|Any CPU.ActiveCfg = Release|Any CPU
		{6EA7419C-9308-45A0-AEFE-367E3C1C9C26}.Release|Any CPU.Build.0 = Release|Any CPU
		{6EA7419C-9308-45A0-AEFE-367E3C1C9C26}.Release|ARM.ActiveCfg = Release|Any CPU
		{6EA7419C-9308-45A0-AEFE-367E3C1C9C26}.Release|ARM.Build.0 = Release|Any CPU
		{6EA7419C-9308-45A0-AEFE-367E3C1C9C26}.Release|iPhone.ActiveCfg = Release|Any CPU
		{6EA7419C-9308-45A0-AEFE-367E3C1C9C26}.Release|iPhone.Build.0 = Release|Any CPU
		{6EA7419C-9308-45A0-AEFE-367E3C1C9C26}.Release|iPhoneSimulator.ActiveCfg = Release|Any CPU
		{6EA7419C-9308-45A0-AEFE-367E3C1C9C26}.Release|iPhoneSimulator.Build.0 = Release|Any CPU
		{6EA7419C-9308-45A0-AEFE-367E3C1C9C26}.Release|x64.ActiveCfg = Release|Any CPU
		{6EA7419C-9308-45A0-AEFE-367E3C1C9C26}.Release|x64.Build.0 = Release|Any CPU
		{6EA7419C-9308-45A0-AEFE-367E3C1C9C26}.Release|x86.ActiveCfg = Release|Any CPU
		{6EA7419C-9308-45A0-AEFE-367E3C1C9C26}.Release|x86.Build.0 = Release|Any CPU
		{4CA0F075-D308-4D6D-8AC9-3623AEE21487}.Ad-Hoc|Any CPU.ActiveCfg = Release|Any CPU
		{4CA0F075-D308-4D6D-8AC9-3623AEE21487}.Ad-Hoc|Any CPU.Build.0 = Release|Any CPU
		{4CA0F075-D308-4D6D-8AC9-3623AEE21487}.Ad-Hoc|Any CPU.Deploy.0 = Release|Any CPU
		{4CA0F075-D308-4D6D-8AC9-3623AEE21487}.Ad-Hoc|ARM.ActiveCfg = Release|Any CPU
		{4CA0F075-D308-4D6D-8AC9-3623AEE21487}.Ad-Hoc|ARM.Build.0 = Release|Any CPU
		{4CA0F075-D308-4D6D-8AC9-3623AEE21487}.Ad-Hoc|ARM.Deploy.0 = Release|Any CPU
		{4CA0F075-D308-4D6D-8AC9-3623AEE21487}.Ad-Hoc|iPhone.ActiveCfg = Release|Any CPU
		{4CA0F075-D308-4D6D-8AC9-3623AEE21487}.Ad-Hoc|iPhone.Build.0 = Release|Any CPU
		{4CA0F075-D308-4D6D-8AC9-3623AEE21487}.Ad-Hoc|iPhone.Deploy.0 = Release|Any CPU
		{4CA0F075-D308-4D6D-8AC9-3623AEE21487}.Ad-Hoc|iPhoneSimulator.ActiveCfg = Release|Any CPU
		{4CA0F075-D308-4D6D-8AC9-3623AEE21487}.Ad-Hoc|iPhoneSimulator.Build.0 = Release|Any CPU
		{4CA0F075-D308-4D6D-8AC9-3623AEE21487}.Ad-Hoc|iPhoneSimulator.Deploy.0 = Release|Any CPU
		{4CA0F075-D308-4D6D-8AC9-3623AEE21487}.Ad-Hoc|x64.ActiveCfg = Release|Any CPU
		{4CA0F075-D308-4D6D-8AC9-3623AEE21487}.Ad-Hoc|x64.Build.0 = Release|Any CPU
		{4CA0F075-D308-4D6D-8AC9-3623AEE21487}.Ad-Hoc|x64.Deploy.0 = Release|Any CPU
		{4CA0F075-D308-4D6D-8AC9-3623AEE21487}.Ad-Hoc|x86.ActiveCfg = Release|Any CPU
		{4CA0F075-D308-4D6D-8AC9-3623AEE21487}.Ad-Hoc|x86.Build.0 = Release|Any CPU
		{4CA0F075-D308-4D6D-8AC9-3623AEE21487}.Ad-Hoc|x86.Deploy.0 = Release|Any CPU
		{4CA0F075-D308-4D6D-8AC9-3623AEE21487}.AppStore|Any CPU.ActiveCfg = Release|Any CPU
		{4CA0F075-D308-4D6D-8AC9-3623AEE21487}.AppStore|Any CPU.Build.0 = Release|Any CPU
		{4CA0F075-D308-4D6D-8AC9-3623AEE21487}.AppStore|Any CPU.Deploy.0 = Release|Any CPU
		{4CA0F075-D308-4D6D-8AC9-3623AEE21487}.AppStore|ARM.ActiveCfg = Release|Any CPU
		{4CA0F075-D308-4D6D-8AC9-3623AEE21487}.AppStore|ARM.Build.0 = Release|Any CPU
		{4CA0F075-D308-4D6D-8AC9-3623AEE21487}.AppStore|ARM.Deploy.0 = Release|Any CPU
		{4CA0F075-D308-4D6D-8AC9-3623AEE21487}.AppStore|iPhone.ActiveCfg = Release|Any CPU
		{4CA0F075-D308-4D6D-8AC9-3623AEE21487}.AppStore|iPhone.Build.0 = Release|Any CPU
		{4CA0F075-D308-4D6D-8AC9-3623AEE21487}.AppStore|iPhone.Deploy.0 = Release|Any CPU
		{4CA0F075-D308-4D6D-8AC9-3623AEE21487}.AppStore|iPhoneSimulator.ActiveCfg = Release|Any CPU
		{4CA0F075-D308-4D6D-8AC9-3623AEE21487}.AppStore|iPhoneSimulator.Build.0 = Release|Any CPU
		{4CA0F075-D308-4D6D-8AC9-3623AEE21487}.AppStore|iPhoneSimulator.Deploy.0 = Release|Any CPU
		{4CA0F075-D308-4D6D-8AC9-3623AEE21487}.AppStore|x64.ActiveCfg = Release|Any CPU
		{4CA0F075-D308-4D6D-8AC9-3623AEE21487}.AppStore|x64.Build.0 = Release|Any CPU
		{4CA0F075-D308-4D6D-8AC9-3623AEE21487}.AppStore|x64.Deploy.0 = Release|Any CPU
		{4CA0F075-D308-4D6D-8AC9-3623AEE21487}.AppStore|x86.ActiveCfg = Release|Any CPU
		{4CA0F075-D308-4D6D-8AC9-3623AEE21487}.AppStore|x86.Build.0 = Release|Any CPU
		{4CA0F075-D308-4D6D-8AC9-3623AEE21487}.AppStore|x86.Deploy.0 = Release|Any CPU
		{4CA0F075-D308-4D6D-8AC9-3623AEE21487}.Debug|Any CPU.ActiveCfg = Debug|Any CPU
		{4CA0F075-D308-4D6D-8AC9-3623AEE21487}.Debug|Any CPU.Build.0 = Debug|Any CPU
		{4CA0F075-D308-4D6D-8AC9-3623AEE21487}.Debug|Any CPU.Deploy.0 = Debug|Any CPU
		{4CA0F075-D308-4D6D-8AC9-3623AEE21487}.Debug|ARM.ActiveCfg = Debug|Any CPU
		{4CA0F075-D308-4D6D-8AC9-3623AEE21487}.Debug|ARM.Build.0 = Debug|Any CPU
		{4CA0F075-D308-4D6D-8AC9-3623AEE21487}.Debug|ARM.Deploy.0 = Debug|Any CPU
		{4CA0F075-D308-4D6D-8AC9-3623AEE21487}.Debug|iPhone.ActiveCfg = Debug|Any CPU
		{4CA0F075-D308-4D6D-8AC9-3623AEE21487}.Debug|iPhone.Build.0 = Debug|Any CPU
		{4CA0F075-D308-4D6D-8AC9-3623AEE21487}.Debug|iPhone.Deploy.0 = Debug|Any CPU
		{4CA0F075-D308-4D6D-8AC9-3623AEE21487}.Debug|iPhoneSimulator.ActiveCfg = Debug|Any CPU
		{4CA0F075-D308-4D6D-8AC9-3623AEE21487}.Debug|iPhoneSimulator.Build.0 = Debug|Any CPU
		{4CA0F075-D308-4D6D-8AC9-3623AEE21487}.Debug|iPhoneSimulator.Deploy.0 = Debug|Any CPU
		{4CA0F075-D308-4D6D-8AC9-3623AEE21487}.Debug|x64.ActiveCfg = Debug|Any CPU
		{4CA0F075-D308-4D6D-8AC9-3623AEE21487}.Debug|x64.Build.0 = Debug|Any CPU
		{4CA0F075-D308-4D6D-8AC9-3623AEE21487}.Debug|x64.Deploy.0 = Debug|Any CPU
		{4CA0F075-D308-4D6D-8AC9-3623AEE21487}.Debug|x86.ActiveCfg = Debug|Any CPU
		{4CA0F075-D308-4D6D-8AC9-3623AEE21487}.Debug|x86.Build.0 = Debug|Any CPU
		{4CA0F075-D308-4D6D-8AC9-3623AEE21487}.Debug|x86.Deploy.0 = Debug|Any CPU
		{4CA0F075-D308-4D6D-8AC9-3623AEE21487}.Release|Any CPU.ActiveCfg = Release|Any CPU
		{4CA0F075-D308-4D6D-8AC9-3623AEE21487}.Release|Any CPU.Build.0 = Release|Any CPU
		{4CA0F075-D308-4D6D-8AC9-3623AEE21487}.Release|Any CPU.Deploy.0 = Release|Any CPU
		{4CA0F075-D308-4D6D-8AC9-3623AEE21487}.Release|ARM.ActiveCfg = Release|Any CPU
		{4CA0F075-D308-4D6D-8AC9-3623AEE21487}.Release|ARM.Build.0 = Release|Any CPU
		{4CA0F075-D308-4D6D-8AC9-3623AEE21487}.Release|ARM.Deploy.0 = Release|Any CPU
		{4CA0F075-D308-4D6D-8AC9-3623AEE21487}.Release|iPhone.ActiveCfg = Release|Any CPU
		{4CA0F075-D308-4D6D-8AC9-3623AEE21487}.Release|iPhone.Build.0 = Release|Any CPU
		{4CA0F075-D308-4D6D-8AC9-3623AEE21487}.Release|iPhone.Deploy.0 = Release|Any CPU
		{4CA0F075-D308-4D6D-8AC9-3623AEE21487}.Release|iPhoneSimulator.ActiveCfg = Release|Any CPU
		{4CA0F075-D308-4D6D-8AC9-3623AEE21487}.Release|iPhoneSimulator.Build.0 = Release|Any CPU
		{4CA0F075-D308-4D6D-8AC9-3623AEE21487}.Release|iPhoneSimulator.Deploy.0 = Release|Any CPU
		{4CA0F075-D308-4D6D-8AC9-3623AEE21487}.Release|x64.ActiveCfg = Release|Any CPU
		{4CA0F075-D308-4D6D-8AC9-3623AEE21487}.Release|x64.Build.0 = Release|Any CPU
		{4CA0F075-D308-4D6D-8AC9-3623AEE21487}.Release|x64.Deploy.0 = Release|Any CPU
		{4CA0F075-D308-4D6D-8AC9-3623AEE21487}.Release|x86.ActiveCfg = Release|Any CPU
		{4CA0F075-D308-4D6D-8AC9-3623AEE21487}.Release|x86.Build.0 = Release|Any CPU
		{4CA0F075-D308-4D6D-8AC9-3623AEE21487}.Release|x86.Deploy.0 = Release|Any CPU
		{CDA16E1E-E1CC-46AF-8A92-3D1236DC9451}.Ad-Hoc|Any CPU.ActiveCfg = Ad-Hoc|iPhone
		{CDA16E1E-E1CC-46AF-8A92-3D1236DC9451}.Ad-Hoc|ARM.ActiveCfg = Ad-Hoc|iPhone
		{CDA16E1E-E1CC-46AF-8A92-3D1236DC9451}.Ad-Hoc|iPhone.ActiveCfg = Ad-Hoc|iPhone
		{CDA16E1E-E1CC-46AF-8A92-3D1236DC9451}.Ad-Hoc|iPhone.Build.0 = Ad-Hoc|iPhone
		{CDA16E1E-E1CC-46AF-8A92-3D1236DC9451}.Ad-Hoc|iPhoneSimulator.ActiveCfg = Ad-Hoc|iPhoneSimulator
		{CDA16E1E-E1CC-46AF-8A92-3D1236DC9451}.Ad-Hoc|iPhoneSimulator.Build.0 = Ad-Hoc|iPhoneSimulator
		{CDA16E1E-E1CC-46AF-8A92-3D1236DC9451}.Ad-Hoc|x64.ActiveCfg = Ad-Hoc|iPhone
		{CDA16E1E-E1CC-46AF-8A92-3D1236DC9451}.Ad-Hoc|x86.ActiveCfg = Ad-Hoc|iPhone
		{CDA16E1E-E1CC-46AF-8A92-3D1236DC9451}.AppStore|Any CPU.ActiveCfg = AppStore|iPhone
		{CDA16E1E-E1CC-46AF-8A92-3D1236DC9451}.AppStore|ARM.ActiveCfg = AppStore|iPhone
		{CDA16E1E-E1CC-46AF-8A92-3D1236DC9451}.AppStore|iPhone.ActiveCfg = AppStore|iPhone
		{CDA16E1E-E1CC-46AF-8A92-3D1236DC9451}.AppStore|iPhone.Build.0 = AppStore|iPhone
		{CDA16E1E-E1CC-46AF-8A92-3D1236DC9451}.AppStore|iPhoneSimulator.ActiveCfg = AppStore|iPhoneSimulator
		{CDA16E1E-E1CC-46AF-8A92-3D1236DC9451}.AppStore|iPhoneSimulator.Build.0 = AppStore|iPhoneSimulator
		{CDA16E1E-E1CC-46AF-8A92-3D1236DC9451}.AppStore|x64.ActiveCfg = AppStore|iPhone
		{CDA16E1E-E1CC-46AF-8A92-3D1236DC9451}.AppStore|x86.ActiveCfg = AppStore|iPhone
		{CDA16E1E-E1CC-46AF-8A92-3D1236DC9451}.Debug|Any CPU.ActiveCfg = Debug|iPhone
		{CDA16E1E-E1CC-46AF-8A92-3D1236DC9451}.Debug|ARM.ActiveCfg = Debug|iPhone
		{CDA16E1E-E1CC-46AF-8A92-3D1236DC9451}.Debug|iPhone.ActiveCfg = Debug|iPhone
		{CDA16E1E-E1CC-46AF-8A92-3D1236DC9451}.Debug|iPhone.Build.0 = Debug|iPhone
		{CDA16E1E-E1CC-46AF-8A92-3D1236DC9451}.Debug|iPhoneSimulator.ActiveCfg = Debug|iPhoneSimulator
		{CDA16E1E-E1CC-46AF-8A92-3D1236DC9451}.Debug|iPhoneSimulator.Build.0 = Debug|iPhoneSimulator
		{CDA16E1E-E1CC-46AF-8A92-3D1236DC9451}.Debug|x64.ActiveCfg = Debug|iPhone
		{CDA16E1E-E1CC-46AF-8A92-3D1236DC9451}.Debug|x86.ActiveCfg = Debug|iPhone
		{CDA16E1E-E1CC-46AF-8A92-3D1236DC9451}.Release|Any CPU.ActiveCfg = Release|iPhone
		{CDA16E1E-E1CC-46AF-8A92-3D1236DC9451}.Release|ARM.ActiveCfg = Release|iPhone
		{CDA16E1E-E1CC-46AF-8A92-3D1236DC9451}.Release|iPhone.ActiveCfg = Release|iPhone
		{CDA16E1E-E1CC-46AF-8A92-3D1236DC9451}.Release|iPhone.Build.0 = Release|iPhone
		{CDA16E1E-E1CC-46AF-8A92-3D1236DC9451}.Release|iPhoneSimulator.ActiveCfg = Release|iPhoneSimulator
		{CDA16E1E-E1CC-46AF-8A92-3D1236DC9451}.Release|iPhoneSimulator.Build.0 = Release|iPhoneSimulator
		{CDA16E1E-E1CC-46AF-8A92-3D1236DC9451}.Release|x64.ActiveCfg = Release|iPhone
		{CDA16E1E-E1CC-46AF-8A92-3D1236DC9451}.Release|x86.ActiveCfg = Release|iPhone
		{3A55379B-E9EE-401F-83A7-1F75B8565958}.Ad-Hoc|Any CPU.ActiveCfg = Release|x86
		{3A55379B-E9EE-401F-83A7-1F75B8565958}.Ad-Hoc|Any CPU.Build.0 = Release|x86
		{3A55379B-E9EE-401F-83A7-1F75B8565958}.Ad-Hoc|Any CPU.Deploy.0 = Release|x86
		{3A55379B-E9EE-401F-83A7-1F75B8565958}.Ad-Hoc|ARM.ActiveCfg = Release|ARM
		{3A55379B-E9EE-401F-83A7-1F75B8565958}.Ad-Hoc|ARM.Build.0 = Release|ARM
		{3A55379B-E9EE-401F-83A7-1F75B8565958}.Ad-Hoc|ARM.Deploy.0 = Release|ARM
		{3A55379B-E9EE-401F-83A7-1F75B8565958}.Ad-Hoc|iPhone.ActiveCfg = Release|x86
		{3A55379B-E9EE-401F-83A7-1F75B8565958}.Ad-Hoc|iPhone.Build.0 = Release|x86
		{3A55379B-E9EE-401F-83A7-1F75B8565958}.Ad-Hoc|iPhone.Deploy.0 = Release|x86
		{3A55379B-E9EE-401F-83A7-1F75B8565958}.Ad-Hoc|iPhoneSimulator.ActiveCfg = Release|x86
		{3A55379B-E9EE-401F-83A7-1F75B8565958}.Ad-Hoc|iPhoneSimulator.Build.0 = Release|x86
		{3A55379B-E9EE-401F-83A7-1F75B8565958}.Ad-Hoc|iPhoneSimulator.Deploy.0 = Release|x86
		{3A55379B-E9EE-401F-83A7-1F75B8565958}.Ad-Hoc|x64.ActiveCfg = Release|x64
		{3A55379B-E9EE-401F-83A7-1F75B8565958}.Ad-Hoc|x64.Build.0 = Release|x64
		{3A55379B-E9EE-401F-83A7-1F75B8565958}.Ad-Hoc|x64.Deploy.0 = Release|x64
		{3A55379B-E9EE-401F-83A7-1F75B8565958}.Ad-Hoc|x86.ActiveCfg = Release|x86
		{3A55379B-E9EE-401F-83A7-1F75B8565958}.Ad-Hoc|x86.Build.0 = Release|x86
		{3A55379B-E9EE-401F-83A7-1F75B8565958}.Ad-Hoc|x86.Deploy.0 = Release|x86
		{3A55379B-E9EE-401F-83A7-1F75B8565958}.AppStore|Any CPU.ActiveCfg = Release|x86
		{3A55379B-E9EE-401F-83A7-1F75B8565958}.AppStore|Any CPU.Build.0 = Release|x86
		{3A55379B-E9EE-401F-83A7-1F75B8565958}.AppStore|Any CPU.Deploy.0 = Release|x86
		{3A55379B-E9EE-401F-83A7-1F75B8565958}.AppStore|ARM.ActiveCfg = Release|ARM
		{3A55379B-E9EE-401F-83A7-1F75B8565958}.AppStore|ARM.Build.0 = Release|ARM
		{3A55379B-E9EE-401F-83A7-1F75B8565958}.AppStore|ARM.Deploy.0 = Release|ARM
		{3A55379B-E9EE-401F-83A7-1F75B8565958}.AppStore|iPhone.ActiveCfg = Release|x86
		{3A55379B-E9EE-401F-83A7-1F75B8565958}.AppStore|iPhone.Build.0 = Release|x86
		{3A55379B-E9EE-401F-83A7-1F75B8565958}.AppStore|iPhone.Deploy.0 = Release|x86
		{3A55379B-E9EE-401F-83A7-1F75B8565958}.AppStore|iPhoneSimulator.ActiveCfg = Release|x86
		{3A55379B-E9EE-401F-83A7-1F75B8565958}.AppStore|iPhoneSimulator.Build.0 = Release|x86
		{3A55379B-E9EE-401F-83A7-1F75B8565958}.AppStore|iPhoneSimulator.Deploy.0 = Release|x86
		{3A55379B-E9EE-401F-83A7-1F75B8565958}.AppStore|x64.ActiveCfg = Release|x64
		{3A55379B-E9EE-401F-83A7-1F75B8565958}.AppStore|x64.Build.0 = Release|x64
		{3A55379B-E9EE-401F-83A7-1F75B8565958}.AppStore|x64.Deploy.0 = Release|x64
		{3A55379B-E9EE-401F-83A7-1F75B8565958}.AppStore|x86.ActiveCfg = Release|x86
		{3A55379B-E9EE-401F-83A7-1F75B8565958}.AppStore|x86.Build.0 = Release|x86
		{3A55379B-E9EE-401F-83A7-1F75B8565958}.AppStore|x86.Deploy.0 = Release|x86
		{3A55379B-E9EE-401F-83A7-1F75B8565958}.Debug|Any CPU.ActiveCfg = Debug|x86
		{3A55379B-E9EE-401F-83A7-1F75B8565958}.Debug|ARM.ActiveCfg = Debug|ARM
		{3A55379B-E9EE-401F-83A7-1F75B8565958}.Debug|ARM.Build.0 = Debug|ARM
		{3A55379B-E9EE-401F-83A7-1F75B8565958}.Debug|ARM.Deploy.0 = Debug|ARM
		{3A55379B-E9EE-401F-83A7-1F75B8565958}.Debug|iPhone.ActiveCfg = Debug|x86
		{3A55379B-E9EE-401F-83A7-1F75B8565958}.Debug|iPhoneSimulator.ActiveCfg = Debug|x86
		{3A55379B-E9EE-401F-83A7-1F75B8565958}.Debug|x64.ActiveCfg = Debug|x64
		{3A55379B-E9EE-401F-83A7-1F75B8565958}.Debug|x64.Build.0 = Debug|x64
		{3A55379B-E9EE-401F-83A7-1F75B8565958}.Debug|x64.Deploy.0 = Debug|x64
		{3A55379B-E9EE-401F-83A7-1F75B8565958}.Debug|x86.ActiveCfg = Debug|x86
		{3A55379B-E9EE-401F-83A7-1F75B8565958}.Debug|x86.Build.0 = Debug|x86
		{3A55379B-E9EE-401F-83A7-1F75B8565958}.Debug|x86.Deploy.0 = Debug|x86
		{3A55379B-E9EE-401F-83A7-1F75B8565958}.Release|Any CPU.ActiveCfg = Release|x86
		{3A55379B-E9EE-401F-83A7-1F75B8565958}.Release|ARM.ActiveCfg = Release|ARM
		{3A55379B-E9EE-401F-83A7-1F75B8565958}.Release|ARM.Build.0 = Release|ARM
		{3A55379B-E9EE-401F-83A7-1F75B8565958}.Release|ARM.Deploy.0 = Release|ARM
		{3A55379B-E9EE-401F-83A7-1F75B8565958}.Release|iPhone.ActiveCfg = Release|x86
		{3A55379B-E9EE-401F-83A7-1F75B8565958}.Release|iPhoneSimulator.ActiveCfg = Release|x86
		{3A55379B-E9EE-401F-83A7-1F75B8565958}.Release|x64.ActiveCfg = Release|x64
		{3A55379B-E9EE-401F-83A7-1F75B8565958}.Release|x64.Build.0 = Release|x64
		{3A55379B-E9EE-401F-83A7-1F75B8565958}.Release|x64.Deploy.0 = Release|x64
		{3A55379B-E9EE-401F-83A7-1F75B8565958}.Release|x86.ActiveCfg = Release|x86
		{3A55379B-E9EE-401F-83A7-1F75B8565958}.Release|x86.Build.0 = Release|x86
		{3A55379B-E9EE-401F-83A7-1F75B8565958}.Release|x86.Deploy.0 = Release|x86
	EndGlobalSection
	GlobalSection(SolutionProperties) = preSolution
		HideSolutionNode = FALSE
	EndGlobalSection
EndGlobal
