
Microsoft Visual Studio Solution File, Format Version 12.00
# Visual Studio 14
VisualStudioVersion = 14.0.25420.1
MinimumVisualStudioVersion = 10.0.40219.1
Project("{FAE04EC0-301F-11D3-BF4B-00C04F79EFBC}") = "XFHideToolbarItem", "XFHideToolbarItem\XFHideToolbarItem\XFHideToolbarItem.csproj", "{46FF7623-B9AC-482E-BCE0-5F6A7FC49936}"
EndProject
Project("{FAE04EC0-301F-11D3-BF4B-00C04F79EFBC}") = "XFHideToolbarItem.Droid", "XFHideToolbarItem\XFHideToolbarItem.Droid\XFHideToolbarItem.Droid.csproj", "{22FB233E-1ACD-43B1-8353-40DFB62BA924}"
EndProject
Project("{FAE04EC0-301F-11D3-BF4B-00C04F79EFBC}") = "XFHideToolbarItem.iOS", "XFHideToolbarItem\XFHideToolbarItem.iOS\XFHideToolbarItem.iOS.csproj", "{FFA66D54-126C-4BFC-92A8-17ADCB336216}"
EndProject
Project("{FAE04EC0-301F-11D3-BF4B-00C04F79EFBC}") = "XFHideToolbarItem.UWP", "XFHideToolbarItem\XFHideToolbarItem.UWP\XFHideToolbarItem.UWP.csproj", "{06C60BA1-EABC-4ED8-900A-D05F4364AE6E}"
EndProject
Global
	GlobalSection(SolutionConfigurationPlatforms) = preSolution
		Ad-Hoc|Any CPU = Ad-Hoc|Any CPU
		Ad-Hoc|ARM = Ad-Hoc|ARM
		Ad-Hoc|iPhone = Ad-Hoc|iPhone
		Ad-Hoc|iPhoneSimulator = Ad-Hoc|iPhoneSimulator
		Ad-Hoc|x64 = Ad-Hoc|x64
		Ad-Hoc|x86 = Ad-Hoc|x86
		AppStore|Any CPU = AppStore|Any CPU
		AppStore|ARM = AppStore|ARM
		AppStore|iPhone = AppStore|iPhone
		AppStore|iPhoneSimulator = AppStore|iPhoneSimulator
		AppStore|x64 = AppStore|x64
		AppStore|x86 = AppStore|x86
		Debug|Any CPU = Debug|Any CPU
		Debug|ARM = Debug|ARM
		Debug|iPhone = Debug|iPhone
		Debug|iPhoneSimulator = Debug|iPhoneSimulator
		Debug|x64 = Debug|x64
		Debug|x86 = Debug|x86
		Release|Any CPU = Release|Any CPU
		Release|ARM = Release|ARM
		Release|iPhone = Release|iPhone
		Release|iPhoneSimulator = Release|iPhoneSimulator
		Release|x64 = Release|x64
		Release|x86 = Release|x86
	EndGlobalSection
	GlobalSection(ProjectConfigurationPlatforms) = postSolution
		{46FF7623-B9AC-482E-BCE0-5F6A7FC49936}.Ad-Hoc|Any CPU.ActiveCfg = Release|Any CPU
		{46FF7623-B9AC-482E-BCE0-5F6A7FC49936}.Ad-Hoc|Any CPU.Build.0 = Release|Any CPU
		{46FF7623-B9AC-482E-BCE0-5F6A7FC49936}.Ad-Hoc|ARM.ActiveCfg = Release|Any CPU
		{46FF7623-B9AC-482E-BCE0-5F6A7FC49936}.Ad-Hoc|ARM.Build.0 = Release|Any CPU
		{46FF7623-B9AC-482E-BCE0-5F6A7FC49936}.Ad-Hoc|iPhone.ActiveCfg = Release|Any CPU
		{46FF7623-B9AC-482E-BCE0-5F6A7FC49936}.Ad-Hoc|iPhone.Build.0 = Release|Any CPU
		{46FF7623-B9AC-482E-BCE0-5F6A7FC49936}.Ad-Hoc|iPhoneSimulator.ActiveCfg = Release|Any CPU
		{46FF7623-B9AC-482E-BCE0-5F6A7FC49936}.Ad-Hoc|iPhoneSimulator.Build.0 = Release|Any CPU
		{46FF7623-B9AC-482E-BCE0-5F6A7FC49936}.Ad-Hoc|x64.ActiveCfg = Release|Any CPU
		{46FF7623-B9AC-482E-BCE0-5F6A7FC49936}.Ad-Hoc|x64.Build.0 = Release|Any CPU
		{46FF7623-B9AC-482E-BCE0-5F6A7FC49936}.Ad-Hoc|x86.ActiveCfg = Release|Any CPU
		{46FF7623-B9AC-482E-BCE0-5F6A7FC49936}.Ad-Hoc|x86.Build.0 = Release|Any CPU
		{46FF7623-B9AC-482E-BCE0-5F6A7FC49936}.AppStore|Any CPU.ActiveCfg = Release|Any CPU
		{46FF7623-B9AC-482E-BCE0-5F6A7FC49936}.AppStore|Any CPU.Build.0 = Release|Any CPU
		{46FF7623-B9AC-482E-BCE0-5F6A7FC49936}.AppStore|ARM.ActiveCfg = Release|Any CPU
		{46FF7623-B9AC-482E-BCE0-5F6A7FC49936}.AppStore|ARM.Build.0 = Release|Any CPU
		{46FF7623-B9AC-482E-BCE0-5F6A7FC49936}.AppStore|iPhone.ActiveCfg = Release|Any CPU
		{46FF7623-B9AC-482E-BCE0-5F6A7FC49936}.AppStore|iPhone.Build.0 = Release|Any CPU
		{46FF7623-B9AC-482E-BCE0-5F6A7FC49936}.AppStore|iPhoneSimulator.ActiveCfg = Release|Any CPU
		{46FF7623-B9AC-482E-BCE0-5F6A7FC49936}.AppStore|iPhoneSimulator.Build.0 = Release|Any CPU
		{46FF7623-B9AC-482E-BCE0-5F6A7FC49936}.AppStore|x64.ActiveCfg = Release|Any CPU
		{46FF7623-B9AC-482E-BCE0-5F6A7FC49936}.AppStore|x64.Build.0 = Release|Any CPU
		{46FF7623-B9AC-482E-BCE0-5F6A7FC49936}.AppStore|x86.ActiveCfg = Release|Any CPU
		{46FF7623-B9AC-482E-BCE0-5F6A7FC49936}.AppStore|x86.Build.0 = Release|Any CPU
		{46FF7623-B9AC-482E-BCE0-5F6A7FC49936}.Debug|Any CPU.ActiveCfg = Debug|Any CPU
		{46FF7623-B9AC-482E-BCE0-5F6A7FC49936}.Debug|Any CPU.Build.0 = Debug|Any CPU
		{46FF7623-B9AC-482E-BCE0-5F6A7FC49936}.Debug|ARM.ActiveCfg = Debug|Any CPU
		{46FF7623-B9AC-482E-BCE0-5F6A7FC49936}.Debug|ARM.Build.0 = Debug|Any CPU
		{46FF7623-B9AC-482E-BCE0-5F6A7FC49936}.Debug|iPhone.ActiveCfg = Debug|Any CPU
		{46FF7623-B9AC-482E-BCE0-5F6A7FC49936}.Debug|iPhone.Build.0 = Debug|Any CPU
		{46FF7623-B9AC-482E-BCE0-5F6A7FC49936}.Debug|iPhoneSimulator.ActiveCfg = Debug|Any CPU
		{46FF7623-B9AC-482E-BCE0-5F6A7FC49936}.Debug|iPhoneSimulator.Build.0 = Debug|Any CPU
		{46FF7623-B9AC-482E-BCE0-5F6A7FC49936}.Debug|x64.ActiveCfg = Debug|Any CPU
		{46FF7623-B9AC-482E-BCE0-5F6A7FC49936}.Debug|x64.Build.0 = Debug|Any CPU
		{46FF7623-B9AC-482E-BCE0-5F6A7FC49936}.Debug|x86.ActiveCfg = Debug|Any CPU
		{46FF7623-B9AC-482E-BCE0-5F6A7FC49936}.Debug|x86.Build.0 = Debug|Any CPU
		{46FF7623-B9AC-482E-BCE0-5F6A7FC49936}.Release|Any CPU.ActiveCfg = Release|Any CPU
		{46FF7623-B9AC-482E-BCE0-5F6A7FC49936}.Release|Any CPU.Build.0 = Release|Any CPU
		{46FF7623-B9AC-482E-BCE0-5F6A7FC49936}.Release|ARM.ActiveCfg = Release|Any CPU
		{46FF7623-B9AC-482E-BCE0-5F6A7FC49936}.Release|ARM.Build.0 = Release|Any CPU
		{46FF7623-B9AC-482E-BCE0-5F6A7FC49936}.Release|iPhone.ActiveCfg = Release|Any CPU
		{46FF7623-B9AC-482E-BCE0-5F6A7FC49936}.Release|iPhone.Build.0 = Release|Any CPU
		{46FF7623-B9AC-482E-BCE0-5F6A7FC49936}.Release|iPhoneSimulator.ActiveCfg = Release|Any CPU
		{46FF7623-B9AC-482E-BCE0-5F6A7FC49936}.Release|iPhoneSimulator.Build.0 = Release|Any CPU
		{46FF7623-B9AC-482E-BCE0-5F6A7FC49936}.Release|x64.ActiveCfg = Release|Any CPU
		{46FF7623-B9AC-482E-BCE0-5F6A7FC49936}.Release|x64.Build.0 = Release|Any CPU
		{46FF7623-B9AC-482E-BCE0-5F6A7FC49936}.Release|x86.ActiveCfg = Release|Any CPU
		{46FF7623-B9AC-482E-BCE0-5F6A7FC49936}.Release|x86.Build.0 = Release|Any CPU
		{22FB233E-1ACD-43B1-8353-40DFB62BA924}.Ad-Hoc|Any CPU.ActiveCfg = Release|Any CPU
		{22FB233E-1ACD-43B1-8353-40DFB62BA924}.Ad-Hoc|Any CPU.Build.0 = Release|Any CPU
		{22FB233E-1ACD-43B1-8353-40DFB62BA924}.Ad-Hoc|Any CPU.Deploy.0 = Release|Any CPU
		{22FB233E-1ACD-43B1-8353-40DFB62BA924}.Ad-Hoc|ARM.ActiveCfg = Release|Any CPU
		{22FB233E-1ACD-43B1-8353-40DFB62BA924}.Ad-Hoc|ARM.Build.0 = Release|Any CPU
		{22FB233E-1ACD-43B1-8353-40DFB62BA924}.Ad-Hoc|ARM.Deploy.0 = Release|Any CPU
		{22FB233E-1ACD-43B1-8353-40DFB62BA924}.Ad-Hoc|iPhone.ActiveCfg = Release|Any CPU
		{22FB233E-1ACD-43B1-8353-40DFB62BA924}.Ad-Hoc|iPhone.Build.0 = Release|Any CPU
		{22FB233E-1ACD-43B1-8353-40DFB62BA924}.Ad-Hoc|iPhone.Deploy.0 = Release|Any CPU
		{22FB233E-1ACD-43B1-8353-40DFB62BA924}.Ad-Hoc|iPhoneSimulator.ActiveCfg = Release|Any CPU
		{22FB233E-1ACD-43B1-8353-40DFB62BA924}.Ad-Hoc|iPhoneSimulator.Build.0 = Release|Any CPU
		{22FB233E-1ACD-43B1-8353-40DFB62BA924}.Ad-Hoc|iPhoneSimulator.Deploy.0 = Release|Any CPU
		{22FB233E-1ACD-43B1-8353-40DFB62BA924}.Ad-Hoc|x64.ActiveCfg = Release|Any CPU
		{22FB233E-1ACD-43B1-8353-40DFB62BA924}.Ad-Hoc|x64.Build.0 = Release|Any CPU
		{22FB233E-1ACD-43B1-8353-40DFB62BA924}.Ad-Hoc|x64.Deploy.0 = Release|Any CPU
		{22FB233E-1ACD-43B1-8353-40DFB62BA924}.Ad-Hoc|x86.ActiveCfg = Release|Any CPU
		{22FB233E-1ACD-43B1-8353-40DFB62BA924}.Ad-Hoc|x86.Build.0 = Release|Any CPU
		{22FB233E-1ACD-43B1-8353-40DFB62BA924}.Ad-Hoc|x86.Deploy.0 = Release|Any CPU
		{22FB233E-1ACD-43B1-8353-40DFB62BA924}.AppStore|Any CPU.ActiveCfg = Release|Any CPU
		{22FB233E-1ACD-43B1-8353-40DFB62BA924}.AppStore|Any CPU.Build.0 = Release|Any CPU
		{22FB233E-1ACD-43B1-8353-40DFB62BA924}.AppStore|Any CPU.Deploy.0 = Release|Any CPU
		{22FB233E-1ACD-43B1-8353-40DFB62BA924}.AppStore|ARM.ActiveCfg = Release|Any CPU
		{22FB233E-1ACD-43B1-8353-40DFB62BA924}.AppStore|ARM.Build.0 = Release|Any CPU
		{22FB233E-1ACD-43B1-8353-40DFB62BA924}.AppStore|ARM.Deploy.0 = Release|Any CPU
		{22FB233E-1ACD-43B1-8353-40DFB62BA924}.AppStore|iPhone.ActiveCfg = Release|Any CPU
		{22FB233E-1ACD-43B1-8353-40DFB62BA924}.AppStore|iPhone.Build.0 = Release|Any CPU
		{22FB233E-1ACD-43B1-8353-40DFB62BA924}.AppStore|iPhone.Deploy.0 = Release|Any CPU
		{22FB233E-1ACD-43B1-8353-40DFB62BA924}.AppStore|iPhoneSimulator.ActiveCfg = Release|Any CPU
		{22FB233E-1ACD-43B1-8353-40DFB62BA924}.AppStore|iPhoneSimulator.Build.0 = Release|Any CPU
		{22FB233E-1ACD-43B1-8353-40DFB62BA924}.AppStore|iPhoneSimulator.Deploy.0 = Release|Any CPU
		{22FB233E-1ACD-43B1-8353-40DFB62BA924}.AppStore|x64.ActiveCfg = Release|Any CPU
		{22FB233E-1ACD-43B1-8353-40DFB62BA924}.AppStore|x64.Build.0 = Release|Any CPU
		{22FB233E-1ACD-43B1-8353-40DFB62BA924}.AppStore|x64.Deploy.0 = Release|Any CPU
		{22FB233E-1ACD-43B1-8353-40DFB62BA924}.AppStore|x86.ActiveCfg = Release|Any CPU
		{22FB233E-1ACD-43B1-8353-40DFB62BA924}.AppStore|x86.Build.0 = Release|Any CPU
		{22FB233E-1ACD-43B1-8353-40DFB62BA924}.AppStore|x86.Deploy.0 = Release|Any CPU
		{22FB233E-1ACD-43B1-8353-40DFB62BA924}.Debug|Any CPU.ActiveCfg = Debug|Any CPU
		{22FB233E-1ACD-43B1-8353-40DFB62BA924}.Debug|Any CPU.Build.0 = Debug|Any CPU
		{22FB233E-1ACD-43B1-8353-40DFB62BA924}.Debug|Any CPU.Deploy.0 = Debug|Any CPU
		{22FB233E-1ACD-43B1-8353-40DFB62BA924}.Debug|ARM.ActiveCfg = Debug|Any CPU
		{22FB233E-1ACD-43B1-8353-40DFB62BA924}.Debug|ARM.Build.0 = Debug|Any CPU
		{22FB233E-1ACD-43B1-8353-40DFB62BA924}.Debug|ARM.Deploy.0 = Debug|Any CPU
		{22FB233E-1ACD-43B1-8353-40DFB62BA924}.Debug|iPhone.ActiveCfg = Debug|Any CPU
		{22FB233E-1ACD-43B1-8353-40DFB62BA924}.Debug|iPhone.Build.0 = Debug|Any CPU
		{22FB233E-1ACD-43B1-8353-40DFB62BA924}.Debug|iPhone.Deploy.0 = Debug|Any CPU
		{22FB233E-1ACD-43B1-8353-40DFB62BA924}.Debug|iPhoneSimulator.ActiveCfg = Debug|Any CPU
		{22FB233E-1ACD-43B1-8353-40DFB62BA924}.Debug|iPhoneSimulator.Build.0 = Debug|Any CPU
		{22FB233E-1ACD-43B1-8353-40DFB62BA924}.Debug|iPhoneSimulator.Deploy.0 = Debug|Any CPU
		{22FB233E-1ACD-43B1-8353-40DFB62BA924}.Debug|x64.ActiveCfg = Debug|Any CPU
		{22FB233E-1ACD-43B1-8353-40DFB62BA924}.Debug|x64.Build.0 = Debug|Any CPU
		{22FB233E-1ACD-43B1-8353-40DFB62BA924}.Debug|x64.Deploy.0 = Debug|Any CPU
		{22FB233E-1ACD-43B1-8353-40DFB62BA924}.Debug|x86.ActiveCfg = Debug|Any CPU
		{22FB233E-1ACD-43B1-8353-40DFB62BA924}.Debug|x86.Build.0 = Debug|Any CPU
		{22FB233E-1ACD-43B1-8353-40DFB62BA924}.Debug|x86.Deploy.0 = Debug|Any CPU
		{22FB233E-1ACD-43B1-8353-40DFB62BA924}.Release|Any CPU.ActiveCfg = Release|Any CPU
		{22FB233E-1ACD-43B1-8353-40DFB62BA924}.Release|Any CPU.Build.0 = Release|Any CPU
		{22FB233E-1ACD-43B1-8353-40DFB62BA924}.Release|Any CPU.Deploy.0 = Release|Any CPU
		{22FB233E-1ACD-43B1-8353-40DFB62BA924}.Release|ARM.ActiveCfg = Release|Any CPU
		{22FB233E-1ACD-43B1-8353-40DFB62BA924}.Release|ARM.Build.0 = Release|Any CPU
		{22FB233E-1ACD-43B1-8353-40DFB62BA924}.Release|ARM.Deploy.0 = Release|Any CPU
		{22FB233E-1ACD-43B1-8353-40DFB62BA924}.Release|iPhone.ActiveCfg = Release|Any CPU
		{22FB233E-1ACD-43B1-8353-40DFB62BA924}.Release|iPhone.Build.0 = Release|Any CPU
		{22FB233E-1ACD-43B1-8353-40DFB62BA924}.Release|iPhone.Deploy.0 = Release|Any CPU
		{22FB233E-1ACD-43B1-8353-40DFB62BA924}.Release|iPhoneSimulator.ActiveCfg = Release|Any CPU
		{22FB233E-1ACD-43B1-8353-40DFB62BA924}.Release|iPhoneSimulator.Build.0 = Release|Any CPU
		{22FB233E-1ACD-43B1-8353-40DFB62BA924}.Release|iPhoneSimulator.Deploy.0 = Release|Any CPU
		{22FB233E-1ACD-43B1-8353-40DFB62BA924}.Release|x64.ActiveCfg = Release|Any CPU
		{22FB233E-1ACD-43B1-8353-40DFB62BA924}.Release|x64.Build.0 = Release|Any CPU
		{22FB233E-1ACD-43B1-8353-40DFB62BA924}.Release|x64.Deploy.0 = Release|Any CPU
		{22FB233E-1ACD-43B1-8353-40DFB62BA924}.Release|x86.ActiveCfg = Release|Any CPU
		{22FB233E-1ACD-43B1-8353-40DFB62BA924}.Release|x86.Build.0 = Release|Any CPU
		{22FB233E-1ACD-43B1-8353-40DFB62BA924}.Release|x86.Deploy.0 = Release|Any CPU
		{FFA66D54-126C-4BFC-92A8-17ADCB336216}.Ad-Hoc|Any CPU.ActiveCfg = Ad-Hoc|iPhone
		{FFA66D54-126C-4BFC-92A8-17ADCB336216}.Ad-Hoc|ARM.ActiveCfg = Ad-Hoc|iPhone
		{FFA66D54-126C-4BFC-92A8-17ADCB336216}.Ad-Hoc|iPhone.ActiveCfg = Ad-Hoc|iPhone
		{FFA66D54-126C-4BFC-92A8-17ADCB336216}.Ad-Hoc|iPhone.Build.0 = Ad-Hoc|iPhone
		{FFA66D54-126C-4BFC-92A8-17ADCB336216}.Ad-Hoc|iPhoneSimulator.ActiveCfg = Ad-Hoc|iPhoneSimulator
		{FFA66D54-126C-4BFC-92A8-17ADCB336216}.Ad-Hoc|iPhoneSimulator.Build.0 = Ad-Hoc|iPhoneSimulator
		{FFA66D54-126C-4BFC-92A8-17ADCB336216}.Ad-Hoc|x64.ActiveCfg = Ad-Hoc|iPhone
		{FFA66D54-126C-4BFC-92A8-17ADCB336216}.Ad-Hoc|x86.ActiveCfg = Ad-Hoc|iPhone
		{FFA66D54-126C-4BFC-92A8-17ADCB336216}.AppStore|Any CPU.ActiveCfg = AppStore|iPhone
		{FFA66D54-126C-4BFC-92A8-17ADCB336216}.AppStore|ARM.ActiveCfg = AppStore|iPhone
		{FFA66D54-126C-4BFC-92A8-17ADCB336216}.AppStore|iPhone.ActiveCfg = AppStore|iPhone
		{FFA66D54-126C-4BFC-92A8-17ADCB336216}.AppStore|iPhone.Build.0 = AppStore|iPhone
		{FFA66D54-126C-4BFC-92A8-17ADCB336216}.AppStore|iPhoneSimulator.ActiveCfg = AppStore|iPhoneSimulator
		{FFA66D54-126C-4BFC-92A8-17ADCB336216}.AppStore|iPhoneSimulator.Build.0 = AppStore|iPhoneSimulator
		{FFA66D54-126C-4BFC-92A8-17ADCB336216}.AppStore|x64.ActiveCfg = AppStore|iPhone
		{FFA66D54-126C-4BFC-92A8-17ADCB336216}.AppStore|x86.ActiveCfg = AppStore|iPhone
		{FFA66D54-126C-4BFC-92A8-17ADCB336216}.Debug|Any CPU.ActiveCfg = Debug|iPhone
		{FFA66D54-126C-4BFC-92A8-17ADCB336216}.Debug|ARM.ActiveCfg = Debug|iPhone
		{FFA66D54-126C-4BFC-92A8-17ADCB336216}.Debug|iPhone.ActiveCfg = Debug|iPhone
		{FFA66D54-126C-4BFC-92A8-17ADCB336216}.Debug|iPhone.Build.0 = Debug|iPhone
		{FFA66D54-126C-4BFC-92A8-17ADCB336216}.Debug|iPhoneSimulator.ActiveCfg = Debug|iPhoneSimulator
		{FFA66D54-126C-4BFC-92A8-17ADCB336216}.Debug|iPhoneSimulator.Build.0 = Debug|iPhoneSimulator
		{FFA66D54-126C-4BFC-92A8-17ADCB336216}.Debug|x64.ActiveCfg = Debug|iPhone
		{FFA66D54-126C-4BFC-92A8-17ADCB336216}.Debug|x86.ActiveCfg = Debug|iPhone
		{FFA66D54-126C-4BFC-92A8-17ADCB336216}.Release|Any CPU.ActiveCfg = Release|iPhone
		{FFA66D54-126C-4BFC-92A8-17ADCB336216}.Release|ARM.ActiveCfg = Release|iPhone
		{FFA66D54-126C-4BFC-92A8-17ADCB336216}.Release|iPhone.ActiveCfg = Release|iPhone
		{FFA66D54-126C-4BFC-92A8-17ADCB336216}.Release|iPhone.Build.0 = Release|iPhone
		{FFA66D54-126C-4BFC-92A8-17ADCB336216}.Release|iPhoneSimulator.ActiveCfg = Release|iPhoneSimulator
		{FFA66D54-126C-4BFC-92A8-17ADCB336216}.Release|iPhoneSimulator.Build.0 = Release|iPhoneSimulator
		{FFA66D54-126C-4BFC-92A8-17ADCB336216}.Release|x64.ActiveCfg = Release|iPhone
		{FFA66D54-126C-4BFC-92A8-17ADCB336216}.Release|x86.ActiveCfg = Release|iPhone
		{06C60BA1-EABC-4ED8-900A-D05F4364AE6E}.Ad-Hoc|Any CPU.ActiveCfg = Release|x86
		{06C60BA1-EABC-4ED8-900A-D05F4364AE6E}.Ad-Hoc|Any CPU.Build.0 = Release|x86
		{06C60BA1-EABC-4ED8-900A-D05F4364AE6E}.Ad-Hoc|Any CPU.Deploy.0 = Release|x86
		{06C60BA1-EABC-4ED8-900A-D05F4364AE6E}.Ad-Hoc|ARM.ActiveCfg = Release|ARM
		{06C60BA1-EABC-4ED8-900A-D05F4364AE6E}.Ad-Hoc|ARM.Build.0 = Release|ARM
		{06C60BA1-EABC-4ED8-900A-D05F4364AE6E}.Ad-Hoc|ARM.Deploy.0 = Release|ARM
		{06C60BA1-EABC-4ED8-900A-D05F4364AE6E}.Ad-Hoc|iPhone.ActiveCfg = Release|x86
		{06C60BA1-EABC-4ED8-900A-D05F4364AE6E}.Ad-Hoc|iPhone.Build.0 = Release|x86
		{06C60BA1-EABC-4ED8-900A-D05F4364AE6E}.Ad-Hoc|iPhone.Deploy.0 = Release|x86
		{06C60BA1-EABC-4ED8-900A-D05F4364AE6E}.Ad-Hoc|iPhoneSimulator.ActiveCfg = Release|x86
		{06C60BA1-EABC-4ED8-900A-D05F4364AE6E}.Ad-Hoc|iPhoneSimulator.Build.0 = Release|x86
		{06C60BA1-EABC-4ED8-900A-D05F4364AE6E}.Ad-Hoc|iPhoneSimulator.Deploy.0 = Release|x86
		{06C60BA1-EABC-4ED8-900A-D05F4364AE6E}.Ad-Hoc|x64.ActiveCfg = Release|x64
		{06C60BA1-EABC-4ED8-900A-D05F4364AE6E}.Ad-Hoc|x64.Build.0 = Release|x64
		{06C60BA1-EABC-4ED8-900A-D05F4364AE6E}.Ad-Hoc|x64.Deploy.0 = Release|x64
		{06C60BA1-EABC-4ED8-900A-D05F4364AE6E}.Ad-Hoc|x86.ActiveCfg = Release|x86
		{06C60BA1-EABC-4ED8-900A-D05F4364AE6E}.Ad-Hoc|x86.Build.0 = Release|x86
		{06C60BA1-EABC-4ED8-900A-D05F4364AE6E}.Ad-Hoc|x86.Deploy.0 = Release|x86
		{06C60BA1-EABC-4ED8-900A-D05F4364AE6E}.AppStore|Any CPU.ActiveCfg = Release|x86
		{06C60BA1-EABC-4ED8-900A-D05F4364AE6E}.AppStore|Any CPU.Build.0 = Release|x86
		{06C60BA1-EABC-4ED8-900A-D05F4364AE6E}.AppStore|Any CPU.Deploy.0 = Release|x86
		{06C60BA1-EABC-4ED8-900A-D05F4364AE6E}.AppStore|ARM.ActiveCfg = Release|ARM
		{06C60BA1-EABC-4ED8-900A-D05F4364AE6E}.AppStore|ARM.Build.0 = Release|ARM
		{06C60BA1-EABC-4ED8-900A-D05F4364AE6E}.AppStore|ARM.Deploy.0 = Release|ARM
		{06C60BA1-EABC-4ED8-900A-D05F4364AE6E}.AppStore|iPhone.ActiveCfg = Release|x86
		{06C60BA1-EABC-4ED8-900A-D05F4364AE6E}.AppStore|iPhone.Build.0 = Release|x86
		{06C60BA1-EABC-4ED8-900A-D05F4364AE6E}.AppStore|iPhone.Deploy.0 = Release|x86
		{06C60BA1-EABC-4ED8-900A-D05F4364AE6E}.AppStore|iPhoneSimulator.ActiveCfg = Release|x86
		{06C60BA1-EABC-4ED8-900A-D05F4364AE6E}.AppStore|iPhoneSimulator.Build.0 = Release|x86
		{06C60BA1-EABC-4ED8-900A-D05F4364AE6E}.AppStore|iPhoneSimulator.Deploy.0 = Release|x86
		{06C60BA1-EABC-4ED8-900A-D05F4364AE6E}.AppStore|x64.ActiveCfg = Release|x64
		{06C60BA1-EABC-4ED8-900A-D05F4364AE6E}.AppStore|x64.Build.0 = Release|x64
		{06C60BA1-EABC-4ED8-900A-D05F4364AE6E}.AppStore|x64.Deploy.0 = Release|x64
		{06C60BA1-EABC-4ED8-900A-D05F4364AE6E}.AppStore|x86.ActiveCfg = Release|x86
		{06C60BA1-EABC-4ED8-900A-D05F4364AE6E}.AppStore|x86.Build.0 = Release|x86
		{06C60BA1-EABC-4ED8-900A-D05F4364AE6E}.AppStore|x86.Deploy.0 = Release|x86
		{06C60BA1-EABC-4ED8-900A-D05F4364AE6E}.Debug|Any CPU.ActiveCfg = Debug|x86
		{06C60BA1-EABC-4ED8-900A-D05F4364AE6E}.Debug|ARM.ActiveCfg = Debug|ARM
		{06C60BA1-EABC-4ED8-900A-D05F4364AE6E}.Debug|ARM.Build.0 = Debug|ARM
		{06C60BA1-EABC-4ED8-900A-D05F4364AE6E}.Debug|ARM.Deploy.0 = Debug|ARM
		{06C60BA1-EABC-4ED8-900A-D05F4364AE6E}.Debug|iPhone.ActiveCfg = Debug|x86
		{06C60BA1-EABC-4ED8-900A-D05F4364AE6E}.Debug|iPhoneSimulator.ActiveCfg = Debug|x86
		{06C60BA1-EABC-4ED8-900A-D05F4364AE6E}.Debug|x64.ActiveCfg = Debug|x64
		{06C60BA1-EABC-4ED8-900A-D05F4364AE6E}.Debug|x64.Build.0 = Debug|x64
		{06C60BA1-EABC-4ED8-900A-D05F4364AE6E}.Debug|x64.Deploy.0 = Debug|x64
		{06C60BA1-EABC-4ED8-900A-D05F4364AE6E}.Debug|x86.ActiveCfg = Debug|x86
		{06C60BA1-EABC-4ED8-900A-D05F4364AE6E}.Debug|x86.Build.0 = Debug|x86
		{06C60BA1-EABC-4ED8-900A-D05F4364AE6E}.Debug|x86.Deploy.0 = Debug|x86
		{06C60BA1-EABC-4ED8-900A-D05F4364AE6E}.Release|Any CPU.ActiveCfg = Release|x86
		{06C60BA1-EABC-4ED8-900A-D05F4364AE6E}.Release|ARM.ActiveCfg = Release|ARM
		{06C60BA1-EABC-4ED8-900A-D05F4364AE6E}.Release|ARM.Build.0 = Release|ARM
		{06C60BA1-EABC-4ED8-900A-D05F4364AE6E}.Release|ARM.Deploy.0 = Release|ARM
		{06C60BA1-EABC-4ED8-900A-D05F4364AE6E}.Release|iPhone.ActiveCfg = Release|x86
		{06C60BA1-EABC-4ED8-900A-D05F4364AE6E}.Release|iPhoneSimulator.ActiveCfg = Release|x86
		{06C60BA1-EABC-4ED8-900A-D05F4364AE6E}.Release|x64.ActiveCfg = Release|x64
		{06C60BA1-EABC-4ED8-900A-D05F4364AE6E}.Release|x64.Build.0 = Release|x64
		{06C60BA1-EABC-4ED8-900A-D05F4364AE6E}.Release|x64.Deploy.0 = Release|x64
		{06C60BA1-EABC-4ED8-900A-D05F4364AE6E}.Release|x86.ActiveCfg = Release|x86
		{06C60BA1-EABC-4ED8-900A-D05F4364AE6E}.Release|x86.Build.0 = Release|x86
		{06C60BA1-EABC-4ED8-900A-D05F4364AE6E}.Release|x86.Deploy.0 = Release|x86
	EndGlobalSection
	GlobalSection(SolutionProperties) = preSolution
		HideSolutionNode = FALSE
	EndGlobalSection
EndGlobal
