
Microsoft Visual Studio Solution File, Format Version 12.00
# Visual Studio 14
VisualStudioVersion = 14.0.25420.1
MinimumVisualStudioVersion = 10.0.40219.1
Project("{FAE04EC0-301F-11D3-BF4B-00C04F79EFBC}") = "XFListViewOpenData", "XFListViewOpenData\XFListViewOpenData\XFListViewOpenData.csproj", "{093DAF64-1AFF-4CAD-8277-FB3056695ED1}"
EndProject
Project("{FAE04EC0-301F-11D3-BF4B-00C04F79EFBC}") = "XFListViewOpenData.Droid", "XFListViewOpenData\XFListViewOpenData.Droid\XFListViewOpenData.Droid.csproj", "{2194BE17-1296-49CA-B1DE-64BAC6334FBD}"
EndProject
Project("{FAE04EC0-301F-11D3-BF4B-00C04F79EFBC}") = "XFListViewOpenData.iOS", "XFListViewOpenData\XFListViewOpenData.iOS\XFListViewOpenData.iOS.csproj", "{DD6D4FCA-1983-4F69-84B8-DC62957094B1}"
EndProject
Project("{FAE04EC0-301F-11D3-BF4B-00C04F79EFBC}") = "XFListViewOpenData.UWP", "XFListViewOpenData\XFListViewOpenData.UWP\XFListViewOpenData.UWP.csproj", "{A0602CC0-421F-45D3-91BF-8266A0290D99}"
EndProject
Global
	GlobalSection(SolutionConfigurationPlatforms) = preSolution
		Ad-Hoc|Any CPU = Ad-Hoc|Any CPU
		Ad-Hoc|ARM = Ad-Hoc|ARM
		Ad-Hoc|iPhone = Ad-Hoc|iPhone
		Ad-Hoc|iPhoneSimulator = Ad-Hoc|iPhoneSimulator
		Ad-Hoc|x64 = Ad-Hoc|x64
		Ad-Hoc|x86 = Ad-Hoc|x86
		AppStore|Any CPU = AppStore|Any CPU
		AppStore|ARM = AppStore|ARM
		AppStore|iPhone = AppStore|iPhone
		AppStore|iPhoneSimulator = AppStore|iPhoneSimulator
		AppStore|x64 = AppStore|x64
		AppStore|x86 = AppStore|x86
		Debug|Any CPU = Debug|Any CPU
		Debug|ARM = Debug|ARM
		Debug|iPhone = Debug|iPhone
		Debug|iPhoneSimulator = Debug|iPhoneSimulator
		Debug|x64 = Debug|x64
		Debug|x86 = Debug|x86
		Release|Any CPU = Release|Any CPU
		Release|ARM = Release|ARM
		Release|iPhone = Release|iPhone
		Release|iPhoneSimulator = Release|iPhoneSimulator
		Release|x64 = Release|x64
		Release|x86 = Release|x86
	EndGlobalSection
	GlobalSection(ProjectConfigurationPlatforms) = postSolution
		{093DAF64-1AFF-4CAD-8277-FB3056695ED1}.Ad-Hoc|Any CPU.ActiveCfg = Release|Any CPU
		{093DAF64-1AFF-4CAD-8277-FB3056695ED1}.Ad-Hoc|Any CPU.Build.0 = Release|Any CPU
		{093DAF64-1AFF-4CAD-8277-FB3056695ED1}.Ad-Hoc|ARM.ActiveCfg = Release|Any CPU
		{093DAF64-1AFF-4CAD-8277-FB3056695ED1}.Ad-Hoc|ARM.Build.0 = Release|Any CPU
		{093DAF64-1AFF-4CAD-8277-FB3056695ED1}.Ad-Hoc|iPhone.ActiveCfg = Release|Any CPU
		{093DAF64-1AFF-4CAD-8277-FB3056695ED1}.Ad-Hoc|iPhone.Build.0 = Release|Any CPU
		{093DAF64-1AFF-4CAD-8277-FB3056695ED1}.Ad-Hoc|iPhoneSimulator.ActiveCfg = Release|Any CPU
		{093DAF64-1AFF-4CAD-8277-FB3056695ED1}.Ad-Hoc|iPhoneSimulator.Build.0 = Release|Any CPU
		{093DAF64-1AFF-4CAD-8277-FB3056695ED1}.Ad-Hoc|x64.ActiveCfg = Release|Any CPU
		{093DAF64-1AFF-4CAD-8277-FB3056695ED1}.Ad-Hoc|x64.Build.0 = Release|Any CPU
		{093DAF64-1AFF-4CAD-8277-FB3056695ED1}.Ad-Hoc|x86.ActiveCfg = Release|Any CPU
		{093DAF64-1AFF-4CAD-8277-FB3056695ED1}.Ad-Hoc|x86.Build.0 = Release|Any CPU
		{093DAF64-1AFF-4CAD-8277-FB3056695ED1}.AppStore|Any CPU.ActiveCfg = Release|Any CPU
		{093DAF64-1AFF-4CAD-8277-FB3056695ED1}.AppStore|Any CPU.Build.0 = Release|Any CPU
		{093DAF64-1AFF-4CAD-8277-FB3056695ED1}.AppStore|ARM.ActiveCfg = Release|Any CPU
		{093DAF64-1AFF-4CAD-8277-FB3056695ED1}.AppStore|ARM.Build.0 = Release|Any CPU
		{093DAF64-1AFF-4CAD-8277-FB3056695ED1}.AppStore|iPhone.ActiveCfg = Release|Any CPU
		{093DAF64-1AFF-4CAD-8277-FB3056695ED1}.AppStore|iPhone.Build.0 = Release|Any CPU
		{093DAF64-1AFF-4CAD-8277-FB3056695ED1}.AppStore|iPhoneSimulator.ActiveCfg = Release|Any CPU
		{093DAF64-1AFF-4CAD-8277-FB3056695ED1}.AppStore|iPhoneSimulator.Build.0 = Release|Any CPU
		{093DAF64-1AFF-4CAD-8277-FB3056695ED1}.AppStore|x64.ActiveCfg = Release|Any CPU
		{093DAF64-1AFF-4CAD-8277-FB3056695ED1}.AppStore|x64.Build.0 = Release|Any CPU
		{093DAF64-1AFF-4CAD-8277-FB3056695ED1}.AppStore|x86.ActiveCfg = Release|Any CPU
		{093DAF64-1AFF-4CAD-8277-FB3056695ED1}.AppStore|x86.Build.0 = Release|Any CPU
		{093DAF64-1AFF-4CAD-8277-FB3056695ED1}.Debug|Any CPU.ActiveCfg = Debug|Any CPU
		{093DAF64-1AFF-4CAD-8277-FB3056695ED1}.Debug|Any CPU.Build.0 = Debug|Any CPU
		{093DAF64-1AFF-4CAD-8277-FB3056695ED1}.Debug|ARM.ActiveCfg = Debug|Any CPU
		{093DAF64-1AFF-4CAD-8277-FB3056695ED1}.Debug|ARM.Build.0 = Debug|Any CPU
		{093DAF64-1AFF-4CAD-8277-FB3056695ED1}.Debug|iPhone.ActiveCfg = Debug|Any CPU
		{093DAF64-1AFF-4CAD-8277-FB3056695ED1}.Debug|iPhone.Build.0 = Debug|Any CPU
		{093DAF64-1AFF-4CAD-8277-FB3056695ED1}.Debug|iPhoneSimulator.ActiveCfg = Debug|Any CPU
		{093DAF64-1AFF-4CAD-8277-FB3056695ED1}.Debug|iPhoneSimulator.Build.0 = Debug|Any CPU
		{093DAF64-1AFF-4CAD-8277-FB3056695ED1}.Debug|x64.ActiveCfg = Debug|Any CPU
		{093DAF64-1AFF-4CAD-8277-FB3056695ED1}.Debug|x64.Build.0 = Debug|Any CPU
		{093DAF64-1AFF-4CAD-8277-FB3056695ED1}.Debug|x86.ActiveCfg = Debug|Any CPU
		{093DAF64-1AFF-4CAD-8277-FB3056695ED1}.Debug|x86.Build.0 = Debug|Any CPU
		{093DAF64-1AFF-4CAD-8277-FB3056695ED1}.Release|Any CPU.ActiveCfg = Release|Any CPU
		{093DAF64-1AFF-4CAD-8277-FB3056695ED1}.Release|Any CPU.Build.0 = Release|Any CPU
		{093DAF64-1AFF-4CAD-8277-FB3056695ED1}.Release|ARM.ActiveCfg = Release|Any CPU
		{093DAF64-1AFF-4CAD-8277-FB3056695ED1}.Release|ARM.Build.0 = Release|Any CPU
		{093DAF64-1AFF-4CAD-8277-FB3056695ED1}.Release|iPhone.ActiveCfg = Release|Any CPU
		{093DAF64-1AFF-4CAD-8277-FB3056695ED1}.Release|iPhone.Build.0 = Release|Any CPU
		{093DAF64-1AFF-4CAD-8277-FB3056695ED1}.Release|iPhoneSimulator.ActiveCfg = Release|Any CPU
		{093DAF64-1AFF-4CAD-8277-FB3056695ED1}.Release|iPhoneSimulator.Build.0 = Release|Any CPU
		{093DAF64-1AFF-4CAD-8277-FB3056695ED1}.Release|x64.ActiveCfg = Release|Any CPU
		{093DAF64-1AFF-4CAD-8277-FB3056695ED1}.Release|x64.Build.0 = Release|Any CPU
		{093DAF64-1AFF-4CAD-8277-FB3056695ED1}.Release|x86.ActiveCfg = Release|Any CPU
		{093DAF64-1AFF-4CAD-8277-FB3056695ED1}.Release|x86.Build.0 = Release|Any CPU
		{2194BE17-1296-49CA-B1DE-64BAC6334FBD}.Ad-Hoc|Any CPU.ActiveCfg = Release|Any CPU
		{2194BE17-1296-49CA-B1DE-64BAC6334FBD}.Ad-Hoc|Any CPU.Build.0 = Release|Any CPU
		{2194BE17-1296-49CA-B1DE-64BAC6334FBD}.Ad-Hoc|Any CPU.Deploy.0 = Release|Any CPU
		{2194BE17-1296-49CA-B1DE-64BAC6334FBD}.Ad-Hoc|ARM.ActiveCfg = Release|Any CPU
		{2194BE17-1296-49CA-B1DE-64BAC6334FBD}.Ad-Hoc|ARM.Build.0 = Release|Any CPU
		{2194BE17-1296-49CA-B1DE-64BAC6334FBD}.Ad-Hoc|ARM.Deploy.0 = Release|Any CPU
		{2194BE17-1296-49CA-B1DE-64BAC6334FBD}.Ad-Hoc|iPhone.ActiveCfg = Release|Any CPU
		{2194BE17-1296-49CA-B1DE-64BAC6334FBD}.Ad-Hoc|iPhone.Build.0 = Release|Any CPU
		{2194BE17-1296-49CA-B1DE-64BAC6334FBD}.Ad-Hoc|iPhone.Deploy.0 = Release|Any CPU
		{2194BE17-1296-49CA-B1DE-64BAC6334FBD}.Ad-Hoc|iPhoneSimulator.ActiveCfg = Release|Any CPU
		{2194BE17-1296-49CA-B1DE-64BAC6334FBD}.Ad-Hoc|iPhoneSimulator.Build.0 = Release|Any CPU
		{2194BE17-1296-49CA-B1DE-64BAC6334FBD}.Ad-Hoc|iPhoneSimulator.Deploy.0 = Release|Any CPU
		{2194BE17-1296-49CA-B1DE-64BAC6334FBD}.Ad-Hoc|x64.ActiveCfg = Release|Any CPU
		{2194BE17-1296-49CA-B1DE-64BAC6334FBD}.Ad-Hoc|x64.Build.0 = Release|Any CPU
		{2194BE17-1296-49CA-B1DE-64BAC6334FBD}.Ad-Hoc|x64.Deploy.0 = Release|Any CPU
		{2194BE17-1296-49CA-B1DE-64BAC6334FBD}.Ad-Hoc|x86.ActiveCfg = Release|Any CPU
		{2194BE17-1296-49CA-B1DE-64BAC6334FBD}.Ad-Hoc|x86.Build.0 = Release|Any CPU
		{2194BE17-1296-49CA-B1DE-64BAC6334FBD}.Ad-Hoc|x86.Deploy.0 = Release|Any CPU
		{2194BE17-1296-49CA-B1DE-64BAC6334FBD}.AppStore|Any CPU.ActiveCfg = Release|Any CPU
		{2194BE17-1296-49CA-B1DE-64BAC6334FBD}.AppStore|Any CPU.Build.0 = Release|Any CPU
		{2194BE17-1296-49CA-B1DE-64BAC6334FBD}.AppStore|Any CPU.Deploy.0 = Release|Any CPU
		{2194BE17-1296-49CA-B1DE-64BAC6334FBD}.AppStore|ARM.ActiveCfg = Release|Any CPU
		{2194BE17-1296-49CA-B1DE-64BAC6334FBD}.AppStore|ARM.Build.0 = Release|Any CPU
		{2194BE17-1296-49CA-B1DE-64BAC6334FBD}.AppStore|ARM.Deploy.0 = Release|Any CPU
		{2194BE17-1296-49CA-B1DE-64BAC6334FBD}.AppStore|iPhone.ActiveCfg = Release|Any CPU
		{2194BE17-1296-49CA-B1DE-64BAC6334FBD}.AppStore|iPhone.Build.0 = Release|Any CPU
		{2194BE17-1296-49CA-B1DE-64BAC6334FBD}.AppStore|iPhone.Deploy.0 = Release|Any CPU
		{2194BE17-1296-49CA-B1DE-64BAC6334FBD}.AppStore|iPhoneSimulator.ActiveCfg = Release|Any CPU
		{2194BE17-1296-49CA-B1DE-64BAC6334FBD}.AppStore|iPhoneSimulator.Build.0 = Release|Any CPU
		{2194BE17-1296-49CA-B1DE-64BAC6334FBD}.AppStore|iPhoneSimulator.Deploy.0 = Release|Any CPU
		{2194BE17-1296-49CA-B1DE-64BAC6334FBD}.AppStore|x64.ActiveCfg = Release|Any CPU
		{2194BE17-1296-49CA-B1DE-64BAC6334FBD}.AppStore|x64.Build.0 = Release|Any CPU
		{2194BE17-1296-49CA-B1DE-64BAC6334FBD}.AppStore|x64.Deploy.0 = Release|Any CPU
		{2194BE17-1296-49CA-B1DE-64BAC6334FBD}.AppStore|x86.ActiveCfg = Release|Any CPU
		{2194BE17-1296-49CA-B1DE-64BAC6334FBD}.AppStore|x86.Build.0 = Release|Any CPU
		{2194BE17-1296-49CA-B1DE-64BAC6334FBD}.AppStore|x86.Deploy.0 = Release|Any CPU
		{2194BE17-1296-49CA-B1DE-64BAC6334FBD}.Debug|Any CPU.ActiveCfg = Debug|Any CPU
		{2194BE17-1296-49CA-B1DE-64BAC6334FBD}.Debug|Any CPU.Build.0 = Debug|Any CPU
		{2194BE17-1296-49CA-B1DE-64BAC6334FBD}.Debug|Any CPU.Deploy.0 = Debug|Any CPU
		{2194BE17-1296-49CA-B1DE-64BAC6334FBD}.Debug|ARM.ActiveCfg = Debug|Any CPU
		{2194BE17-1296-49CA-B1DE-64BAC6334FBD}.Debug|ARM.Build.0 = Debug|Any CPU
		{2194BE17-1296-49CA-B1DE-64BAC6334FBD}.Debug|ARM.Deploy.0 = Debug|Any CPU
		{2194BE17-1296-49CA-B1DE-64BAC6334FBD}.Debug|iPhone.ActiveCfg = Debug|Any CPU
		{2194BE17-1296-49CA-B1DE-64BAC6334FBD}.Debug|iPhone.Build.0 = Debug|Any CPU
		{2194BE17-1296-49CA-B1DE-64BAC6334FBD}.Debug|iPhone.Deploy.0 = Debug|Any CPU
		{2194BE17-1296-49CA-B1DE-64BAC6334FBD}.Debug|iPhoneSimulator.ActiveCfg = Debug|Any CPU
		{2194BE17-1296-49CA-B1DE-64BAC6334FBD}.Debug|iPhoneSimulator.Build.0 = Debug|Any CPU
		{2194BE17-1296-49CA-B1DE-64BAC6334FBD}.Debug|iPhoneSimulator.Deploy.0 = Debug|Any CPU
		{2194BE17-1296-49CA-B1DE-64BAC6334FBD}.Debug|x64.ActiveCfg = Debug|Any CPU
		{2194BE17-1296-49CA-B1DE-64BAC6334FBD}.Debug|x64.Build.0 = Debug|Any CPU
		{2194BE17-1296-49CA-B1DE-64BAC6334FBD}.Debug|x64.Deploy.0 = Debug|Any CPU
		{2194BE17-1296-49CA-B1DE-64BAC6334FBD}.Debug|x86.ActiveCfg = Debug|Any CPU
		{2194BE17-1296-49CA-B1DE-64BAC6334FBD}.Debug|x86.Build.0 = Debug|Any CPU
		{2194BE17-1296-49CA-B1DE-64BAC6334FBD}.Debug|x86.Deploy.0 = Debug|Any CPU
		{2194BE17-1296-49CA-B1DE-64BAC6334FBD}.Release|Any CPU.ActiveCfg = Release|Any CPU
		{2194BE17-1296-49CA-B1DE-64BAC6334FBD}.Release|Any CPU.Build.0 = Release|Any CPU
		{2194BE17-1296-49CA-B1DE-64BAC6334FBD}.Release|Any CPU.Deploy.0 = Release|Any CPU
		{2194BE17-1296-49CA-B1DE-64BAC6334FBD}.Release|ARM.ActiveCfg = Release|Any CPU
		{2194BE17-1296-49CA-B1DE-64BAC6334FBD}.Release|ARM.Build.0 = Release|Any CPU
		{2194BE17-1296-49CA-B1DE-64BAC6334FBD}.Release|ARM.Deploy.0 = Release|Any CPU
		{2194BE17-1296-49CA-B1DE-64BAC6334FBD}.Release|iPhone.ActiveCfg = Release|Any CPU
		{2194BE17-1296-49CA-B1DE-64BAC6334FBD}.Release|iPhone.Build.0 = Release|Any CPU
		{2194BE17-1296-49CA-B1DE-64BAC6334FBD}.Release|iPhone.Deploy.0 = Release|Any CPU
		{2194BE17-1296-49CA-B1DE-64BAC6334FBD}.Release|iPhoneSimulator.ActiveCfg = Release|Any CPU
		{2194BE17-1296-49CA-B1DE-64BAC6334FBD}.Release|iPhoneSimulator.Build.0 = Release|Any CPU
		{2194BE17-1296-49CA-B1DE-64BAC6334FBD}.Release|iPhoneSimulator.Deploy.0 = Release|Any CPU
		{2194BE17-1296-49CA-B1DE-64BAC6334FBD}.Release|x64.ActiveCfg = Release|Any CPU
		{2194BE17-1296-49CA-B1DE-64BAC6334FBD}.Release|x64.Build.0 = Release|Any CPU
		{2194BE17-1296-49CA-B1DE-64BAC6334FBD}.Release|x64.Deploy.0 = Release|Any CPU
		{2194BE17-1296-49CA-B1DE-64BAC6334FBD}.Release|x86.ActiveCfg = Release|Any CPU
		{2194BE17-1296-49CA-B1DE-64BAC6334FBD}.Release|x86.Build.0 = Release|Any CPU
		{2194BE17-1296-49CA-B1DE-64BAC6334FBD}.Release|x86.Deploy.0 = Release|Any CPU
		{DD6D4FCA-1983-4F69-84B8-DC62957094B1}.Ad-Hoc|Any CPU.ActiveCfg = Ad-Hoc|iPhone
		{DD6D4FCA-1983-4F69-84B8-DC62957094B1}.Ad-Hoc|ARM.ActiveCfg = Ad-Hoc|iPhone
		{DD6D4FCA-1983-4F69-84B8-DC62957094B1}.Ad-Hoc|iPhone.ActiveCfg = Ad-Hoc|iPhone
		{DD6D4FCA-1983-4F69-84B8-DC62957094B1}.Ad-Hoc|iPhone.Build.0 = Ad-Hoc|iPhone
		{DD6D4FCA-1983-4F69-84B8-DC62957094B1}.Ad-Hoc|iPhoneSimulator.ActiveCfg = Ad-Hoc|iPhoneSimulator
		{DD6D4FCA-1983-4F69-84B8-DC62957094B1}.Ad-Hoc|iPhoneSimulator.Build.0 = Ad-Hoc|iPhoneSimulator
		{DD6D4FCA-1983-4F69-84B8-DC62957094B1}.Ad-Hoc|x64.ActiveCfg = Ad-Hoc|iPhone
		{DD6D4FCA-1983-4F69-84B8-DC62957094B1}.Ad-Hoc|x86.ActiveCfg = Ad-Hoc|iPhone
		{DD6D4FCA-1983-4F69-84B8-DC62957094B1}.AppStore|Any CPU.ActiveCfg = AppStore|iPhone
		{DD6D4FCA-1983-4F69-84B8-DC62957094B1}.AppStore|ARM.ActiveCfg = AppStore|iPhone
		{DD6D4FCA-1983-4F69-84B8-DC62957094B1}.AppStore|iPhone.ActiveCfg = AppStore|iPhone
		{DD6D4FCA-1983-4F69-84B8-DC62957094B1}.AppStore|iPhone.Build.0 = AppStore|iPhone
		{DD6D4FCA-1983-4F69-84B8-DC62957094B1}.AppStore|iPhoneSimulator.ActiveCfg = AppStore|iPhoneSimulator
		{DD6D4FCA-1983-4F69-84B8-DC62957094B1}.AppStore|iPhoneSimulator.Build.0 = AppStore|iPhoneSimulator
		{DD6D4FCA-1983-4F69-84B8-DC62957094B1}.AppStore|x64.ActiveCfg = AppStore|iPhone
		{DD6D4FCA-1983-4F69-84B8-DC62957094B1}.AppStore|x86.ActiveCfg = AppStore|iPhone
		{DD6D4FCA-1983-4F69-84B8-DC62957094B1}.Debug|Any CPU.ActiveCfg = Debug|iPhone
		{DD6D4FCA-1983-4F69-84B8-DC62957094B1}.Debug|ARM.ActiveCfg = Debug|iPhone
		{DD6D4FCA-1983-4F69-84B8-DC62957094B1}.Debug|iPhone.ActiveCfg = Debug|iPhone
		{DD6D4FCA-1983-4F69-84B8-DC62957094B1}.Debug|iPhone.Build.0 = Debug|iPhone
		{DD6D4FCA-1983-4F69-84B8-DC62957094B1}.Debug|iPhoneSimulator.ActiveCfg = Debug|iPhoneSimulator
		{DD6D4FCA-1983-4F69-84B8-DC62957094B1}.Debug|iPhoneSimulator.Build.0 = Debug|iPhoneSimulator
		{DD6D4FCA-1983-4F69-84B8-DC62957094B1}.Debug|x64.ActiveCfg = Debug|iPhone
		{DD6D4FCA-1983-4F69-84B8-DC62957094B1}.Debug|x86.ActiveCfg = Debug|iPhone
		{DD6D4FCA-1983-4F69-84B8-DC62957094B1}.Release|Any CPU.ActiveCfg = Release|iPhone
		{DD6D4FCA-1983-4F69-84B8-DC62957094B1}.Release|ARM.ActiveCfg = Release|iPhone
		{DD6D4FCA-1983-4F69-84B8-DC62957094B1}.Release|iPhone.ActiveCfg = Release|iPhone
		{DD6D4FCA-1983-4F69-84B8-DC62957094B1}.Release|iPhone.Build.0 = Release|iPhone
		{DD6D4FCA-1983-4F69-84B8-DC62957094B1}.Release|iPhoneSimulator.ActiveCfg = Release|iPhoneSimulator
		{DD6D4FCA-1983-4F69-84B8-DC62957094B1}.Release|iPhoneSimulator.Build.0 = Release|iPhoneSimulator
		{DD6D4FCA-1983-4F69-84B8-DC62957094B1}.Release|x64.ActiveCfg = Release|iPhone
		{DD6D4FCA-1983-4F69-84B8-DC62957094B1}.Release|x86.ActiveCfg = Release|iPhone
		{A0602CC0-421F-45D3-91BF-8266A0290D99}.Ad-Hoc|Any CPU.ActiveCfg = Release|x86
		{A0602CC0-421F-45D3-91BF-8266A0290D99}.Ad-Hoc|Any CPU.Build.0 = Release|x86
		{A0602CC0-421F-45D3-91BF-8266A0290D99}.Ad-Hoc|Any CPU.Deploy.0 = Release|x86
		{A0602CC0-421F-45D3-91BF-8266A0290D99}.Ad-Hoc|ARM.ActiveCfg = Release|ARM
		{A0602CC0-421F-45D3-91BF-8266A0290D99}.Ad-Hoc|ARM.Build.0 = Release|ARM
		{A0602CC0-421F-45D3-91BF-8266A0290D99}.Ad-Hoc|ARM.Deploy.0 = Release|ARM
		{A0602CC0-421F-45D3-91BF-8266A0290D99}.Ad-Hoc|iPhone.ActiveCfg = Release|x86
		{A0602CC0-421F-45D3-91BF-8266A0290D99}.Ad-Hoc|iPhone.Build.0 = Release|x86
		{A0602CC0-421F-45D3-91BF-8266A0290D99}.Ad-Hoc|iPhone.Deploy.0 = Release|x86
		{A0602CC0-421F-45D3-91BF-8266A0290D99}.Ad-Hoc|iPhoneSimulator.ActiveCfg = Release|x86
		{A0602CC0-421F-45D3-91BF-8266A0290D99}.Ad-Hoc|iPhoneSimulator.Build.0 = Release|x86
		{A0602CC0-421F-45D3-91BF-8266A0290D99}.Ad-Hoc|iPhoneSimulator.Deploy.0 = Release|x86
		{A0602CC0-421F-45D3-91BF-8266A0290D99}.Ad-Hoc|x64.ActiveCfg = Release|x64
		{A0602CC0-421F-45D3-91BF-8266A0290D99}.Ad-Hoc|x64.Build.0 = Release|x64
		{A0602CC0-421F-45D3-91BF-8266A0290D99}.Ad-Hoc|x64.Deploy.0 = Release|x64
		{A0602CC0-421F-45D3-91BF-8266A0290D99}.Ad-Hoc|x86.ActiveCfg = Release|x86
		{A0602CC0-421F-45D3-91BF-8266A0290D99}.Ad-Hoc|x86.Build.0 = Release|x86
		{A0602CC0-421F-45D3-91BF-8266A0290D99}.Ad-Hoc|x86.Deploy.0 = Release|x86
		{A0602CC0-421F-45D3-91BF-8266A0290D99}.AppStore|Any CPU.ActiveCfg = Release|x86
		{A0602CC0-421F-45D3-91BF-8266A0290D99}.AppStore|Any CPU.Build.0 = Release|x86
		{A0602CC0-421F-45D3-91BF-8266A0290D99}.AppStore|Any CPU.Deploy.0 = Release|x86
		{A0602CC0-421F-45D3-91BF-8266A0290D99}.AppStore|ARM.ActiveCfg = Release|ARM
		{A0602CC0-421F-45D3-91BF-8266A0290D99}.AppStore|ARM.Build.0 = Release|ARM
		{A0602CC0-421F-45D3-91BF-8266A0290D99}.AppStore|ARM.Deploy.0 = Release|ARM
		{A0602CC0-421F-45D3-91BF-8266A0290D99}.AppStore|iPhone.ActiveCfg = Release|x86
		{A0602CC0-421F-45D3-91BF-8266A0290D99}.AppStore|iPhone.Build.0 = Release|x86
		{A0602CC0-421F-45D3-91BF-8266A0290D99}.AppStore|iPhone.Deploy.0 = Release|x86
		{A0602CC0-421F-45D3-91BF-8266A0290D99}.AppStore|iPhoneSimulator.ActiveCfg = Release|x86
		{A0602CC0-421F-45D3-91BF-8266A0290D99}.AppStore|iPhoneSimulator.Build.0 = Release|x86
		{A0602CC0-421F-45D3-91BF-8266A0290D99}.AppStore|iPhoneSimulator.Deploy.0 = Release|x86
		{A0602CC0-421F-45D3-91BF-8266A0290D99}.AppStore|x64.ActiveCfg = Release|x64
		{A0602CC0-421F-45D3-91BF-8266A0290D99}.AppStore|x64.Build.0 = Release|x64
		{A0602CC0-421F-45D3-91BF-8266A0290D99}.AppStore|x64.Deploy.0 = Release|x64
		{A0602CC0-421F-45D3-91BF-8266A0290D99}.AppStore|x86.ActiveCfg = Release|x86
		{A0602CC0-421F-45D3-91BF-8266A0290D99}.AppStore|x86.Build.0 = Release|x86
		{A0602CC0-421F-45D3-91BF-8266A0290D99}.AppStore|x86.Deploy.0 = Release|x86
		{A0602CC0-421F-45D3-91BF-8266A0290D99}.Debug|Any CPU.ActiveCfg = Debug|x86
		{A0602CC0-421F-45D3-91BF-8266A0290D99}.Debug|ARM.ActiveCfg = Debug|ARM
		{A0602CC0-421F-45D3-91BF-8266A0290D99}.Debug|ARM.Build.0 = Debug|ARM
		{A0602CC0-421F-45D3-91BF-8266A0290D99}.Debug|ARM.Deploy.0 = Debug|ARM
		{A0602CC0-421F-45D3-91BF-8266A0290D99}.Debug|iPhone.ActiveCfg = Debug|x86
		{A0602CC0-421F-45D3-91BF-8266A0290D99}.Debug|iPhoneSimulator.ActiveCfg = Debug|x86
		{A0602CC0-421F-45D3-91BF-8266A0290D99}.Debug|x64.ActiveCfg = Debug|x64
		{A0602CC0-421F-45D3-91BF-8266A0290D99}.Debug|x64.Build.0 = Debug|x64
		{A0602CC0-421F-45D3-91BF-8266A0290D99}.Debug|x64.Deploy.0 = Debug|x64
		{A0602CC0-421F-45D3-91BF-8266A0290D99}.Debug|x86.ActiveCfg = Debug|x86
		{A0602CC0-421F-45D3-91BF-8266A0290D99}.Debug|x86.Build.0 = Debug|x86
		{A0602CC0-421F-45D3-91BF-8266A0290D99}.Debug|x86.Deploy.0 = Debug|x86
		{A0602CC0-421F-45D3-91BF-8266A0290D99}.Release|Any CPU.ActiveCfg = Release|x86
		{A0602CC0-421F-45D3-91BF-8266A0290D99}.Release|ARM.ActiveCfg = Release|ARM
		{A0602CC0-421F-45D3-91BF-8266A0290D99}.Release|ARM.Build.0 = Release|ARM
		{A0602CC0-421F-45D3-91BF-8266A0290D99}.Release|ARM.Deploy.0 = Release|ARM
		{A0602CC0-421F-45D3-91BF-8266A0290D99}.Release|iPhone.ActiveCfg = Release|x86
		{A0602CC0-421F-45D3-91BF-8266A0290D99}.Release|iPhoneSimulator.ActiveCfg = Release|x86
		{A0602CC0-421F-45D3-91BF-8266A0290D99}.Release|x64.ActiveCfg = Release|x64
		{A0602CC0-421F-45D3-91BF-8266A0290D99}.Release|x64.Build.0 = Release|x64
		{A0602CC0-421F-45D3-91BF-8266A0290D99}.Release|x64.Deploy.0 = Release|x64
		{A0602CC0-421F-45D3-91BF-8266A0290D99}.Release|x86.ActiveCfg = Release|x86
		{A0602CC0-421F-45D3-91BF-8266A0290D99}.Release|x86.Build.0 = Release|x86
		{A0602CC0-421F-45D3-91BF-8266A0290D99}.Release|x86.Deploy.0 = Release|x86
	EndGlobalSection
	GlobalSection(SolutionProperties) = preSolution
		HideSolutionNode = FALSE
	EndGlobalSection
EndGlobal
