
Microsoft Visual Studio Solution File, Format Version 12.00
# Visual Studio 14
VisualStudioVersion = 14.0.25420.1
MinimumVisualStudioVersion = 10.0.40219.1
Project("{FAE04EC0-301F-11D3-BF4B-00C04F79EFBC}") = "XFToast", "XFToast\XFToast\XFToast.csproj", "{A8047EDA-ADC5-4518-BA47-8BC952EFC579}"
EndProject
Project("{FAE04EC0-301F-11D3-BF4B-00C04F79EFBC}") = "XFToast.Droid", "XFToast\XFToast.Droid\XFToast.Droid.csproj", "{D5624FF6-DD18-484B-952B-A0EF81D0C520}"
EndProject
Project("{FAE04EC0-301F-11D3-BF4B-00C04F79EFBC}") = "XFToast.iOS", "XFToast\XFToast.iOS\XFToast.iOS.csproj", "{6AD429BC-F8EB-4096-9BF6-A6303CF3947D}"
EndProject
Project("{FAE04EC0-301F-11D3-BF4B-00C04F79EFBC}") = "XFToast.UWP", "XFToast\XFToast.UWP\XFToast.UWP.csproj", "{A314F643-EDAA-4560-A65C-2050003501D5}"
EndProject
Global
	GlobalSection(SolutionConfigurationPlatforms) = preSolution
		Ad-Hoc|Any CPU = Ad-Hoc|Any CPU
		Ad-Hoc|ARM = Ad-Hoc|ARM
		Ad-Hoc|iPhone = Ad-Hoc|iPhone
		Ad-Hoc|iPhoneSimulator = Ad-Hoc|iPhoneSimulator
		Ad-Hoc|x64 = Ad-Hoc|x64
		Ad-Hoc|x86 = Ad-Hoc|x86
		AppStore|Any CPU = AppStore|Any CPU
		AppStore|ARM = AppStore|ARM
		AppStore|iPhone = AppStore|iPhone
		AppStore|iPhoneSimulator = AppStore|iPhoneSimulator
		AppStore|x64 = AppStore|x64
		AppStore|x86 = AppStore|x86
		Debug|Any CPU = Debug|Any CPU
		Debug|ARM = Debug|ARM
		Debug|iPhone = Debug|iPhone
		Debug|iPhoneSimulator = Debug|iPhoneSimulator
		Debug|x64 = Debug|x64
		Debug|x86 = Debug|x86
		Release|Any CPU = Release|Any CPU
		Release|ARM = Release|ARM
		Release|iPhone = Release|iPhone
		Release|iPhoneSimulator = Release|iPhoneSimulator
		Release|x64 = Release|x64
		Release|x86 = Release|x86
	EndGlobalSection
	GlobalSection(ProjectConfigurationPlatforms) = postSolution
		{A8047EDA-ADC5-4518-BA47-8BC952EFC579}.Ad-Hoc|Any CPU.ActiveCfg = Release|Any CPU
		{A8047EDA-ADC5-4518-BA47-8BC952EFC579}.Ad-Hoc|Any CPU.Build.0 = Release|Any CPU
		{A8047EDA-ADC5-4518-BA47-8BC952EFC579}.Ad-Hoc|ARM.ActiveCfg = Release|Any CPU
		{A8047EDA-ADC5-4518-BA47-8BC952EFC579}.Ad-Hoc|ARM.Build.0 = Release|Any CPU
		{A8047EDA-ADC5-4518-BA47-8BC952EFC579}.Ad-Hoc|iPhone.ActiveCfg = Release|Any CPU
		{A8047EDA-ADC5-4518-BA47-8BC952EFC579}.Ad-Hoc|iPhone.Build.0 = Release|Any CPU
		{A8047EDA-ADC5-4518-BA47-8BC952EFC579}.Ad-Hoc|iPhoneSimulator.ActiveCfg = Release|Any CPU
		{A8047EDA-ADC5-4518-BA47-8BC952EFC579}.Ad-Hoc|iPhoneSimulator.Build.0 = Release|Any CPU
		{A8047EDA-ADC5-4518-BA47-8BC952EFC579}.Ad-Hoc|x64.ActiveCfg = Release|Any CPU
		{A8047EDA-ADC5-4518-BA47-8BC952EFC579}.Ad-Hoc|x64.Build.0 = Release|Any CPU
		{A8047EDA-ADC5-4518-BA47-8BC952EFC579}.Ad-Hoc|x86.ActiveCfg = Release|Any CPU
		{A8047EDA-ADC5-4518-BA47-8BC952EFC579}.Ad-Hoc|x86.Build.0 = Release|Any CPU
		{A8047EDA-ADC5-4518-BA47-8BC952EFC579}.AppStore|Any CPU.ActiveCfg = Release|Any CPU
		{A8047EDA-ADC5-4518-BA47-8BC952EFC579}.AppStore|Any CPU.Build.0 = Release|Any CPU
		{A8047EDA-ADC5-4518-BA47-8BC952EFC579}.AppStore|ARM.ActiveCfg = Release|Any CPU
		{A8047EDA-ADC5-4518-BA47-8BC952EFC579}.AppStore|ARM.Build.0 = Release|Any CPU
		{A8047EDA-ADC5-4518-BA47-8BC952EFC579}.AppStore|iPhone.ActiveCfg = Release|Any CPU
		{A8047EDA-ADC5-4518-BA47-8BC952EFC579}.AppStore|iPhone.Build.0 = Release|Any CPU
		{A8047EDA-ADC5-4518-BA47-8BC952EFC579}.AppStore|iPhoneSimulator.ActiveCfg = Release|Any CPU
		{A8047EDA-ADC5-4518-BA47-8BC952EFC579}.AppStore|iPhoneSimulator.Build.0 = Release|Any CPU
		{A8047EDA-ADC5-4518-BA47-8BC952EFC579}.AppStore|x64.ActiveCfg = Release|Any CPU
		{A8047EDA-ADC5-4518-BA47-8BC952EFC579}.AppStore|x64.Build.0 = Release|Any CPU
		{A8047EDA-ADC5-4518-BA47-8BC952EFC579}.AppStore|x86.ActiveCfg = Release|Any CPU
		{A8047EDA-ADC5-4518-BA47-8BC952EFC579}.AppStore|x86.Build.0 = Release|Any CPU
		{A8047EDA-ADC5-4518-BA47-8BC952EFC579}.Debug|Any CPU.ActiveCfg = Debug|Any CPU
		{A8047EDA-ADC5-4518-BA47-8BC952EFC579}.Debug|Any CPU.Build.0 = Debug|Any CPU
		{A8047EDA-ADC5-4518-BA47-8BC952EFC579}.Debug|ARM.ActiveCfg = Debug|Any CPU
		{A8047EDA-ADC5-4518-BA47-8BC952EFC579}.Debug|ARM.Build.0 = Debug|Any CPU
		{A8047EDA-ADC5-4518-BA47-8BC952EFC579}.Debug|iPhone.ActiveCfg = Debug|Any CPU
		{A8047EDA-ADC5-4518-BA47-8BC952EFC579}.Debug|iPhone.Build.0 = Debug|Any CPU
		{A8047EDA-ADC5-4518-BA47-8BC952EFC579}.Debug|iPhoneSimulator.ActiveCfg = Debug|Any CPU
		{A8047EDA-ADC5-4518-BA47-8BC952EFC579}.Debug|iPhoneSimulator.Build.0 = Debug|Any CPU
		{A8047EDA-ADC5-4518-BA47-8BC952EFC579}.Debug|x64.ActiveCfg = Debug|Any CPU
		{A8047EDA-ADC5-4518-BA47-8BC952EFC579}.Debug|x64.Build.0 = Debug|Any CPU
		{A8047EDA-ADC5-4518-BA47-8BC952EFC579}.Debug|x86.ActiveCfg = Debug|Any CPU
		{A8047EDA-ADC5-4518-BA47-8BC952EFC579}.Debug|x86.Build.0 = Debug|Any CPU
		{A8047EDA-ADC5-4518-BA47-8BC952EFC579}.Release|Any CPU.ActiveCfg = Release|Any CPU
		{A8047EDA-ADC5-4518-BA47-8BC952EFC579}.Release|Any CPU.Build.0 = Release|Any CPU
		{A8047EDA-ADC5-4518-BA47-8BC952EFC579}.Release|ARM.ActiveCfg = Release|Any CPU
		{A8047EDA-ADC5-4518-BA47-8BC952EFC579}.Release|ARM.Build.0 = Release|Any CPU
		{A8047EDA-ADC5-4518-BA47-8BC952EFC579}.Release|iPhone.ActiveCfg = Release|Any CPU
		{A8047EDA-ADC5-4518-BA47-8BC952EFC579}.Release|iPhone.Build.0 = Release|Any CPU
		{A8047EDA-ADC5-4518-BA47-8BC952EFC579}.Release|iPhoneSimulator.ActiveCfg = Release|Any CPU
		{A8047EDA-ADC5-4518-BA47-8BC952EFC579}.Release|iPhoneSimulator.Build.0 = Release|Any CPU
		{A8047EDA-ADC5-4518-BA47-8BC952EFC579}.Release|x64.ActiveCfg = Release|Any CPU
		{A8047EDA-ADC5-4518-BA47-8BC952EFC579}.Release|x64.Build.0 = Release|Any CPU
		{A8047EDA-ADC5-4518-BA47-8BC952EFC579}.Release|x86.ActiveCfg = Release|Any CPU
		{A8047EDA-ADC5-4518-BA47-8BC952EFC579}.Release|x86.Build.0 = Release|Any CPU
		{D5624FF6-DD18-484B-952B-A0EF81D0C520}.Ad-Hoc|Any CPU.ActiveCfg = Release|Any CPU
		{D5624FF6-DD18-484B-952B-A0EF81D0C520}.Ad-Hoc|Any CPU.Build.0 = Release|Any CPU
		{D5624FF6-DD18-484B-952B-A0EF81D0C520}.Ad-Hoc|Any CPU.Deploy.0 = Release|Any CPU
		{D5624FF6-DD18-484B-952B-A0EF81D0C520}.Ad-Hoc|ARM.ActiveCfg = Release|Any CPU
		{D5624FF6-DD18-484B-952B-A0EF81D0C520}.Ad-Hoc|ARM.Build.0 = Release|Any CPU
		{D5624FF6-DD18-484B-952B-A0EF81D0C520}.Ad-Hoc|ARM.Deploy.0 = Release|Any CPU
		{D5624FF6-DD18-484B-952B-A0EF81D0C520}.Ad-Hoc|iPhone.ActiveCfg = Release|Any CPU
		{D5624FF6-DD18-484B-952B-A0EF81D0C520}.Ad-Hoc|iPhone.Build.0 = Release|Any CPU
		{D5624FF6-DD18-484B-952B-A0EF81D0C520}.Ad-Hoc|iPhone.Deploy.0 = Release|Any CPU
		{D5624FF6-DD18-484B-952B-A0EF81D0C520}.Ad-Hoc|iPhoneSimulator.ActiveCfg = Release|Any CPU
		{D5624FF6-DD18-484B-952B-A0EF81D0C520}.Ad-Hoc|iPhoneSimulator.Build.0 = Release|Any CPU
		{D5624FF6-DD18-484B-952B-A0EF81D0C520}.Ad-Hoc|iPhoneSimulator.Deploy.0 = Release|Any CPU
		{D5624FF6-DD18-484B-952B-A0EF81D0C520}.Ad-Hoc|x64.ActiveCfg = Release|Any CPU
		{D5624FF6-DD18-484B-952B-A0EF81D0C520}.Ad-Hoc|x64.Build.0 = Release|Any CPU
		{D5624FF6-DD18-484B-952B-A0EF81D0C520}.Ad-Hoc|x64.Deploy.0 = Release|Any CPU
		{D5624FF6-DD18-484B-952B-A0EF81D0C520}.Ad-Hoc|x86.ActiveCfg = Release|Any CPU
		{D5624FF6-DD18-484B-952B-A0EF81D0C520}.Ad-Hoc|x86.Build.0 = Release|Any CPU
		{D5624FF6-DD18-484B-952B-A0EF81D0C520}.Ad-Hoc|x86.Deploy.0 = Release|Any CPU
		{D5624FF6-DD18-484B-952B-A0EF81D0C520}.AppStore|Any CPU.ActiveCfg = Release|Any CPU
		{D5624FF6-DD18-484B-952B-A0EF81D0C520}.AppStore|Any CPU.Build.0 = Release|Any CPU
		{D5624FF6-DD18-484B-952B-A0EF81D0C520}.AppStore|Any CPU.Deploy.0 = Release|Any CPU
		{D5624FF6-DD18-484B-952B-A0EF81D0C520}.AppStore|ARM.ActiveCfg = Release|Any CPU
		{D5624FF6-DD18-484B-952B-A0EF81D0C520}.AppStore|ARM.Build.0 = Release|Any CPU
		{D5624FF6-DD18-484B-952B-A0EF81D0C520}.AppStore|ARM.Deploy.0 = Release|Any CPU
		{D5624FF6-DD18-484B-952B-A0EF81D0C520}.AppStore|iPhone.ActiveCfg = Release|Any CPU
		{D5624FF6-DD18-484B-952B-A0EF81D0C520}.AppStore|iPhone.Build.0 = Release|Any CPU
		{D5624FF6-DD18-484B-952B-A0EF81D0C520}.AppStore|iPhone.Deploy.0 = Release|Any CPU
		{D5624FF6-DD18-484B-952B-A0EF81D0C520}.AppStore|iPhoneSimulator.ActiveCfg = Release|Any CPU
		{D5624FF6-DD18-484B-952B-A0EF81D0C520}.AppStore|iPhoneSimulator.Build.0 = Release|Any CPU
		{D5624FF6-DD18-484B-952B-A0EF81D0C520}.AppStore|iPhoneSimulator.Deploy.0 = Release|Any CPU
		{D5624FF6-DD18-484B-952B-A0EF81D0C520}.AppStore|x64.ActiveCfg = Release|Any CPU
		{D5624FF6-DD18-484B-952B-A0EF81D0C520}.AppStore|x64.Build.0 = Release|Any CPU
		{D5624FF6-DD18-484B-952B-A0EF81D0C520}.AppStore|x64.Deploy.0 = Release|Any CPU
		{D5624FF6-DD18-484B-952B-A0EF81D0C520}.AppStore|x86.ActiveCfg = Release|Any CPU
		{D5624FF6-DD18-484B-952B-A0EF81D0C520}.AppStore|x86.Build.0 = Release|Any CPU
		{D5624FF6-DD18-484B-952B-A0EF81D0C520}.AppStore|x86.Deploy.0 = Release|Any CPU
		{D5624FF6-DD18-484B-952B-A0EF81D0C520}.Debug|Any CPU.ActiveCfg = Debug|Any CPU
		{D5624FF6-DD18-484B-952B-A0EF81D0C520}.Debug|Any CPU.Build.0 = Debug|Any CPU
		{D5624FF6-DD18-484B-952B-A0EF81D0C520}.Debug|Any CPU.Deploy.0 = Debug|Any CPU
		{D5624FF6-DD18-484B-952B-A0EF81D0C520}.Debug|ARM.ActiveCfg = Debug|Any CPU
		{D5624FF6-DD18-484B-952B-A0EF81D0C520}.Debug|ARM.Build.0 = Debug|Any CPU
		{D5624FF6-DD18-484B-952B-A0EF81D0C520}.Debug|ARM.Deploy.0 = Debug|Any CPU
		{D5624FF6-DD18-484B-952B-A0EF81D0C520}.Debug|iPhone.ActiveCfg = Debug|Any CPU
		{D5624FF6-DD18-484B-952B-A0EF81D0C520}.Debug|iPhone.Build.0 = Debug|Any CPU
		{D5624FF6-DD18-484B-952B-A0EF81D0C520}.Debug|iPhone.Deploy.0 = Debug|Any CPU
		{D5624FF6-DD18-484B-952B-A0EF81D0C520}.Debug|iPhoneSimulator.ActiveCfg = Debug|Any CPU
		{D5624FF6-DD18-484B-952B-A0EF81D0C520}.Debug|iPhoneSimulator.Build.0 = Debug|Any CPU
		{D5624FF6-DD18-484B-952B-A0EF81D0C520}.Debug|iPhoneSimulator.Deploy.0 = Debug|Any CPU
		{D5624FF6-DD18-484B-952B-A0EF81D0C520}.Debug|x64.ActiveCfg = Debug|Any CPU
		{D5624FF6-DD18-484B-952B-A0EF81D0C520}.Debug|x64.Build.0 = Debug|Any CPU
		{D5624FF6-DD18-484B-952B-A0EF81D0C520}.Debug|x64.Deploy.0 = Debug|Any CPU
		{D5624FF6-DD18-484B-952B-A0EF81D0C520}.Debug|x86.ActiveCfg = Debug|Any CPU
		{D5624FF6-DD18-484B-952B-A0EF81D0C520}.Debug|x86.Build.0 = Debug|Any CPU
		{D5624FF6-DD18-484B-952B-A0EF81D0C520}.Debug|x86.Deploy.0 = Debug|Any CPU
		{D5624FF6-DD18-484B-952B-A0EF81D0C520}.Release|Any CPU.ActiveCfg = Release|Any CPU
		{D5624FF6-DD18-484B-952B-A0EF81D0C520}.Release|Any CPU.Build.0 = Release|Any CPU
		{D5624FF6-DD18-484B-952B-A0EF81D0C520}.Release|Any CPU.Deploy.0 = Release|Any CPU
		{D5624FF6-DD18-484B-952B-A0EF81D0C520}.Release|ARM.ActiveCfg = Release|Any CPU
		{D5624FF6-DD18-484B-952B-A0EF81D0C520}.Release|ARM.Build.0 = Release|Any CPU
		{D5624FF6-DD18-484B-952B-A0EF81D0C520}.Release|ARM.Deploy.0 = Release|Any CPU
		{D5624FF6-DD18-484B-952B-A0EF81D0C520}.Release|iPhone.ActiveCfg = Release|Any CPU
		{D5624FF6-DD18-484B-952B-A0EF81D0C520}.Release|iPhone.Build.0 = Release|Any CPU
		{D5624FF6-DD18-484B-952B-A0EF81D0C520}.Release|iPhone.Deploy.0 = Release|Any CPU
		{D5624FF6-DD18-484B-952B-A0EF81D0C520}.Release|iPhoneSimulator.ActiveCfg = Release|Any CPU
		{D5624FF6-DD18-484B-952B-A0EF81D0C520}.Release|iPhoneSimulator.Build.0 = Release|Any CPU
		{D5624FF6-DD18-484B-952B-A0EF81D0C520}.Release|iPhoneSimulator.Deploy.0 = Release|Any CPU
		{D5624FF6-DD18-484B-952B-A0EF81D0C520}.Release|x64.ActiveCfg = Release|Any CPU
		{D5624FF6-DD18-484B-952B-A0EF81D0C520}.Release|x64.Build.0 = Release|Any CPU
		{D5624FF6-DD18-484B-952B-A0EF81D0C520}.Release|x64.Deploy.0 = Release|Any CPU
		{D5624FF6-DD18-484B-952B-A0EF81D0C520}.Release|x86.ActiveCfg = Release|Any CPU
		{D5624FF6-DD18-484B-952B-A0EF81D0C520}.Release|x86.Build.0 = Release|Any CPU
		{D5624FF6-DD18-484B-952B-A0EF81D0C520}.Release|x86.Deploy.0 = Release|Any CPU
		{6AD429BC-F8EB-4096-9BF6-A6303CF3947D}.Ad-Hoc|Any CPU.ActiveCfg = Ad-Hoc|iPhone
		{6AD429BC-F8EB-4096-9BF6-A6303CF3947D}.Ad-Hoc|ARM.ActiveCfg = Ad-Hoc|iPhone
		{6AD429BC-F8EB-4096-9BF6-A6303CF3947D}.Ad-Hoc|iPhone.ActiveCfg = Ad-Hoc|iPhone
		{6AD429BC-F8EB-4096-9BF6-A6303CF3947D}.Ad-Hoc|iPhone.Build.0 = Ad-Hoc|iPhone
		{6AD429BC-F8EB-4096-9BF6-A6303CF3947D}.Ad-Hoc|iPhoneSimulator.ActiveCfg = Ad-Hoc|iPhoneSimulator
		{6AD429BC-F8EB-4096-9BF6-A6303CF3947D}.Ad-Hoc|iPhoneSimulator.Build.0 = Ad-Hoc|iPhoneSimulator
		{6AD429BC-F8EB-4096-9BF6-A6303CF3947D}.Ad-Hoc|x64.ActiveCfg = Ad-Hoc|iPhone
		{6AD429BC-F8EB-4096-9BF6-A6303CF3947D}.Ad-Hoc|x86.ActiveCfg = Ad-Hoc|iPhone
		{6AD429BC-F8EB-4096-9BF6-A6303CF3947D}.AppStore|Any CPU.ActiveCfg = AppStore|iPhone
		{6AD429BC-F8EB-4096-9BF6-A6303CF3947D}.AppStore|ARM.ActiveCfg = AppStore|iPhone
		{6AD429BC-F8EB-4096-9BF6-A6303CF3947D}.AppStore|iPhone.ActiveCfg = AppStore|iPhone
		{6AD429BC-F8EB-4096-9BF6-A6303CF3947D}.AppStore|iPhone.Build.0 = AppStore|iPhone
		{6AD429BC-F8EB-4096-9BF6-A6303CF3947D}.AppStore|iPhoneSimulator.ActiveCfg = AppStore|iPhoneSimulator
		{6AD429BC-F8EB-4096-9BF6-A6303CF3947D}.AppStore|iPhoneSimulator.Build.0 = AppStore|iPhoneSimulator
		{6AD429BC-F8EB-4096-9BF6-A6303CF3947D}.AppStore|x64.ActiveCfg = AppStore|iPhone
		{6AD429BC-F8EB-4096-9BF6-A6303CF3947D}.AppStore|x86.ActiveCfg = AppStore|iPhone
		{6AD429BC-F8EB-4096-9BF6-A6303CF3947D}.Debug|Any CPU.ActiveCfg = Debug|iPhone
		{6AD429BC-F8EB-4096-9BF6-A6303CF3947D}.Debug|Any CPU.Build.0 = Debug|iPhone
		{6AD429BC-F8EB-4096-9BF6-A6303CF3947D}.Debug|ARM.ActiveCfg = Debug|iPhone
		{6AD429BC-F8EB-4096-9BF6-A6303CF3947D}.Debug|iPhone.ActiveCfg = Debug|iPhone
		{6AD429BC-F8EB-4096-9BF6-A6303CF3947D}.Debug|iPhone.Build.0 = Debug|iPhone
		{6AD429BC-F8EB-4096-9BF6-A6303CF3947D}.Debug|iPhoneSimulator.ActiveCfg = Debug|iPhoneSimulator
		{6AD429BC-F8EB-4096-9BF6-A6303CF3947D}.Debug|iPhoneSimulator.Build.0 = Debug|iPhoneSimulator
		{6AD429BC-F8EB-4096-9BF6-A6303CF3947D}.Debug|x64.ActiveCfg = Debug|iPhone
		{6AD429BC-F8EB-4096-9BF6-A6303CF3947D}.Debug|x86.ActiveCfg = Debug|iPhone
		{6AD429BC-F8EB-4096-9BF6-A6303CF3947D}.Release|Any CPU.ActiveCfg = Release|iPhone
		{6AD429BC-F8EB-4096-9BF6-A6303CF3947D}.Release|ARM.ActiveCfg = Release|iPhone
		{6AD429BC-F8EB-4096-9BF6-A6303CF3947D}.Release|iPhone.ActiveCfg = Release|iPhone
		{6AD429BC-F8EB-4096-9BF6-A6303CF3947D}.Release|iPhone.Build.0 = Release|iPhone
		{6AD429BC-F8EB-4096-9BF6-A6303CF3947D}.Release|iPhoneSimulator.ActiveCfg = Release|iPhoneSimulator
		{6AD429BC-F8EB-4096-9BF6-A6303CF3947D}.Release|iPhoneSimulator.Build.0 = Release|iPhoneSimulator
		{6AD429BC-F8EB-4096-9BF6-A6303CF3947D}.Release|x64.ActiveCfg = Release|iPhone
		{6AD429BC-F8EB-4096-9BF6-A6303CF3947D}.Release|x86.ActiveCfg = Release|iPhone
		{A314F643-EDAA-4560-A65C-2050003501D5}.Ad-Hoc|Any CPU.ActiveCfg = Release|x86
		{A314F643-EDAA-4560-A65C-2050003501D5}.Ad-Hoc|Any CPU.Build.0 = Release|x86
		{A314F643-EDAA-4560-A65C-2050003501D5}.Ad-Hoc|Any CPU.Deploy.0 = Release|x86
		{A314F643-EDAA-4560-A65C-2050003501D5}.Ad-Hoc|ARM.ActiveCfg = Release|ARM
		{A314F643-EDAA-4560-A65C-2050003501D5}.Ad-Hoc|ARM.Build.0 = Release|ARM
		{A314F643-EDAA-4560-A65C-2050003501D5}.Ad-Hoc|ARM.Deploy.0 = Release|ARM
		{A314F643-EDAA-4560-A65C-2050003501D5}.Ad-Hoc|iPhone.ActiveCfg = Release|x86
		{A314F643-EDAA-4560-A65C-2050003501D5}.Ad-Hoc|iPhone.Build.0 = Release|x86
		{A314F643-EDAA-4560-A65C-2050003501D5}.Ad-Hoc|iPhone.Deploy.0 = Release|x86
		{A314F643-EDAA-4560-A65C-2050003501D5}.Ad-Hoc|iPhoneSimulator.ActiveCfg = Release|x86
		{A314F643-EDAA-4560-A65C-2050003501D5}.Ad-Hoc|iPhoneSimulator.Build.0 = Release|x86
		{A314F643-EDAA-4560-A65C-2050003501D5}.Ad-Hoc|iPhoneSimulator.Deploy.0 = Release|x86
		{A314F643-EDAA-4560-A65C-2050003501D5}.Ad-Hoc|x64.ActiveCfg = Release|x64
		{A314F643-EDAA-4560-A65C-2050003501D5}.Ad-Hoc|x64.Build.0 = Release|x64
		{A314F643-EDAA-4560-A65C-2050003501D5}.Ad-Hoc|x64.Deploy.0 = Release|x64
		{A314F643-EDAA-4560-A65C-2050003501D5}.Ad-Hoc|x86.ActiveCfg = Release|x86
		{A314F643-EDAA-4560-A65C-2050003501D5}.Ad-Hoc|x86.Build.0 = Release|x86
		{A314F643-EDAA-4560-A65C-2050003501D5}.Ad-Hoc|x86.Deploy.0 = Release|x86
		{A314F643-EDAA-4560-A65C-2050003501D5}.AppStore|Any CPU.ActiveCfg = Release|x86
		{A314F643-EDAA-4560-A65C-2050003501D5}.AppStore|Any CPU.Build.0 = Release|x86
		{A314F643-EDAA-4560-A65C-2050003501D5}.AppStore|Any CPU.Deploy.0 = Release|x86
		{A314F643-EDAA-4560-A65C-2050003501D5}.AppStore|ARM.ActiveCfg = Release|ARM
		{A314F643-EDAA-4560-A65C-2050003501D5}.AppStore|ARM.Build.0 = Release|ARM
		{A314F643-EDAA-4560-A65C-2050003501D5}.AppStore|ARM.Deploy.0 = Release|ARM
		{A314F643-EDAA-4560-A65C-2050003501D5}.AppStore|iPhone.ActiveCfg = Release|x86
		{A314F643-EDAA-4560-A65C-2050003501D5}.AppStore|iPhone.Build.0 = Release|x86
		{A314F643-EDAA-4560-A65C-2050003501D5}.AppStore|iPhone.Deploy.0 = Release|x86
		{A314F643-EDAA-4560-A65C-2050003501D5}.AppStore|iPhoneSimulator.ActiveCfg = Release|x86
		{A314F643-EDAA-4560-A65C-2050003501D5}.AppStore|iPhoneSimulator.Build.0 = Release|x86
		{A314F643-EDAA-4560-A65C-2050003501D5}.AppStore|iPhoneSimulator.Deploy.0 = Release|x86
		{A314F643-EDAA-4560-A65C-2050003501D5}.AppStore|x64.ActiveCfg = Release|x64
		{A314F643-EDAA-4560-A65C-2050003501D5}.AppStore|x64.Build.0 = Release|x64
		{A314F643-EDAA-4560-A65C-2050003501D5}.AppStore|x64.Deploy.0 = Release|x64
		{A314F643-EDAA-4560-A65C-2050003501D5}.AppStore|x86.ActiveCfg = Release|x86
		{A314F643-EDAA-4560-A65C-2050003501D5}.AppStore|x86.Build.0 = Release|x86
		{A314F643-EDAA-4560-A65C-2050003501D5}.AppStore|x86.Deploy.0 = Release|x86
		{A314F643-EDAA-4560-A65C-2050003501D5}.Debug|Any CPU.ActiveCfg = Debug|x86
		{A314F643-EDAA-4560-A65C-2050003501D5}.Debug|Any CPU.Build.0 = Debug|x86
		{A314F643-EDAA-4560-A65C-2050003501D5}.Debug|Any CPU.Deploy.0 = Debug|x86
		{A314F643-EDAA-4560-A65C-2050003501D5}.Debug|ARM.ActiveCfg = Debug|ARM
		{A314F643-EDAA-4560-A65C-2050003501D5}.Debug|ARM.Build.0 = Debug|ARM
		{A314F643-EDAA-4560-A65C-2050003501D5}.Debug|ARM.Deploy.0 = Debug|ARM
		{A314F643-EDAA-4560-A65C-2050003501D5}.Debug|iPhone.ActiveCfg = Debug|x86
		{A314F643-EDAA-4560-A65C-2050003501D5}.Debug|iPhoneSimulator.ActiveCfg = Debug|x86
		{A314F643-EDAA-4560-A65C-2050003501D5}.Debug|x64.ActiveCfg = Debug|x64
		{A314F643-EDAA-4560-A65C-2050003501D5}.Debug|x64.Build.0 = Debug|x64
		{A314F643-EDAA-4560-A65C-2050003501D5}.Debug|x64.Deploy.0 = Debug|x64
		{A314F643-EDAA-4560-A65C-2050003501D5}.Debug|x86.ActiveCfg = Debug|x86
		{A314F643-EDAA-4560-A65C-2050003501D5}.Debug|x86.Build.0 = Debug|x86
		{A314F643-EDAA-4560-A65C-2050003501D5}.Debug|x86.Deploy.0 = Debug|x86
		{A314F643-EDAA-4560-A65C-2050003501D5}.Release|Any CPU.ActiveCfg = Release|x86
		{A314F643-EDAA-4560-A65C-2050003501D5}.Release|ARM.ActiveCfg = Release|ARM
		{A314F643-EDAA-4560-A65C-2050003501D5}.Release|ARM.Build.0 = Release|ARM
		{A314F643-EDAA-4560-A65C-2050003501D5}.Release|ARM.Deploy.0 = Release|ARM
		{A314F643-EDAA-4560-A65C-2050003501D5}.Release|iPhone.ActiveCfg = Release|x86
		{A314F643-EDAA-4560-A65C-2050003501D5}.Release|iPhoneSimulator.ActiveCfg = Release|x86
		{A314F643-EDAA-4560-A65C-2050003501D5}.Release|x64.ActiveCfg = Release|x64
		{A314F643-EDAA-4560-A65C-2050003501D5}.Release|x64.Build.0 = Release|x64
		{A314F643-EDAA-4560-A65C-2050003501D5}.Release|x64.Deploy.0 = Release|x64
		{A314F643-EDAA-4560-A65C-2050003501D5}.Release|x86.ActiveCfg = Release|x86
		{A314F643-EDAA-4560-A65C-2050003501D5}.Release|x86.Build.0 = Release|x86
		{A314F643-EDAA-4560-A65C-2050003501D5}.Release|x86.Deploy.0 = Release|x86
	EndGlobalSection
	GlobalSection(SolutionProperties) = preSolution
		HideSolutionNode = FALSE
	EndGlobalSection
EndGlobal
